{"format_version":"1.0","provider_schemas":{"registry.terraform.io/navercloudplatform/ncloud":{"provider":{"version":0,"block":{"attributes":{"access_key":{"type":"string","description":"Access key of ncloud","description_kind":"plain","optional":true},"region":{"type":"string","description":"Region of ncloud","description_kind":"plain","optional":true},"secret_key":{"type":"string","description":"Secret key of ncloud","description_kind":"plain","optional":true},"site":{"type":"string","description":"Site of ncloud (public / gov / fin)","description_kind":"plain","optional":true},"support_vpc":{"type":"bool","description":"Support VPC platform","description_kind":"plain","optional":true}},"description_kind":"plain"}},"resource_schemas":{"ncloud_access_control_group":{"version":0,"block":{"attributes":{"access_control_group_no":{"type":"string","description_kind":"plain","computed":true},"description":{"type":"string","description_kind":"plain","optional":true,"computed":true},"id":{"type":"string","description_kind":"plain","optional":true,"computed":true},"is_default":{"type":"bool","description_kind":"plain","computed":true},"name":{"type":"string","description_kind":"plain","optional":true,"computed":true},"vpc_no":{"type":"string","description_kind":"plain","required":true}},"description_kind":"plain"}},"ncloud_access_control_group_rule":{"version":0,"block":{"attributes":{"access_control_group_no":{"type":"string","description_kind":"plain","required":true},"id":{"type":"string","description_kind":"plain","optional":true,"computed":true},"inbound":{"type":["set",["object",{"description":"string","ip_block":"string","port_range":"string","protocol":"string","source_access_control_group_no":"string"}]],"description_kind":"plain","optional":true},"outbound":{"type":["set",["object",{"description":"string","ip_block":"string","port_range":"string","protocol":"string","source_access_control_group_no":"string"}]],"description_kind":"plain","optional":true}},"block_types":{"timeouts":{"nesting_mode":"single","block":{"attributes":{"create":{"type":"string","description_kind":"plain","optional":true},"delete":{"type":"string","description_kind":"plain","optional":true},"update":{"type":"string","description_kind":"plain","optional":true}},"description_kind":"plain"}}},"description_kind":"plain"}},"ncloud_auto_scaling_group":{"version":0,"block":{"attributes":{"access_control_group_no_list":{"type":["list","string"],"description_kind":"plain","optional":true},"auto_scaling_group_no":{"type":"string","description_kind":"plain","computed":true},"default_cooldown":{"type":"number","description_kind":"plain","optional":true},"desired_capacity":{"type":"number","description_kind":"plain","optional":true,"computed":true},"health_check_grace_period":{"type":"number","description_kind":"plain","optional":true},"health_check_type_code":{"type":"string","description_kind":"plain","optional":true,"computed":true},"id":{"type":"string","description_kind":"plain","optional":true,"computed":true},"ignore_capacity_changes":{"type":"bool","description_kind":"plain","optional":true},"launch_configuration_no":{"type":"string","description_kind":"plain","required":true},"max_size":{"type":"number","description_kind":"plain","required":true},"min_size":{"type":"number","description_kind":"plain","required":true},"name":{"type":"string","description_kind":"plain","optional":true,"computed":true},"server_instance_no_list":{"type":["list","string"],"description_kind":"plain","computed":true},"server_name_prefix":{"type":"string","description_kind":"plain","optional":true,"computed":true},"subnet_no":{"type":"string","description_kind":"plain","optional":true},"target_group_list":{"type":["list","string"],"description_kind":"plain","optional":true},"vpc_no":{"type":"string","description_kind":"plain","computed":true},"wait_for_capacity_timeout":{"type":"string","description_kind":"plain","optional":true}},"description_kind":"plain"}},"ncloud_auto_scaling_policy":{"version":0,"block":{"attributes":{"adjustment_type_code":{"type":"string","description_kind":"plain","required":true},"auto_scaling_group_no":{"type":"string","description_kind":"plain","required":true},"cooldown":{"type":"number","description_kind":"plain","optional":true},"id":{"type":"string","description_kind":"plain","optional":true,"computed":true},"min_adjustment_step":{"type":"number","description_kind":"plain","optional":true},"name":{"type":"string","description_kind":"plain","required":true},"scaling_adjustment":{"type":"number","description_kind":"plain","required":true}},"description_kind":"plain"}},"ncloud_auto_scaling_schedule":{"version":0,"block":{"attributes":{"auto_scaling_group_no":{"type":"string","description_kind":"plain","required":true},"desired_capacity":{"type":"number","description_kind":"plain","required":true},"end_time":{"type":"string","description_kind":"plain","optional":true},"id":{"type":"string","description_kind":"plain","optional":true,"computed":true},"max_size":{"type":"number","description_kind":"plain","required":true},"min_size":{"type":"number","description_kind":"plain","required":true},"name":{"type":"string","description_kind":"plain","required":true},"recurrence":{"type":"string","description_kind":"plain","optional":true},"start_time":{"type":"string","description_kind":"plain","optional":true},"time_zone":{"type":"string","description_kind":"plain","optional":true,"computed":true}},"description_kind":"plain"}},"ncloud_block_storage":{"version":0,"block":{"attributes":{"block_storage_no":{"type":"string","description_kind":"plain","computed":true},"description":{"type":"string","description_kind":"plain","optional":true,"computed":true},"device_name":{"type":"string","description_kind":"plain","computed":true},"disk_detail_type":{"type":"string","description_kind":"plain","optional":true,"computed":true},"disk_type":{"type":"string","description_kind":"plain","computed":true},"encrypted_volume":{"type":"bool","description_kind":"plain","computed":true},"hypervisor_type":{"type":"string","description_kind":"plain","optional":true,"computed":true},"id":{"type":"string","description_kind":"plain","optional":true,"computed":true},"max_iops":{"type":"number","description_kind":"plain","computed":true},"name":{"type":"string","description_kind":"plain","optional":true,"computed":true},"product_code":{"type":"string","description_kind":"plain","computed":true},"return_protection":{"type":"bool","description_kind":"plain","optional":true,"computed":true},"server_instance_no":{"type":"string","description_kind":"plain","optional":true},"server_name":{"type":"string","description_kind":"plain","computed":true},"size":{"type":"number","description_kind":"plain","required":true},"snapshot_no":{"type":"string","description_kind":"plain","optional":true},"status":{"type":"string","description_kind":"plain","computed":true},"stop_instance_before_detaching":{"type":"bool","description_kind":"plain","optional":true},"type":{"type":"string","description_kind":"plain","computed":true},"volume_type":{"type":"string","description_kind":"plain","optional":true,"computed":true},"zone":{"type":"string","description_kind":"plain","optional":true,"computed":true}},"block_types":{"timeouts":{"nesting_mode":"single","block":{"attributes":{"create":{"type":"string","description_kind":"plain","optional":true},"delete":{"type":"string","description_kind":"plain","optional":true}},"description_kind":"plain"}}},"description_kind":"plain"}},"ncloud_block_storage_snapshot":{"version":0,"block":{"attributes":{"block_storage_instance_no":{"type":"string","description":"Block storage instance No for creating snapshot.","description_kind":"plain","required":true},"description":{"type":"string","description":"Descriptions on a snapshot to create","description_kind":"plain","optional":true,"computed":true},"hypervisor_type":{"type":"string","description":"Hypervisor Type","description_kind":"plain","computed":true},"id":{"type":"string","description_kind":"plain","optional":true,"computed":true},"instance_no":{"type":"string","description":"Block Storage Snapshot Instance Number","description_kind":"plain","computed":true},"instance_operation":{"type":"string","description":"Block Storage Snapshot Instance Operation","description_kind":"plain","computed":true},"instance_status":{"type":"string","description":"Block Storage Snapshot Instance Status","description_kind":"plain","computed":true},"instance_status_name":{"type":"string","description":"Block Storage Snapshot Instance Status Name","description_kind":"plain","computed":true},"name":{"type":"string","description":"Block storage snapshot name to create. default : Ncloud assigns default values.","description_kind":"plain","optional":true,"computed":true},"volume_size":{"type":"number","description":"Block Storage Snapshot Volume Size","description_kind":"plain","computed":true}},"block_types":{"timeouts":{"nesting_mode":"single","block":{"attributes":{"create":{"type":"string","description_kind":"plain","optional":true},"delete":{"type":"string","description_kind":"plain","optional":true}},"description_kind":"plain"}}},"description_kind":"plain"}},"ncloud_cdss_cluster":{"version":0,"block":{"attributes":{"config_group_no":{"type":"string","description_kind":"plain","required":true},"endpoints":{"type":["list",["object",{"hosts_private_endpoint_tls":["list","string"],"hosts_public_endpoint_tls":["list","string"],"plaintext":["list","string"],"public_endpoint_plaintext":["list","string"],"public_endpoint_plaintext_listener_port":["list","string"],"public_endpoint_tls":["list","string"],"public_endpoint_tls_listener_port":["list","string"],"tls":["list","string"],"zookeeper":["list","string"]}]],"description_kind":"plain","computed":true},"id":{"type":"string","description_kind":"plain","computed":true},"kafka_version_code":{"type":"string","description_kind":"plain","required":true},"name":{"type":"string","description_kind":"plain","required":true},"os_image":{"type":"string","description_kind":"plain","required":true},"vpc_no":{"type":"string","description_kind":"plain","required":true}},"block_types":{"broker_nodes":{"nesting_mode":"list","block":{"attributes":{"node_count":{"type":"number","description_kind":"plain","required":true},"node_product_code":{"type":"string","description_kind":"plain","required":true},"storage_size":{"type":"number","description_kind":"plain","required":true},"subnet_no":{"type":"string","description_kind":"plain","required":true}},"description_kind":"plain"},"min_items":1,"max_items":1},"cmak":{"nesting_mode":"list","block":{"attributes":{"user_name":{"type":"string","description_kind":"plain","required":true},"user_password":{"type":"string","description_kind":"plain","required":true,"sensitive":true}},"description_kind":"plain"},"min_items":1,"max_items":1},"manager_node":{"nesting_mode":"list","block":{"attributes":{"node_product_code":{"type":"string","description_kind":"plain","required":true},"subnet_no":{"type":"string","description_kind":"plain","required":true}},"description_kind":"plain"},"min_items":1,"max_items":1},"timeouts":{"nesting_mode":"single","block":{"attributes":{"create":{"type":"string","description_kind":"plain","optional":true},"delete":{"type":"string","description_kind":"plain","optional":true},"update":{"type":"string","description_kind":"plain","optional":true}},"description_kind":"plain"}}},"description_kind":"plain"}},"ncloud_cdss_config_group":{"version":0,"block":{"attributes":{"description":{"type":"string","description_kind":"plain","optional":true},"id":{"type":"string","description_kind":"plain","computed":true},"kafka_version_code":{"type":"string","description_kind":"plain","required":true},"name":{"type":"string","description_kind":"plain","required":true}},"description_kind":"plain"}},"ncloud_hadoop":{"version":0,"block":{"attributes":{"access_control_group_no_list":{"type":["list","string"],"description_kind":"plain","computed":true},"add_on_code_list":{"type":["list","string"],"description":"this attribute can used over 1.5 version","description_kind":"plain","optional":true},"admin_user_name":{"type":"string","description_kind":"plain","required":true},"admin_user_password":{"type":"string","description_kind":"plain","required":true,"sensitive":true},"ambari_server_host":{"type":"string","description_kind":"plain","computed":true},"bootstrap_script":{"type":"string","description_kind":"plain","optional":true},"bucket_name":{"type":"string","description_kind":"plain","required":true},"cluster_direct_access_account":{"type":"string","description_kind":"plain","computed":true},"cluster_name":{"type":"string","description_kind":"plain","required":true},"cluster_type_code":{"type":"string","description_kind":"plain","required":true},"domain":{"type":"string","description_kind":"plain","computed":true},"edge_node_product_code":{"type":"string","description":"default: minimum spec","description_kind":"plain","optional":true,"computed":true},"edge_node_subnet_no":{"type":"string","description_kind":"plain","required":true},"engine_version_code":{"type":"string","description_kind":"plain","optional":true,"computed":true},"hadoop_server_list":{"nested_type":{"attributes":{"cpu_count":{"type":"number","description_kind":"plain","computed":true},"create_date":{"type":"string","description_kind":"plain","computed":true},"data_storage_size":{"type":"number","description_kind":"plain","computed":true},"data_storage_type":{"type":"string","description_kind":"plain","computed":true},"is_public_subnet":{"type":"bool","description_kind":"plain","computed":true},"memory_size":{"type":"number","description_kind":"plain","computed":true},"product_code":{"type":"string","description_kind":"plain","computed":true},"server_instance_no":{"type":"string","description_kind":"plain","computed":true},"server_name":{"type":"string","description_kind":"plain","computed":true},"server_role":{"type":"string","description_kind":"plain","computed":true},"subnet_no":{"type":"string","description_kind":"plain","computed":true},"uptime":{"type":"string","description_kind":"plain","computed":true},"zone_code":{"type":"string","description_kind":"plain","computed":true}},"nesting_mode":"list"},"description_kind":"plain","computed":true},"id":{"type":"string","description_kind":"plain","computed":true},"image_product_code":{"type":"string","description":"default: latest version","description_kind":"plain","optional":true,"computed":true},"is_ha":{"type":"bool","description_kind":"plain","computed":true},"kdc_password":{"type":"string","description_kind":"plain","optional":true,"sensitive":true},"kdc_realm":{"type":"string","description_kind":"plain","optional":true},"login_key_name":{"type":"string","description_kind":"plain","required":true},"master_node_data_storage_size":{"type":"number","description_kind":"plain","required":true},"master_node_data_storage_type":{"type":"string","description":"default: SSD","description_kind":"plain","required":true},"master_node_product_code":{"type":"string","description":"default: minimum spec","description_kind":"plain","optional":true,"computed":true},"master_node_subnet_no":{"type":"string","description_kind":"plain","required":true},"region_code":{"type":"string","description_kind":"plain","computed":true},"use_bootstrap_script":{"type":"bool","description":"default: false","description_kind":"plain","optional":true},"use_data_catalog":{"type":"bool","description":"this attribute can used over 2.0 version","description_kind":"plain","optional":true},"use_kdc":{"type":"bool","description_kind":"plain","optional":true,"computed":true},"vpc_no":{"type":"string","description_kind":"plain","required":true},"worker_node_count":{"type":"number","description_kind":"plain","optional":true,"computed":true},"worker_node_data_storage_size":{"type":"number","description_kind":"plain","required":true},"worker_node_data_storage_type":{"type":"string","description":"default: SSD","description_kind":"plain","required":true},"worker_node_product_code":{"type":"string","description":"default: minimum spec","description_kind":"plain","optional":true,"computed":true},"worker_node_subnet_no":{"type":"string","description_kind":"plain","required":true}},"description_kind":"plain"}},"ncloud_init_script":{"version":0,"block":{"attributes":{"content":{"type":"string","description_kind":"plain","required":true},"description":{"type":"string","description_kind":"plain","optional":true,"computed":true},"id":{"type":"string","description_kind":"plain","computed":true},"init_script_no":{"type":"string","description_kind":"plain","computed":true},"name":{"type":"string","description_kind":"plain","optional":true,"computed":true},"os_type":{"type":"string","description_kind":"plain","optional":true,"computed":true}},"description_kind":"plain"}},"ncloud_launch_configuration":{"version":0,"block":{"attributes":{"id":{"type":"string","description_kind":"plain","optional":true,"computed":true},"init_script_no":{"type":"string","description_kind":"plain","optional":true},"is_encrypted_volume":{"type":"bool","description_kind":"plain","optional":true,"computed":true},"launch_configuration_no":{"type":"string","description_kind":"plain","computed":true},"login_key_name":{"type":"string","description_kind":"plain","optional":true,"computed":true},"member_server_image_no":{"type":"string","description_kind":"plain","optional":true},"name":{"type":"string","description_kind":"plain","optional":true,"computed":true},"server_image_product_code":{"type":"string","description_kind":"plain","optional":true,"computed":true},"server_product_code":{"type":"string","description_kind":"plain","optional":true,"computed":true}},"description_kind":"plain"}},"ncloud_lb":{"version":0,"block":{"attributes":{"description":{"type":"string","description_kind":"plain","optional":true},"domain":{"type":"string","description_kind":"plain","computed":true},"id":{"type":"string","description_kind":"plain","computed":true},"idle_timeout":{"type":"number","description_kind":"plain","optional":true,"computed":true},"ip_list":{"type":["list","string"],"description_kind":"plain","computed":true},"listener_no_list":{"type":["list","string"],"description_kind":"plain","computed":true},"load_balancer_no":{"type":"string","description_kind":"plain","computed":true},"name":{"type":"string","description_kind":"plain","optional":true,"computed":true},"network_type":{"type":"string","description_kind":"plain","optional":true,"computed":true},"subnet_no_list":{"type":["list","string"],"description_kind":"plain","required":true},"throughput_type":{"type":"string","description_kind":"plain","optional":true,"computed":true},"type":{"type":"string","description_kind":"plain","required":true},"vpc_no":{"type":"string","description_kind":"plain","computed":true}},"block_types":{"timeouts":{"nesting_mode":"single","block":{"attributes":{"create":{"type":"string","description":"A string that can be [parsed as a duration](https://pkg.go.dev/time#ParseDuration) consisting of numbers and unit suffixes, such as \"30s\" or \"2h45m\". Valid time units are \"s\" (seconds), \"m\" (minutes), \"h\" (hours).","description_kind":"plain","optional":true},"delete":{"type":"string","description":"A string that can be [parsed as a duration](https://pkg.go.dev/time#ParseDuration) consisting of numbers and unit suffixes, such as \"30s\" or \"2h45m\". Valid time units are \"s\" (seconds), \"m\" (minutes), \"h\" (hours). Setting a timeout for a Delete operation is only applicable if changes are saved into state before the destroy operation occurs.","description_kind":"plain","optional":true},"update":{"type":"string","description":"A string that can be [parsed as a duration](https://pkg.go.dev/time#ParseDuration) consisting of numbers and unit suffixes, such as \"30s\" or \"2h45m\". Valid time units are \"s\" (seconds), \"m\" (minutes), \"h\" (hours).","description_kind":"plain","optional":true}},"description_kind":"plain"}}},"description_kind":"plain"}},"ncloud_lb_listener":{"version":0,"block":{"attributes":{"id":{"type":"string","description_kind":"plain","optional":true,"computed":true},"listener_no":{"type":"string","description_kind":"plain","computed":true},"load_balancer_no":{"type":"string","description_kind":"plain","required":true},"port":{"type":"number","description_kind":"plain","required":true},"protocol":{"type":"string","description_kind":"plain","required":true},"rule_no_list":{"type":["list","string"],"description_kind":"plain","computed":true},"ssl_certificate_no":{"type":"string","description_kind":"plain","optional":true},"target_group_no":{"type":"string","description_kind":"plain","required":true},"tls_min_version_type":{"type":"string","description_kind":"plain","optional":true},"use_http2":{"type":"bool","description_kind":"plain","optional":true,"computed":true}},"block_types":{"timeouts":{"nesting_mode":"single","block":{"attributes":{"create":{"type":"string","description_kind":"plain","optional":true},"delete":{"type":"string","description_kind":"plain","optional":true},"update":{"type":"string","description_kind":"plain","optional":true}},"description_kind":"plain"}}},"description_kind":"plain"}},"ncloud_lb_target_group":{"version":0,"block":{"attributes":{"algorithm_type":{"type":"string","description_kind":"plain","optional":true,"computed":true},"description":{"type":"string","description_kind":"plain","optional":true},"id":{"type":"string","description_kind":"plain","optional":true,"computed":true},"load_balancer_instance_no":{"type":"string","description_kind":"plain","computed":true},"name":{"type":"string","description_kind":"plain","optional":true,"computed":true},"port":{"type":"number","description_kind":"plain","optional":true,"computed":true},"protocol":{"type":"string","description_kind":"plain","required":true},"target_group_no":{"type":"string","description_kind":"plain","computed":true},"target_no_list":{"type":["list","string"],"description_kind":"plain","computed":true},"target_type":{"type":"string","description_kind":"plain","optional":true,"computed":true},"use_proxy_protocol":{"type":"bool","description_kind":"plain","optional":true,"computed":true},"use_sticky_session":{"type":"bool","description_kind":"plain","optional":true,"computed":true},"vpc_no":{"type":"string","description_kind":"plain","required":true}},"block_types":{"health_check":{"nesting_mode":"list","block":{"attributes":{"cycle":{"type":"number","description_kind":"plain","optional":true},"down_threshold":{"type":"number","description_kind":"plain","optional":true},"http_method":{"type":"string","description_kind":"plain","optional":true},"port":{"type":"number","description_kind":"plain","optional":true},"protocol":{"type":"string","description_kind":"plain","required":true},"up_threshold":{"type":"number","description_kind":"plain","optional":true},"url_path":{"type":"string","description_kind":"plain","optional":true,"computed":true}},"description_kind":"plain"},"max_items":1}},"description_kind":"plain"}},"ncloud_lb_target_group_attachment":{"version":0,"block":{"attributes":{"id":{"type":"string","description_kind":"plain","optional":true,"computed":true},"target_group_no":{"type":"string","description_kind":"plain","required":true},"target_no_list":{"type":["list","string"],"description_kind":"plain","required":true}},"block_types":{"timeouts":{"nesting_mode":"single","block":{"attributes":{"create":{"type":"string","description_kind":"plain","optional":true},"delete":{"type":"string","description_kind":"plain","optional":true}},"description_kind":"plain"}}},"description_kind":"plain"}},"ncloud_login_key":{"version":0,"block":{"attributes":{"fingerprint":{"type":"string","description_kind":"plain","computed":true},"id":{"type":"string","description_kind":"plain","computed":true},"key_name":{"type":"string","description":"Key name to generate. If the generated key name exists, an error occurs.","description_kind":"plain","required":true},"private_key":{"type":"string","description_kind":"plain","computed":true,"sensitive":true}},"description_kind":"plain"}},"ncloud_mongodb":{"version":0,"block":{"attributes":{"access_control_group_no_list":{"type":["list","string"],"description_kind":"plain","computed":true},"arbiter_port":{"type":"number","description_kind":"plain","computed":true},"arbiter_product_code":{"type":"string","description_kind":"plain","optional":true,"computed":true},"arbiter_server_count":{"type":"number","description_kind":"plain","optional":true,"computed":true},"backup_file_retention_period":{"type":"number","description_kind":"plain","optional":true,"computed":true},"backup_time":{"type":"string","description_kind":"plain","optional":true,"computed":true},"cluster_type_code":{"type":"string","description_kind":"plain","required":true},"compress_code":{"type":"string","description_kind":"plain","optional":true,"computed":true},"config_port":{"type":"number","description_kind":"plain","optional":true,"computed":true},"config_product_code":{"type":"string","description_kind":"plain","optional":true,"computed":true},"config_server_count":{"type":"number","description_kind":"plain","optional":true,"computed":true},"data_storage_type":{"type":"string","description_kind":"plain","optional":true,"computed":true},"engine_version_code":{"type":"string","description_kind":"plain","optional":true,"computed":true},"id":{"type":"string","description_kind":"plain","computed":true},"image_product_code":{"type":"string","description_kind":"plain","optional":true,"computed":true},"member_port":{"type":"number","description_kind":"plain","optional":true,"computed":true},"member_product_code":{"type":"string","description_kind":"plain","optional":true,"computed":true},"member_server_count":{"type":"number","description_kind":"plain","optional":true,"computed":true},"mongodb_server_list":{"nested_type":{"attributes":{"cluster_role":{"type":"string","description_kind":"plain","computed":true},"cpu_count":{"type":"number","description_kind":"plain","computed":true},"create_date":{"type":"string","description_kind":"plain","computed":true},"data_storage_size":{"type":"number","description_kind":"plain","computed":true},"memory_size":{"type":"number","description_kind":"plain","computed":true},"private_domain":{"type":"string","description_kind":"plain","computed":true},"product_code":{"type":"string","description_kind":"plain","computed":true},"public_domain":{"type":"string","description_kind":"plain","computed":true},"replica_set_name":{"type":"string","description_kind":"plain","computed":true},"server_instance_no":{"type":"string","description_kind":"plain","computed":true},"server_name":{"type":"string","description_kind":"plain","computed":true},"server_role":{"type":"string","description_kind":"plain","computed":true},"uptime":{"type":"string","description_kind":"plain","computed":true}},"nesting_mode":"list"},"description_kind":"plain","computed":true},"mongos_port":{"type":"number","description_kind":"plain","optional":true,"computed":true},"mongos_product_code":{"type":"string","description_kind":"plain","optional":true,"computed":true},"mongos_server_count":{"type":"number","description_kind":"plain","optional":true,"computed":true},"region_code":{"type":"string","description_kind":"plain","computed":true},"server_name_prefix":{"type":"string","description_kind":"plain","required":true},"service_name":{"type":"string","description":"Service Name of Cloud DB for MongoDb instance.","description_kind":"plain","required":true},"shard_count":{"type":"number","description_kind":"plain","optional":true,"computed":true},"subnet_no":{"type":"string","description_kind":"plain","required":true},"user_name":{"type":"string","description":"Access username, which will be used for DB admin.","description_kind":"plain","required":true},"user_password":{"type":"string","description":"Access password for user, which will be used for DB admin.","description_kind":"plain","required":true,"sensitive":true},"vpc_no":{"type":"string","description_kind":"plain","required":true},"zone_code":{"type":"string","description_kind":"plain","computed":true}},"description_kind":"plain"}},"ncloud_mongodb_users":{"version":0,"block":{"attributes":{"id":{"type":"string","description_kind":"plain","required":true},"mongodb_user_set":{"nested_type":{"attributes":{"authority":{"type":"string","description_kind":"plain","required":true},"database_name":{"type":"string","description_kind":"plain","required":true},"name":{"type":"string","description_kind":"plain","required":true},"password":{"type":"string","description_kind":"plain","required":true,"sensitive":true}},"nesting_mode":"set"},"description_kind":"plain","required":true}},"description_kind":"plain"}},"ncloud_mssql":{"version":0,"block":{"attributes":{"access_control_group_no_list":{"type":["list","string"],"description_kind":"plain","computed":true},"backup_file_retention_period":{"type":"number","description_kind":"plain","optional":true,"computed":true},"backup_time":{"type":"string","description":"ex) 01:15","description_kind":"plain","optional":true,"computed":true},"character_set_name":{"type":"string","description_kind":"plain","optional":true,"computed":true},"config_group_no":{"type":"string","description_kind":"plain","optional":true,"computed":true},"data_storage_type":{"type":"string","description":"default: SSD","description_kind":"plain","optional":true,"computed":true},"engine_version":{"type":"string","description_kind":"plain","computed":true},"id":{"type":"string","description_kind":"plain","computed":true},"image_product_code":{"type":"string","description_kind":"plain","optional":true,"computed":true},"is_automatic_backup":{"type":"bool","description_kind":"plain","optional":true},"is_ha":{"type":"bool","description":"default: true","description_kind":"plain","required":true},"mssql_server_list":{"nested_type":{"attributes":{"cpu_count":{"type":"number","description_kind":"plain","computed":true},"create_date":{"type":"string","description_kind":"plain","computed":true},"data_storage_size":{"type":"number","description_kind":"plain","computed":true},"is_public_subnet":{"type":"bool","description_kind":"plain","computed":true},"memory_size":{"type":"number","description_kind":"plain","computed":true},"private_domain":{"type":"string","description_kind":"plain","computed":true},"product_code":{"type":"string","description_kind":"plain","computed":true},"public_domain":{"type":"string","description_kind":"plain","computed":true},"server_instance_no":{"type":"string","description_kind":"plain","computed":true},"server_name":{"type":"string","description_kind":"plain","computed":true},"server_role":{"type":"string","description_kind":"plain","computed":true},"subnet_no":{"type":"string","description_kind":"plain","computed":true},"uptime":{"type":"string","description_kind":"plain","computed":true},"used_data_storage_size":{"type":"number","description_kind":"plain","computed":true},"zone_code":{"type":"string","description_kind":"plain","computed":true}},"nesting_mode":"list"},"description_kind":"plain","computed":true},"port":{"type":"number","description_kind":"plain","optional":true,"computed":true},"product_code":{"type":"string","description_kind":"plain","optional":true},"region_code":{"type":"string","description_kind":"plain","computed":true},"service_name":{"type":"string","description_kind":"plain","required":true},"subnet_no":{"type":"string","description_kind":"plain","required":true},"user_name":{"type":"string","description_kind":"plain","required":true},"user_password":{"type":"string","description_kind":"plain","required":true,"sensitive":true},"vpc_no":{"type":"string","description_kind":"plain","computed":true}},"description_kind":"plain"}},"ncloud_mysql":{"version":0,"block":{"attributes":{"access_control_group_no_list":{"type":["list","string"],"description_kind":"plain","computed":true},"backup_file_retention_period":{"type":"number","description_kind":"plain","optional":true,"computed":true},"backup_time":{"type":"string","description":"ex) 01:15","description_kind":"plain","optional":true,"computed":true},"data_storage_type":{"type":"string","description":"default: SSD","description_kind":"plain","optional":true,"computed":true},"database_name":{"type":"string","description_kind":"plain","required":true},"engine_version_code":{"type":"string","description_kind":"plain","optional":true,"computed":true},"host_ip":{"type":"string","description_kind":"plain","required":true},"id":{"type":"string","description_kind":"plain","computed":true},"image_product_code":{"type":"string","description_kind":"plain","optional":true,"computed":true},"is_automatic_backup":{"type":"bool","description_kind":"plain","optional":true},"is_backup":{"type":"bool","description":"default: true","description_kind":"plain","optional":true,"computed":true},"is_ha":{"type":"bool","description":"default: true","description_kind":"plain","optional":true,"computed":true},"is_multi_zone":{"type":"bool","description":"default: false","description_kind":"plain","optional":true,"computed":true},"is_storage_encryption":{"type":"bool","description":"default: false","description_kind":"plain","optional":true,"computed":true},"mysql_config_list":{"type":["list","string"],"description_kind":"plain","computed":true},"mysql_server_list":{"nested_type":{"attributes":{"cpu_count":{"type":"number","description_kind":"plain","computed":true},"create_date":{"type":"string","description_kind":"plain","computed":true},"data_storage_size":{"type":"number","description_kind":"plain","computed":true},"is_public_subnet":{"type":"bool","description_kind":"plain","computed":true},"memory_size":{"type":"number","description_kind":"plain","computed":true},"private_domain":{"type":"string","description_kind":"plain","computed":true},"product_code":{"type":"string","description_kind":"plain","computed":true},"public_domain":{"type":"string","description_kind":"plain","computed":true},"server_instance_no":{"type":"string","description_kind":"plain","computed":true},"server_name":{"type":"string","description_kind":"plain","computed":true},"server_role":{"type":"string","description_kind":"plain","computed":true},"subnet_no":{"type":"string","description_kind":"plain","computed":true},"uptime":{"type":"string","description_kind":"plain","computed":true},"used_data_storage_size":{"type":"number","description_kind":"plain","computed":true},"zone_code":{"type":"string","description_kind":"plain","computed":true}},"nesting_mode":"list"},"description_kind":"plain","computed":true},"port":{"type":"number","description":"default: 3306","description_kind":"plain","optional":true,"computed":true},"product_code":{"type":"string","description_kind":"plain","optional":true},"region_code":{"type":"string","description_kind":"plain","computed":true},"server_name_prefix":{"type":"string","description_kind":"plain","required":true},"service_name":{"type":"string","description_kind":"plain","required":true},"standby_master_subnet_no":{"type":"string","description_kind":"plain","optional":true},"subnet_no":{"type":"string","description_kind":"plain","required":true},"user_name":{"type":"string","description_kind":"plain","required":true},"user_password":{"type":"string","description_kind":"plain","required":true,"sensitive":true},"vpc_no":{"type":"string","description_kind":"plain","computed":true}},"description_kind":"plain"}},"ncloud_mysql_databases":{"version":0,"block":{"attributes":{"id":{"type":"string","description_kind":"plain","computed":true},"mysql_database_list":{"nested_type":{"attributes":{"name":{"type":"string","description_kind":"plain","required":true}},"nesting_mode":"list"},"description_kind":"plain","required":true},"mysql_instance_no":{"type":"string","description_kind":"plain","required":true}},"description_kind":"plain"}},"ncloud_mysql_recovery":{"version":0,"block":{"attributes":{"file_name":{"type":"string","description_kind":"plain","optional":true},"id":{"type":"string","description_kind":"plain","computed":true},"mysql_instance_no":{"type":"string","description_kind":"plain","required":true},"mysql_server_list":{"nested_type":{"attributes":{"cpu_count":{"type":"number","description_kind":"plain","computed":true},"create_date":{"type":"string","description_kind":"plain","computed":true},"data_storage_size":{"type":"number","description_kind":"plain","computed":true},"is_public_subnet":{"type":"bool","description_kind":"plain","computed":true},"memory_size":{"type":"number","description_kind":"plain","computed":true},"private_domain":{"type":"string","description_kind":"plain","computed":true},"product_code":{"type":"string","description_kind":"plain","computed":true},"public_domain":{"type":"string","description_kind":"plain","computed":true},"server_instance_no":{"type":"string","description_kind":"plain","computed":true},"server_name":{"type":"string","description_kind":"plain","computed":true},"server_role":{"type":"string","description_kind":"plain","computed":true},"subnet_no":{"type":"string","description_kind":"plain","computed":true},"uptime":{"type":"string","description_kind":"plain","computed":true},"used_data_storage_size":{"type":"number","description_kind":"plain","computed":true},"zone_code":{"type":"string","description_kind":"plain","computed":true}},"nesting_mode":"list"},"description_kind":"plain","computed":true},"recovery_server_name":{"type":"string","description_kind":"plain","required":true},"recovery_time":{"type":"string","description_kind":"plain","optional":true},"subnet_no":{"type":"string","description_kind":"plain","optional":true,"computed":true}},"description_kind":"plain"}},"ncloud_mysql_slave":{"version":0,"block":{"attributes":{"id":{"type":"string","description_kind":"plain","computed":true},"mysql_instance_no":{"type":"string","description_kind":"plain","required":true},"mysql_server_list":{"nested_type":{"attributes":{"cpu_count":{"type":"number","description_kind":"plain","computed":true},"create_date":{"type":"string","description_kind":"plain","computed":true},"data_storage_size":{"type":"number","description_kind":"plain","computed":true},"is_public_subnet":{"type":"bool","description_kind":"plain","computed":true},"memory_size":{"type":"number","description_kind":"plain","computed":true},"private_domain":{"type":"string","description_kind":"plain","computed":true},"product_code":{"type":"string","description_kind":"plain","computed":true},"public_domain":{"type":"string","description_kind":"plain","computed":true},"server_instance_no":{"type":"string","description_kind":"plain","computed":true},"server_name":{"type":"string","description_kind":"plain","computed":true},"server_role":{"type":"string","description_kind":"plain","computed":true},"subnet_no":{"type":"string","description_kind":"plain","computed":true},"uptime":{"type":"string","description_kind":"plain","computed":true},"used_data_storage_size":{"type":"number","description_kind":"plain","computed":true},"zone_code":{"type":"string","description_kind":"plain","computed":true}},"nesting_mode":"list"},"description_kind":"plain","computed":true},"subnet_no":{"type":"string","description_kind":"plain","optional":true,"computed":true}},"description_kind":"plain"}},"ncloud_mysql_users":{"version":0,"block":{"attributes":{"id":{"type":"string","description_kind":"plain","computed":true},"mysql_instance_no":{"type":"string","description_kind":"plain","required":true},"mysql_user_list":{"nested_type":{"attributes":{"authority":{"type":"string","description_kind":"plain","required":true},"host_ip":{"type":"string","description_kind":"plain","required":true},"is_system_table_access":{"type":"bool","description_kind":"plain","optional":true,"computed":true},"name":{"type":"string","description_kind":"plain","required":true},"password":{"type":"string","description_kind":"plain","required":true,"sensitive":true}},"nesting_mode":"list"},"description_kind":"plain","required":true}},"description_kind":"plain"}},"ncloud_nas_volume":{"version":0,"block":{"attributes":{"cifs_user_name":{"type":"string","description_kind":"plain","optional":true},"cifs_user_password":{"type":"string","description_kind":"plain","optional":true},"description":{"type":"string","description_kind":"plain","optional":true,"computed":true},"id":{"type":"string","description_kind":"plain","optional":true,"computed":true},"is_encrypted_volume":{"type":"bool","description_kind":"plain","optional":true,"computed":true},"is_event_configuration":{"type":"bool","description_kind":"plain","computed":true},"is_return_protection":{"type":"bool","description_kind":"plain","optional":true,"computed":true},"is_snapshot_configuration":{"type":"bool","description_kind":"plain","computed":true},"mount_information":{"type":"string","description_kind":"plain","computed":true},"name":{"type":"string","description_kind":"plain","computed":true},"nas_volume_no":{"type":"string","description_kind":"plain","computed":true},"server_instance_no_list":{"type":["list","string"],"description_kind":"plain","optional":true,"computed":true},"snapshot_volume_size":{"type":"number","description_kind":"plain","computed":true},"volume_allotment_protocol_type":{"type":"string","description_kind":"plain","required":true},"volume_name_postfix":{"type":"string","description_kind":"plain","required":true},"volume_size":{"type":"number","description_kind":"plain","required":true},"volume_total_size":{"type":"number","description_kind":"plain","computed":true},"zone":{"type":"string","description_kind":"plain","optional":true,"computed":true}},"block_types":{"timeouts":{"nesting_mode":"single","block":{"attributes":{"create":{"type":"string","description_kind":"plain","optional":true},"delete":{"type":"string","description_kind":"plain","optional":true}},"description_kind":"plain"}}},"description_kind":"plain"}},"ncloud_nat_gateway":{"version":0,"block":{"attributes":{"description":{"type":"string","description_kind":"plain","optional":true},"id":{"type":"string","description_kind":"plain","computed":true},"name":{"type":"string","description_kind":"plain","optional":true,"computed":true},"nat_gateway_no":{"type":"string","description_kind":"plain","computed":true},"private_ip":{"type":"string","description_kind":"plain","optional":true,"computed":true},"public_ip":{"type":"string","description_kind":"plain","computed":true},"public_ip_no":{"type":"string","description_kind":"plain","computed":true},"subnet_name":{"type":"string","description_kind":"plain","computed":true},"subnet_no":{"type":"string","description_kind":"plain","optional":true,"computed":true},"vpc_no":{"type":"string","description_kind":"plain","required":true},"zone":{"type":"string","description_kind":"plain","required":true}},"description_kind":"plain"}},"ncloud_network_acl":{"version":0,"block":{"attributes":{"description":{"type":"string","description_kind":"plain","optional":true,"computed":true},"id":{"type":"string","description_kind":"plain","optional":true,"computed":true},"is_default":{"type":"bool","description_kind":"plain","computed":true},"name":{"type":"string","description_kind":"plain","optional":true,"computed":true},"network_acl_no":{"type":"string","description_kind":"plain","computed":true},"vpc_no":{"type":"string","description_kind":"plain","required":true}},"description_kind":"plain"}},"ncloud_network_acl_deny_allow_group":{"version":0,"block":{"attributes":{"description":{"type":"string","description_kind":"plain","optional":true,"computed":true},"id":{"type":"string","description_kind":"plain","optional":true,"computed":true},"ip_list":{"type":["set","string"],"description_kind":"plain","required":true},"name":{"type":"string","description_kind":"plain","optional":true,"computed":true},"network_acl_deny_allow_group_no":{"type":"string","description_kind":"plain","computed":true},"vpc_no":{"type":"string","description_kind":"plain","required":true}},"description_kind":"plain"}},"ncloud_network_acl_rule":{"version":0,"block":{"attributes":{"id":{"type":"string","description_kind":"plain","optional":true,"computed":true},"inbound":{"type":["set",["object",{"deny_allow_group_no":"string","description":"string","ip_block":"string","port_range":"string","priority":"number","protocol":"string","rule_action":"string"}]],"description_kind":"plain","optional":true},"network_acl_no":{"type":"string","description_kind":"plain","required":true},"outbound":{"type":["set",["object",{"deny_allow_group_no":"string","description":"string","ip_block":"string","port_range":"string","priority":"number","protocol":"string","rule_action":"string"}]],"description_kind":"plain","optional":true}},"description_kind":"plain"}},"ncloud_network_interface":{"version":0,"block":{"attributes":{"access_control_groups":{"type":["set","string"],"description_kind":"plain","required":true},"description":{"type":"string","description_kind":"plain","optional":true,"computed":true},"id":{"type":"string","description_kind":"plain","optional":true,"computed":true},"instance_type":{"type":"string","description_kind":"plain","computed":true},"is_default":{"type":"bool","description_kind":"plain","computed":true},"name":{"type":"string","description_kind":"plain","optional":true,"computed":true},"network_interface_no":{"type":"string","description_kind":"plain","computed":true},"private_ip":{"type":"string","description_kind":"plain","optional":true,"computed":true},"server_instance_no":{"type":"string","description_kind":"plain","optional":true,"computed":true},"status":{"type":"string","description_kind":"plain","computed":true},"subnet_no":{"type":"string","description_kind":"plain","required":true}},"description_kind":"plain"}},"ncloud_nks_cluster":{"version":0,"block":{"attributes":{"acg_no":{"type":"string","description_kind":"plain","computed":true},"auth_type":{"type":"string","description":"Authentication type for the cluster","description_kind":"plain","optional":true,"computed":true},"cluster_type":{"type":"string","description_kind":"plain","required":true},"endpoint":{"type":"string","description_kind":"plain","computed":true},"hypervisor_code":{"type":"string","description_kind":"plain","optional":true,"computed":true},"id":{"type":"string","description_kind":"plain","optional":true,"computed":true},"ip_acl":{"type":["set",["object",{"action":"string","address":"string","comment":"string"}]],"description_kind":"plain","optional":true},"ip_acl_default_action":{"type":"string","description_kind":"plain","optional":true,"computed":true},"k8s_version":{"type":"string","description_kind":"plain","optional":true,"computed":true},"kms_key_tag":{"type":"string","description_kind":"plain","optional":true},"kube_network_plugin":{"type":"string","description_kind":"plain","optional":true,"computed":true},"lb_private_subnet_no":{"type":"string","description_kind":"plain","required":true},"lb_public_subnet_no":{"type":"string","description_kind":"plain","optional":true},"login_key_name":{"type":"string","description_kind":"plain","required":true},"name":{"type":"string","description_kind":"plain","required":true},"public_network":{"type":"bool","description_kind":"plain","optional":true,"computed":true},"return_protection":{"type":"bool","description_kind":"plain","optional":true,"computed":true},"subnet_no_list":{"type":["list","string"],"description_kind":"plain","required":true},"uuid":{"type":"string","description_kind":"plain","computed":true},"vpc_no":{"type":"string","description_kind":"plain","required":true},"zone":{"type":"string","description_kind":"plain","required":true}},"block_types":{"access_entries":{"nesting_mode":"set","block":{"attributes":{"entry":{"type":"string","description":"Access entry value","description_kind":"plain","required":true},"groups":{"type":["list","string"],"description":"List of groups assigned to the access entry","description_kind":"plain","optional":true}},"block_types":{"policies":{"nesting_mode":"list","block":{"attributes":{"namespaces":{"type":["list","string"],"description":"List of namespaces when scope is 'namespace'","description_kind":"plain","optional":true},"scope":{"type":"string","description":"Scope of the policy","description_kind":"plain","required":true},"type":{"type":"string","description":"Type of policy","description_kind":"plain","required":true}},"description":"List of policies assigned to the access entry","description_kind":"plain"}}},"description":"AccessEntry configuration for the cluster. Only available when auth_type is 'API'","description_kind":"plain"}},"log":{"nesting_mode":"list","block":{"attributes":{"audit":{"type":"bool","description_kind":"plain","required":true}},"description_kind":"plain"},"max_items":1},"oidc":{"nesting_mode":"list","block":{"attributes":{"client_id":{"type":"string","description_kind":"plain","required":true},"groups_claim":{"type":"string","description_kind":"plain","optional":true},"groups_prefix":{"type":"string","description_kind":"plain","optional":true},"issuer_url":{"type":"string","description_kind":"plain","required":true},"required_claim":{"type":"string","description_kind":"plain","optional":true},"username_claim":{"type":"string","description_kind":"plain","optional":true},"username_prefix":{"type":"string","description_kind":"plain","optional":true}},"description_kind":"plain"},"max_items":1},"timeouts":{"nesting_mode":"single","block":{"attributes":{"create":{"type":"string","description_kind":"plain","optional":true},"delete":{"type":"string","description_kind":"plain","optional":true},"update":{"type":"string","description_kind":"plain","optional":true}},"description_kind":"plain"}}},"description_kind":"plain"}},"ncloud_nks_node_pool":{"version":0,"block":{"attributes":{"cluster_uuid":{"type":"string","description_kind":"plain","required":true},"id":{"type":"string","description_kind":"plain","optional":true,"computed":true},"instance_no":{"type":"string","description_kind":"plain","computed":true},"k8s_version":{"type":"string","description_kind":"plain","optional":true,"computed":true},"label":{"type":["set",["object",{"key":"string","value":"string"}]],"description_kind":"plain","optional":true},"node_count":{"type":"number","description_kind":"plain","optional":true,"computed":true},"node_pool_name":{"type":"string","description_kind":"plain","required":true},"nodes":{"type":["list",["object",{"container_version":"string","instance_no":"number","kernel_version":"string","name":"string","node_status":"string","private_ip":"string","public_ip":"string","spec":"string"}]],"description_kind":"plain","computed":true},"product_code":{"type":"string","description_kind":"plain","optional":true,"computed":true},"server_role_id":{"type":"string","description_kind":"plain","optional":true},"server_spec_code":{"type":"string","description_kind":"plain","optional":true},"software_code":{"type":"string","description_kind":"plain","optional":true,"computed":true},"storage_size":{"type":"number","description_kind":"plain","optional":true,"computed":true},"subnet_no":{"type":"string","description_kind":"plain","deprecated":true,"optional":true},"subnet_no_list":{"type":["list","string"],"description_kind":"plain","optional":true},"taint":{"type":["set",["object",{"effect":"string","key":"string","value":"string"}]],"description_kind":"plain","optional":true}},"block_types":{"autoscale":{"nesting_mode":"list","block":{"attributes":{"enabled":{"type":"bool","description_kind":"plain","required":true},"max":{"type":"number","description_kind":"plain","required":true},"min":{"type":"number","description_kind":"plain","required":true}},"description_kind":"plain"},"max_items":1},"fabric_cluster":{"nesting_mode":"list","block":{"attributes":{"pool_name":{"type":"string","description":"Name of the fabric cluster pool","description_kind":"plain","required":true},"pool_no":{"type":"number","description":"Number of the fabric cluster pool","description_kind":"plain","required":true}},"description":"Fabric cluster pool configuration","description_kind":"plain"},"max_items":1},"timeouts":{"nesting_mode":"single","block":{"attributes":{"create":{"type":"string","description_kind":"plain","optional":true},"delete":{"type":"string","description_kind":"plain","optional":true},"update":{"type":"string","description_kind":"plain","optional":true}},"description_kind":"plain"}}},"description_kind":"plain"}},"ncloud_objectstorage_bucket":{"version":0,"block":{"attributes":{"bucket_name":{"type":"string","description":"Bucket Name for Object Storage","description_kind":"plain","required":true},"creation_date":{"type":"string","description_kind":"plain","computed":true},"id":{"type":"string","description_kind":"plain","computed":true}},"description_kind":"plain"}},"ncloud_objectstorage_bucket_acl":{"version":0,"block":{"attributes":{"bucket_name":{"type":"string","description":"Target bucket name","description_kind":"plain","required":true},"grants":{"nested_type":{"attributes":{"grantee":{"nested_type":{"attributes":{"display_name":{"type":"string","description_kind":"plain","computed":true},"email_address":{"type":"string","description_kind":"plain","computed":true},"id":{"type":"string","description_kind":"plain","computed":true},"type":{"type":"string","description_kind":"plain","computed":true},"uri":{"type":"string","description_kind":"plain","computed":true}},"nesting_mode":"single"},"description_kind":"plain","computed":true},"permission":{"type":"string","description_kind":"plain","computed":true}},"nesting_mode":"list"},"description_kind":"plain","computed":true},"id":{"type":"string","description_kind":"plain","computed":true},"owner":{"type":"string","description_kind":"plain","computed":true},"rule":{"type":"string","description_kind":"plain","required":true}},"description_kind":"plain"}},"ncloud_objectstorage_object":{"version":0,"block":{"attributes":{"accept_ranges":{"type":"string","description_kind":"plain","computed":true},"bucket":{"type":"string","description":"Bucket name for object","description_kind":"plain","required":true},"content_encoding":{"type":"string","description_kind":"plain","computed":true},"content_language":{"type":"string","description_kind":"plain","computed":true},"content_length":{"type":"number","description_kind":"plain","computed":true},"content_type":{"type":"string","description_kind":"plain","optional":true,"computed":true},"etag":{"type":"string","description_kind":"plain","computed":true},"expiration":{"type":"string","description_kind":"plain","computed":true},"id":{"type":"string","description_kind":"plain","computed":true},"key":{"type":"string","description":"(Required) Name of the object once it is in the bucket","description_kind":"plain","required":true},"last_modified":{"type":"string","description_kind":"plain","computed":true},"parts_count":{"type":"number","description_kind":"plain","computed":true},"source":{"type":"string","description":"(Required) Path of the object","description_kind":"plain","required":true,"sensitive":true},"version_id":{"type":"string","description_kind":"plain","computed":true},"website_redirect_location":{"type":"string","description_kind":"plain","computed":true}},"description_kind":"plain"}},"ncloud_objectstorage_object_acl":{"version":0,"block":{"attributes":{"grants":{"nested_type":{"attributes":{"grantee":{"nested_type":{"attributes":{"display_name":{"type":"string","description_kind":"plain","computed":true},"email_address":{"type":"string","description_kind":"plain","computed":true},"id":{"type":"string","description_kind":"plain","computed":true},"type":{"type":"string","description_kind":"plain","computed":true},"uri":{"type":"string","description_kind":"plain","computed":true}},"nesting_mode":"single"},"description_kind":"plain","computed":true},"permission":{"type":"string","description_kind":"plain","computed":true}},"nesting_mode":"list"},"description_kind":"plain","computed":true},"id":{"type":"string","description_kind":"plain","computed":true},"object_id":{"type":"string","description":"Target object id","description_kind":"plain","required":true},"owner_displayname":{"type":"string","description_kind":"plain","computed":true},"owner_id":{"type":"string","description_kind":"plain","computed":true},"rule":{"type":"string","description_kind":"plain","required":true}},"description_kind":"plain"}},"ncloud_objectstorage_object_copy":{"version":0,"block":{"attributes":{"accept_ranges":{"type":"string","description_kind":"plain","computed":true},"bucket":{"type":"string","description":"Bucket name for object","description_kind":"plain","required":true},"content_encoding":{"type":"string","description_kind":"plain","computed":true},"content_language":{"type":"string","description_kind":"plain","computed":true},"content_length":{"type":"number","description_kind":"plain","computed":true},"content_type":{"type":"string","description_kind":"plain","optional":true,"computed":true},"etag":{"type":"string","description_kind":"plain","computed":true},"expiration":{"type":"string","description_kind":"plain","computed":true},"id":{"type":"string","description_kind":"plain","computed":true},"key":{"type":"string","description":"(Required) Name of the object once it is in the bucket","description_kind":"plain","required":true},"last_modified":{"type":"string","description_kind":"plain","computed":true},"parts_count":{"type":"number","description_kind":"plain","computed":true},"source":{"type":"string","description":"(Required) Path of the object","description_kind":"plain","required":true,"sensitive":true},"version_id":{"type":"string","description_kind":"plain","computed":true},"website_redirect_location":{"type":"string","description_kind":"plain","computed":true}},"description_kind":"plain"}},"ncloud_placement_group":{"version":0,"block":{"attributes":{"id":{"type":"string","description_kind":"plain","optional":true,"computed":true},"name":{"type":"string","description_kind":"plain","optional":true,"computed":true},"placement_group_no":{"type":"string","description_kind":"plain","computed":true},"placement_group_type":{"type":"string","description_kind":"plain","optional":true,"computed":true}},"description_kind":"plain"}},"ncloud_postgresql":{"version":0,"block":{"attributes":{"access_control_group_no_list":{"type":["list","string"],"description_kind":"plain","computed":true},"automatic_backup":{"type":"bool","description":"default: true","description_kind":"plain","optional":true},"backup":{"type":"bool","description_kind":"plain","optional":true,"computed":true},"backup_file_compression":{"type":"bool","description":"default: true","description_kind":"plain","optional":true},"backup_file_retention_period":{"type":"number","description_kind":"plain","optional":true,"computed":true},"backup_file_storage_count":{"type":"number","description_kind":"plain","optional":true},"backup_time":{"type":"string","description":"ex) 01:15","description_kind":"plain","optional":true,"computed":true},"client_cidr":{"type":"string","description_kind":"plain","required":true},"data_storage_type":{"type":"string","description":"default: SSD","description_kind":"plain","optional":true,"computed":true},"database_name":{"type":"string","description_kind":"plain","required":true},"engine_version_code":{"type":"string","description_kind":"plain","optional":true,"computed":true},"generation_code":{"type":"string","description_kind":"plain","computed":true},"ha":{"type":"bool","description_kind":"plain","optional":true,"computed":true},"id":{"type":"string","description_kind":"plain","computed":true},"image_product_code":{"type":"string","description_kind":"plain","optional":true,"computed":true},"multi_zone":{"type":"bool","description":"default: false","description_kind":"plain","optional":true,"computed":true},"port":{"type":"number","description":"default: 5432","description_kind":"plain","optional":true,"computed":true},"postgresql_config_list":{"type":["list","string"],"description_kind":"plain","computed":true},"postgresql_server_list":{"nested_type":{"attributes":{"cpu_count":{"type":"number","description_kind":"plain","computed":true},"create_date":{"type":"string","description_kind":"plain","computed":true},"data_storage_size":{"type":"number","description_kind":"plain","computed":true},"memory_size":{"type":"number","description_kind":"plain","computed":true},"private_domain":{"type":"string","description_kind":"plain","computed":true},"private_ip":{"type":"string","description_kind":"plain","computed":true},"product_code":{"type":"string","description_kind":"plain","computed":true},"public_domain":{"type":"string","description_kind":"plain","computed":true},"public_subnet":{"type":"bool","description_kind":"plain","computed":true},"server_instance_no":{"type":"string","description_kind":"plain","computed":true},"server_name":{"type":"string","description_kind":"plain","computed":true},"server_role":{"type":"string","description_kind":"plain","computed":true},"subnet_no":{"type":"string","description_kind":"plain","computed":true},"uptime":{"type":"string","description_kind":"plain","computed":true},"used_data_storage_size":{"type":"number","description_kind":"plain","computed":true},"zone_code":{"type":"string","description_kind":"plain","computed":true}},"nesting_mode":"list"},"description_kind":"plain","computed":true},"product_code":{"type":"string","description_kind":"plain","optional":true},"region_code":{"type":"string","description_kind":"plain","computed":true},"secondary_subnet_no":{"type":"string","description_kind":"plain","optional":true},"server_name_prefix":{"type":"string","description_kind":"plain","required":true},"service_name":{"type":"string","description_kind":"plain","required":true},"storage_encryption":{"type":"bool","description":"default: false","description_kind":"plain","optional":true,"computed":true},"subnet_no":{"type":"string","description_kind":"plain","required":true},"user_name":{"type":"string","description_kind":"plain","required":true},"user_password":{"type":"string","description_kind":"plain","required":true,"sensitive":true},"vpc_no":{"type":"string","description_kind":"plain","required":true}},"description_kind":"plain"}},"ncloud_postgresql_databases":{"version":0,"block":{"attributes":{"id":{"type":"string","description_kind":"plain","required":true},"postgresql_database_list":{"nested_type":{"attributes":{"name":{"type":"string","description_kind":"plain","required":true},"owner":{"type":"string","description_kind":"plain","required":true}},"nesting_mode":"list"},"description_kind":"plain","required":true}},"description_kind":"plain"}},"ncloud_postgresql_read_replica":{"version":0,"block":{"attributes":{"id":{"type":"string","description_kind":"plain","computed":true},"postgresql_instance_no":{"type":"string","description_kind":"plain","required":true},"postgresql_server_list":{"nested_type":{"attributes":{"cpu_count":{"type":"number","description_kind":"plain","computed":true},"create_date":{"type":"string","description_kind":"plain","computed":true},"data_storage_size":{"type":"number","description_kind":"plain","computed":true},"memory_size":{"type":"number","description_kind":"plain","computed":true},"private_domain":{"type":"string","description_kind":"plain","computed":true},"private_ip":{"type":"string","description_kind":"plain","computed":true},"product_code":{"type":"string","description_kind":"plain","computed":true},"public_domain":{"type":"string","description_kind":"plain","computed":true},"public_subnet":{"type":"bool","description_kind":"plain","computed":true},"server_instance_no":{"type":"string","description_kind":"plain","computed":true},"server_name":{"type":"string","description_kind":"plain","computed":true},"server_role":{"type":"string","description_kind":"plain","computed":true},"subnet_no":{"type":"string","description_kind":"plain","computed":true},"uptime":{"type":"string","description_kind":"plain","computed":true},"used_data_storage_size":{"type":"number","description_kind":"plain","computed":true},"zone_code":{"type":"string","description_kind":"plain","computed":true}},"nesting_mode":"list"},"description_kind":"plain","computed":true},"subnet_no":{"type":"string","description_kind":"plain","optional":true,"computed":true}},"description_kind":"plain"}},"ncloud_postgresql_users":{"version":0,"block":{"attributes":{"id":{"type":"string","description_kind":"plain","required":true},"postgresql_user_list":{"nested_type":{"attributes":{"client_cidr":{"type":"string","description_kind":"plain","required":true},"name":{"type":"string","description_kind":"plain","required":true},"password":{"type":"string","description_kind":"plain","required":true,"sensitive":true},"replication_role":{"type":"bool","description_kind":"plain","required":true}},"nesting_mode":"list"},"description_kind":"plain","required":true}},"description_kind":"plain"}},"ncloud_public_ip":{"version":0,"block":{"attributes":{"description":{"type":"string","description_kind":"plain","optional":true,"computed":true},"id":{"type":"string","description_kind":"plain","optional":true,"computed":true},"instance_no":{"type":"string","description_kind":"plain","deprecated":true,"computed":true},"internet_line_type":{"type":"string","description_kind":"plain","deprecated":true,"optional":true,"computed":true},"kind_type":{"type":"string","description_kind":"plain","computed":true},"public_ip":{"type":"string","description_kind":"plain","computed":true},"public_ip_no":{"type":"string","description_kind":"plain","computed":true},"server_instance_no":{"type":"string","description_kind":"plain","optional":true}},"description_kind":"plain"}},"ncloud_redis":{"version":0,"block":{"attributes":{"access_control_group_no_list":{"type":["list","string"],"description_kind":"plain","computed":true},"backup_file_retention_period":{"type":"number","description":"default: 1","description_kind":"plain","optional":true,"computed":true},"backup_schedule":{"type":"string","description_kind":"plain","computed":true},"backup_time":{"type":"string","description":"ex) 01:15","description_kind":"plain","optional":true,"computed":true},"config_group_no":{"type":"string","description_kind":"plain","required":true},"engine_version_code":{"type":"string","description_kind":"plain","optional":true,"computed":true},"id":{"type":"string","description_kind":"plain","computed":true},"image_product_code":{"type":"string","description_kind":"plain","optional":true,"computed":true},"is_automatic_backup":{"type":"bool","description_kind":"plain","optional":true},"is_backup":{"type":"bool","description":"default: false","description_kind":"plain","optional":true,"computed":true},"is_ha":{"type":"bool","description":"default: true","description_kind":"plain","optional":true,"computed":true},"mode":{"type":"string","description_kind":"plain","required":true},"port":{"type":"number","description":"default: 6379","description_kind":"plain","optional":true,"computed":true},"product_code":{"type":"string","description_kind":"plain","optional":true,"computed":true},"redis_server_list":{"nested_type":{"attributes":{"create_date":{"type":"string","description_kind":"plain","computed":true},"memory_size":{"type":"number","description_kind":"plain","computed":true},"os_memory_size":{"type":"number","description_kind":"plain","computed":true},"private_domain":{"type":"string","description_kind":"plain","computed":true},"redis_server_instance_no":{"type":"string","description_kind":"plain","computed":true},"redis_server_name":{"type":"string","description_kind":"plain","computed":true},"redis_server_role":{"type":"string","description_kind":"plain","computed":true},"uptime":{"type":"string","description_kind":"plain","computed":true}},"nesting_mode":"list"},"description_kind":"plain","computed":true},"region_code":{"type":"string","description_kind":"plain","computed":true},"server_name_prefix":{"type":"string","description_kind":"plain","required":true},"service_name":{"type":"string","description_kind":"plain","required":true},"shard_copy_count":{"type":"number","description":"default: 0","description_kind":"plain","optional":true},"shard_count":{"type":"number","description":"default: 3","description_kind":"plain","optional":true},"subnet_no":{"type":"string","description_kind":"plain","required":true},"user_name":{"type":"string","description_kind":"plain","optional":true},"user_password":{"type":"string","description_kind":"plain","optional":true,"sensitive":true},"vpc_no":{"type":"string","description_kind":"plain","required":true}},"description_kind":"plain"}},"ncloud_redis_config_group":{"version":0,"block":{"attributes":{"description":{"type":"string","description_kind":"plain","optional":true},"id":{"type":"string","description_kind":"plain","computed":true},"name":{"type":"string","description_kind":"plain","required":true},"redis_version":{"type":"string","description_kind":"plain","required":true}},"description_kind":"plain"}},"ncloud_route":{"version":0,"block":{"attributes":{"destination_cidr_block":{"type":"string","description_kind":"plain","required":true},"id":{"type":"string","description_kind":"plain","optional":true,"computed":true},"is_default":{"type":"bool","description_kind":"plain","computed":true},"route_table_no":{"type":"string","description_kind":"plain","required":true},"target_name":{"type":"string","description_kind":"plain","required":true},"target_no":{"type":"string","description_kind":"plain","required":true},"target_type":{"type":"string","description_kind":"plain","required":true},"vpc_no":{"type":"string","description_kind":"plain","computed":true}},"description_kind":"plain"}},"ncloud_route_table":{"version":0,"block":{"attributes":{"description":{"type":"string","description_kind":"plain","optional":true,"computed":true},"id":{"type":"string","description_kind":"plain","optional":true,"computed":true},"is_default":{"type":"bool","description_kind":"plain","computed":true},"name":{"type":"string","description_kind":"plain","optional":true,"computed":true},"route_table_no":{"type":"string","description_kind":"plain","computed":true},"supported_subnet_type":{"type":"string","description_kind":"plain","required":true},"vpc_no":{"type":"string","description_kind":"plain","required":true}},"description_kind":"plain"}},"ncloud_route_table_association":{"version":0,"block":{"attributes":{"id":{"type":"string","description_kind":"plain","optional":true,"computed":true},"route_table_no":{"type":"string","description_kind":"plain","required":true},"subnet_no":{"type":"string","description_kind":"plain","required":true}},"description_kind":"plain"}},"ncloud_server":{"version":0,"block":{"attributes":{"base_block_storage_disk_detail_type":{"type":"string","description_kind":"plain","computed":true},"base_block_storage_disk_type":{"type":"string","description_kind":"plain","computed":true},"base_block_storage_size":{"type":"number","description_kind":"plain","computed":true},"cpu_count":{"type":"number","description_kind":"plain","computed":true},"description":{"type":"string","description_kind":"plain","optional":true,"computed":true},"fee_system_type_code":{"type":"string","description_kind":"plain","optional":true},"hypervisor_type":{"type":"string","description_kind":"plain","computed":true},"id":{"type":"string","description_kind":"plain","optional":true,"computed":true},"init_script_no":{"type":"string","description_kind":"plain","optional":true,"computed":true},"instance_no":{"type":"string","description_kind":"plain","computed":true},"is_encrypted_base_block_storage_volume":{"type":"bool","description_kind":"plain","optional":true,"computed":true},"is_fee_charging_monitoring":{"type":"bool","description_kind":"plain","deprecated":true,"computed":true},"is_protect_server_termination":{"type":"bool","description_kind":"plain","optional":true,"computed":true},"login_key_name":{"type":"string","description_kind":"plain","optional":true,"computed":true},"member_server_image_no":{"type":"string","description_kind":"plain","optional":true},"memory_size":{"type":"number","description_kind":"plain","computed":true},"name":{"type":"string","description_kind":"plain","optional":true,"computed":true},"placement_group_no":{"type":"string","description_kind":"plain","optional":true,"computed":true},"platform_type":{"type":"string","description_kind":"plain","computed":true},"port_forwarding_external_port":{"type":"number","description_kind":"plain","computed":true},"port_forwarding_internal_port":{"type":"number","description_kind":"plain","computed":true},"port_forwarding_public_ip":{"type":"string","description_kind":"plain","computed":true},"private_ip":{"type":"string","description_kind":"plain","computed":true},"public_ip":{"type":"string","description_kind":"plain","computed":true},"raid_type_name":{"type":"string","description_kind":"plain","optional":true},"region":{"type":"string","description_kind":"plain","deprecated":true,"computed":true},"server_image_name":{"type":"string","description_kind":"plain","computed":true},"server_image_number":{"type":"string","description_kind":"plain","optional":true,"computed":true},"server_image_product_code":{"type":"string","description_kind":"plain","optional":true,"computed":true},"server_product_code":{"type":"string","description_kind":"plain","optional":true,"computed":true},"server_spec_code":{"type":"string","description_kind":"plain","optional":true,"computed":true},"subnet_no":{"type":"string","description_kind":"plain","optional":true,"computed":true},"vpc_no":{"type":"string","description_kind":"plain","computed":true},"zone":{"type":"string","description_kind":"plain","optional":true,"computed":true}},"block_types":{"block_device_partition_list":{"nesting_mode":"list","block":{"attributes":{"mount_point":{"type":"string","description_kind":"plain","required":true},"partition_size":{"type":"string","description_kind":"plain","required":true}},"description_kind":"plain"}},"network_interface":{"nesting_mode":"list","block":{"attributes":{"network_interface_no":{"type":"string","description_kind":"plain","required":true},"order":{"type":"number","description_kind":"plain","required":true},"private_ip":{"type":"string","description_kind":"plain","computed":true},"subnet_no":{"type":"string","description_kind":"plain","computed":true}},"description_kind":"plain"}},"timeouts":{"nesting_mode":"single","block":{"attributes":{"create":{"type":"string","description_kind":"plain","optional":true},"delete":{"type":"string","description_kind":"plain","optional":true}},"description_kind":"plain"}}},"description_kind":"plain"}},"ncloud_ses_cluster":{"version":0,"block":{"attributes":{"cluster_name":{"type":"string","description_kind":"plain","required":true},"cluster_node_list":{"type":["list",["object",{"compute_instance_name":"string","compute_instance_no":"number","node_type":"string","private_ip":"string","server_status":"string","subnet":"string"}]],"description_kind":"plain","computed":true},"id":{"type":"string","description_kind":"plain","computed":true},"login_key_name":{"type":"string","description_kind":"plain","required":true},"manager_node_instance_no_list":{"type":["list","number"],"description_kind":"plain","computed":true},"os_image_code":{"type":"string","description_kind":"plain","required":true},"service_group_instance_no":{"type":"string","description_kind":"plain","computed":true},"vpc_no":{"type":"number","description_kind":"plain","required":true}},"block_types":{"data_node":{"nesting_mode":"list","block":{"attributes":{"acg_id":{"type":"number","description_kind":"plain","computed":true},"acg_name":{"type":"string","description_kind":"plain","computed":true},"count":{"type":"number","description_kind":"plain","required":true},"product_code":{"type":"string","description_kind":"plain","required":true},"storage_size":{"type":"number","description_kind":"plain","required":true},"subnet_no":{"type":"number","description_kind":"plain","required":true}},"description_kind":"plain"},"min_items":1,"max_items":1},"manager_node":{"nesting_mode":"list","block":{"attributes":{"acg_id":{"type":"number","description_kind":"plain","computed":true},"acg_name":{"type":"string","description_kind":"plain","computed":true},"count":{"type":"number","description_kind":"plain","optional":true,"computed":true},"is_dual_manager":{"type":"bool","description_kind":"plain","required":true},"product_code":{"type":"string","description_kind":"plain","required":true},"subnet_no":{"type":"number","description_kind":"plain","required":true}},"description_kind":"plain"},"min_items":1,"max_items":1},"master_node":{"nesting_mode":"list","block":{"attributes":{"acg_id":{"type":"number","description_kind":"plain","computed":true},"acg_name":{"type":"string","description_kind":"plain","computed":true},"count":{"type":"number","description_kind":"plain","optional":true},"product_code":{"type":"string","description_kind":"plain","optional":true},"subnet_no":{"type":"number","description_kind":"plain","optional":true}},"description_kind":"plain"},"max_items":1},"search_engine":{"nesting_mode":"list","block":{"attributes":{"dashboard_port":{"type":"string","description_kind":"plain","required":true},"port":{"type":"string","description_kind":"plain","computed":true},"user_name":{"type":"string","description_kind":"plain","required":true},"user_password":{"type":"string","description_kind":"plain","required":true,"sensitive":true},"version_code":{"type":"string","description_kind":"plain","required":true}},"description_kind":"plain"},"min_items":1,"max_items":1},"timeouts":{"nesting_mode":"single","block":{"attributes":{"create":{"type":"string","description_kind":"plain","optional":true},"delete":{"type":"string","description_kind":"plain","optional":true},"update":{"type":"string","description_kind":"plain","optional":true}},"description_kind":"plain"}}},"description_kind":"plain"}},"ncloud_sourcebuild_project":{"version":0,"block":{"attributes":{"created":{"type":["list",["object",{"timestamp":"number","user":"string"}]],"description_kind":"plain","computed":true},"description":{"type":"string","description_kind":"plain","optional":true,"computed":true},"id":{"type":"string","description_kind":"plain","optional":true,"computed":true},"last_build":{"type":["list",["object",{"id":"string","status":"string","timestamp":"number"}]],"description_kind":"plain","computed":true},"name":{"type":"string","description_kind":"plain","required":true},"project_no":{"type":"number","description_kind":"plain","computed":true}},"block_types":{"artifact":{"nesting_mode":"list","block":{"attributes":{"backup":{"type":"bool","description_kind":"plain","optional":true},"path":{"type":["list","string"],"description_kind":"plain","optional":true},"use":{"type":"bool","description_kind":"plain","optional":true}},"block_types":{"object_storage_to_upload":{"nesting_mode":"list","block":{"attributes":{"bucket":{"type":"string","description_kind":"plain","optional":true},"filename":{"type":"string","description_kind":"plain","optional":true},"path":{"type":"string","description_kind":"plain","optional":true}},"description_kind":"plain"},"max_items":1}},"description_kind":"plain"},"max_items":1},"build_command":{"nesting_mode":"list","block":{"attributes":{"in_build":{"type":["list","string"],"description_kind":"plain","optional":true},"post_build":{"type":["list","string"],"description_kind":"plain","optional":true},"pre_build":{"type":["list","string"],"description_kind":"plain","optional":true}},"block_types":{"docker_image_build":{"nesting_mode":"list","block":{"attributes":{"dockerfile":{"type":"string","description_kind":"plain","optional":true},"image":{"type":"string","description_kind":"plain","optional":true},"latest":{"type":"bool","description_kind":"plain","optional":true},"registry":{"type":"string","description_kind":"plain","optional":true},"tag":{"type":"string","description_kind":"plain","optional":true},"use":{"type":"bool","description_kind":"plain","optional":true}},"description_kind":"plain"},"max_items":1}},"description_kind":"plain"},"max_items":1},"build_image_upload":{"nesting_mode":"list","block":{"attributes":{"container_registry_name":{"type":"string","description_kind":"plain","optional":true},"image_name":{"type":"string","description_kind":"plain","optional":true},"latest":{"type":"bool","description_kind":"plain","optional":true},"tag":{"type":"string","description_kind":"plain","optional":true},"use":{"type":"bool","description_kind":"plain","optional":true}},"description_kind":"plain"},"max_items":1},"env":{"nesting_mode":"list","block":{"attributes":{"timeout":{"type":"number","description_kind":"plain","optional":true,"computed":true}},"block_types":{"compute":{"nesting_mode":"list","block":{"attributes":{"cpu":{"type":"number","description_kind":"plain","computed":true},"id":{"type":"number","description_kind":"plain","required":true},"mem":{"type":"number","description_kind":"plain","computed":true}},"description_kind":"plain"},"min_items":1,"max_items":1},"docker_engine":{"nesting_mode":"list","block":{"attributes":{"id":{"type":"number","description_kind":"plain","optional":true},"name":{"type":"string","description_kind":"plain","computed":true},"use":{"type":"bool","description_kind":"plain","optional":true}},"description_kind":"plain"},"max_items":1},"env_var":{"nesting_mode":"list","block":{"attributes":{"key":{"type":"string","description_kind":"plain","required":true},"value":{"type":"string","description_kind":"plain","required":true}},"description_kind":"plain"}},"platform":{"nesting_mode":"list","block":{"attributes":{"type":{"type":"string","description_kind":"plain","required":true}},"block_types":{"config":{"nesting_mode":"list","block":{"attributes":{"image":{"type":"string","description_kind":"plain","optional":true},"registry":{"type":"string","description_kind":"plain","optional":true},"tag":{"type":"string","description_kind":"plain","optional":true}},"block_types":{"os":{"nesting_mode":"list","block":{"attributes":{"archi":{"type":"string","description_kind":"plain","computed":true},"id":{"type":"number","description_kind":"plain","optional":true},"name":{"type":"string","description_kind":"plain","computed":true},"version":{"type":"string","description_kind":"plain","computed":true}},"description_kind":"plain"},"max_items":1},"runtime":{"nesting_mode":"list","block":{"attributes":{"id":{"type":"number","description_kind":"plain","optional":true},"name":{"type":"string","description_kind":"plain","computed":true}},"block_types":{"version":{"nesting_mode":"list","block":{"attributes":{"id":{"type":"number","description_kind":"plain","optional":true},"name":{"type":"string","description_kind":"plain","computed":true}},"description_kind":"plain"},"min_items":1,"max_items":1}},"description_kind":"plain"},"max_items":1}},"description_kind":"plain"},"min_items":1,"max_items":1}},"description_kind":"plain"},"min_items":1,"max_items":1}},"description_kind":"plain"},"min_items":1,"max_items":1},"linked":{"nesting_mode":"list","block":{"attributes":{"cloud_log_analytics":{"type":"bool","description_kind":"plain","optional":true},"file_safer":{"type":"bool","description_kind":"plain","optional":true}},"description_kind":"plain"},"max_items":1},"source":{"nesting_mode":"list","block":{"attributes":{"type":{"type":"string","description_kind":"plain","required":true}},"block_types":{"config":{"nesting_mode":"list","block":{"attributes":{"branch":{"type":"string","description_kind":"plain","required":true},"repository_name":{"type":"string","description_kind":"plain","required":true}},"description_kind":"plain"},"min_items":1,"max_items":1}},"description_kind":"plain"},"min_items":1,"max_items":1},"timeouts":{"nesting_mode":"single","block":{"attributes":{"create":{"type":"string","description_kind":"plain","optional":true},"delete":{"type":"string","description_kind":"plain","optional":true},"read":{"type":"string","description_kind":"plain","optional":true},"update":{"type":"string","description_kind":"plain","optional":true}},"description_kind":"plain"}}},"description_kind":"plain"}},"ncloud_sourcecommit_repository":{"version":0,"block":{"attributes":{"creator":{"type":"string","description_kind":"plain","computed":true},"description":{"type":"string","description_kind":"plain","optional":true,"computed":true},"file_safer":{"type":"bool","description_kind":"plain","optional":true,"computed":true},"git_https_url":{"type":"string","description_kind":"plain","computed":true},"git_ssh_url":{"type":"string","description_kind":"plain","computed":true},"id":{"type":"string","description_kind":"plain","optional":true,"computed":true},"name":{"type":"string","description_kind":"plain","required":true},"repository_no":{"type":"string","description_kind":"plain","computed":true}},"block_types":{"timeouts":{"nesting_mode":"single","block":{"attributes":{"create":{"type":"string","description_kind":"plain","optional":true},"delete":{"type":"string","description_kind":"plain","optional":true},"read":{"type":"string","description_kind":"plain","optional":true},"update":{"type":"string","description_kind":"plain","optional":true}},"description_kind":"plain"}}},"description_kind":"plain"}},"ncloud_sourcedeploy_project":{"version":0,"block":{"attributes":{"id":{"type":"string","description_kind":"plain","optional":true,"computed":true},"name":{"type":"string","description_kind":"plain","required":true}},"block_types":{"timeouts":{"nesting_mode":"single","block":{"attributes":{"create":{"type":"string","description_kind":"plain","optional":true},"delete":{"type":"string","description_kind":"plain","optional":true},"read":{"type":"string","description_kind":"plain","optional":true},"update":{"type":"string","description_kind":"plain","optional":true}},"description_kind":"plain"}}},"description_kind":"plain"}},"ncloud_sourcedeploy_project_stage":{"version":0,"block":{"attributes":{"id":{"type":"string","description_kind":"plain","optional":true,"computed":true},"name":{"type":"string","description_kind":"plain","required":true},"project_id":{"type":"number","description_kind":"plain","required":true},"target_type":{"type":"string","description_kind":"plain","required":true}},"block_types":{"config":{"nesting_mode":"list","block":{"attributes":{"auto_scaling_group_name":{"type":"string","description_kind":"plain","computed":true},"auto_scaling_group_no":{"type":"number","description_kind":"plain","optional":true},"bucket_name":{"type":"string","description_kind":"plain","optional":true},"cluster_name":{"type":"string","description_kind":"plain","computed":true},"cluster_uuid":{"type":"string","description_kind":"plain","optional":true}},"block_types":{"server":{"nesting_mode":"list","block":{"attributes":{"id":{"type":"string","description_kind":"plain","optional":true},"name":{"type":"string","description_kind":"plain","computed":true}},"description_kind":"plain"}}},"description_kind":"plain"},"min_items":1,"max_items":1},"timeouts":{"nesting_mode":"single","block":{"attributes":{"create":{"type":"string","description_kind":"plain","optional":true},"delete":{"type":"string","description_kind":"plain","optional":true},"read":{"type":"string","description_kind":"plain","optional":true},"update":{"type":"string","description_kind":"plain","optional":true}},"description_kind":"plain"}}},"description_kind":"plain"}},"ncloud_sourcedeploy_project_stage_scenario":{"version":0,"block":{"attributes":{"description":{"type":"string","description_kind":"plain","optional":true},"id":{"type":"string","description_kind":"plain","optional":true,"computed":true},"name":{"type":"string","description_kind":"plain","required":true},"project_id":{"type":"number","description_kind":"plain","required":true},"stage_id":{"type":"number","description_kind":"plain","required":true}},"block_types":{"config":{"nesting_mode":"list","block":{"attributes":{"rollback":{"type":"bool","description_kind":"plain","optional":true},"strategy":{"type":"string","description_kind":"plain","optional":true}},"block_types":{"canary_config":{"nesting_mode":"list","block":{"attributes":{"analysis_type":{"type":"string","description_kind":"plain","optional":true},"canary_count":{"type":"number","description_kind":"plain","optional":true},"pass_score":{"type":"number","description_kind":"plain","optional":true},"prometheus":{"type":"string","description_kind":"plain","optional":true},"timeout":{"type":"number","description_kind":"plain","optional":true}},"block_types":{"analysis_config":{"nesting_mode":"list","block":{"attributes":{"delay":{"type":"number","description_kind":"plain","optional":true},"duration":{"type":"number","description_kind":"plain","optional":true},"interval":{"type":"number","description_kind":"plain","optional":true},"step":{"type":"number","description_kind":"plain","optional":true}},"description_kind":"plain"},"max_items":1},"env":{"nesting_mode":"list","block":{"attributes":{"baseline":{"type":"string","description_kind":"plain","optional":true},"canary":{"type":"string","description_kind":"plain","optional":true}},"description_kind":"plain"},"max_items":1},"metrics":{"nesting_mode":"list","block":{"attributes":{"filter":{"type":"string","description_kind":"plain","optional":true},"metric":{"type":"string","description_kind":"plain","optional":true},"name":{"type":"string","description_kind":"plain","optional":true},"query":{"type":"string","description_kind":"plain","optional":true},"query_type":{"type":"string","description_kind":"plain","optional":true},"success_criteria":{"type":"string","description_kind":"plain","optional":true},"weight":{"type":"number","description_kind":"plain","optional":true}},"description_kind":"plain"}}},"description_kind":"plain"},"max_items":1},"deploy_command":{"nesting_mode":"list","block":{"block_types":{"path":{"nesting_mode":"list","block":{"attributes":{"deploy_path":{"type":"string","description_kind":"plain","optional":true},"source_path":{"type":"string","description_kind":"plain","optional":true}},"description_kind":"plain"}},"post_deploy":{"nesting_mode":"list","block":{"attributes":{"command":{"type":"string","description_kind":"plain","optional":true},"user":{"type":"string","description_kind":"plain","optional":true}},"description_kind":"plain"}},"pre_deploy":{"nesting_mode":"list","block":{"attributes":{"command":{"type":"string","description_kind":"plain","optional":true},"user":{"type":"string","description_kind":"plain","optional":true}},"description_kind":"plain"}}},"description_kind":"plain"},"max_items":1},"file":{"nesting_mode":"list","block":{"attributes":{"type":{"type":"string","description_kind":"plain","optional":true}},"block_types":{"object_storage":{"nesting_mode":"list","block":{"attributes":{"bucket":{"type":"string","description_kind":"plain","optional":true},"object":{"type":"string","description_kind":"plain","optional":true}},"description_kind":"plain"},"max_items":1},"source_build":{"nesting_mode":"list","block":{"attributes":{"id":{"type":"number","description_kind":"plain","optional":true},"name":{"type":"string","description_kind":"plain","computed":true}},"description_kind":"plain"},"max_items":1}},"description_kind":"plain"},"max_items":1},"load_balancer":{"nesting_mode":"list","block":{"attributes":{"delete_server":{"type":"bool","description_kind":"plain","optional":true},"load_balancer_target_group_name":{"type":"string","description_kind":"plain","computed":true},"load_balancer_target_group_no":{"type":"number","description_kind":"plain","optional":true}},"description_kind":"plain"},"max_items":1},"manifest":{"nesting_mode":"list","block":{"attributes":{"branch":{"type":"string","description_kind":"plain","optional":true},"path":{"type":["list","string"],"description_kind":"plain","optional":true},"repository_name":{"type":"string","description_kind":"plain","optional":true},"type":{"type":"string","description_kind":"plain","optional":true}},"description_kind":"plain"},"max_items":1},"path":{"nesting_mode":"list","block":{"attributes":{"deploy_path":{"type":"string","description_kind":"plain","optional":true},"source_path":{"type":"string","description_kind":"plain","optional":true}},"description_kind":"plain"},"max_items":1}},"description_kind":"plain"},"min_items":1,"max_items":1},"timeouts":{"nesting_mode":"single","block":{"attributes":{"create":{"type":"string","description_kind":"plain","optional":true},"delete":{"type":"string","description_kind":"plain","optional":true},"read":{"type":"string","description_kind":"plain","optional":true},"update":{"type":"string","description_kind":"plain","optional":true}},"description_kind":"plain"}}},"description_kind":"plain"}},"ncloud_sourcepipeline_project":{"version":0,"block":{"attributes":{"description":{"type":"string","description_kind":"plain","optional":true},"id":{"type":"string","description_kind":"plain","optional":true,"computed":true},"name":{"type":"string","description_kind":"plain","required":true}},"block_types":{"task":{"nesting_mode":"list","block":{"attributes":{"linked_tasks":{"type":["list","string"],"description_kind":"plain","required":true},"name":{"type":"string","description_kind":"plain","required":true},"type":{"type":"string","description_kind":"plain","required":true}},"block_types":{"config":{"nesting_mode":"list","block":{"attributes":{"project_id":{"type":"number","description_kind":"plain","required":true},"scenario_id":{"type":"number","description_kind":"plain","optional":true},"stage_id":{"type":"number","description_kind":"plain","optional":true}},"block_types":{"target":{"nesting_mode":"list","block":{"attributes":{"file":{"type":"string","description_kind":"plain","computed":true},"full_manifest":{"type":"string","description_kind":"plain","computed":true},"manifest":{"type":"string","description_kind":"plain","computed":true},"project_name":{"type":"string","description_kind":"plain","computed":true},"repository_branch":{"type":"string","description_kind":"plain","optional":true,"computed":true},"repository_name":{"type":"string","description_kind":"plain","computed":true},"type":{"type":"string","description_kind":"plain","computed":true}},"description_kind":"plain"},"max_items":1}},"description_kind":"plain"},"min_items":1,"max_items":1}},"description_kind":"plain"},"min_items":1},"timeouts":{"nesting_mode":"single","block":{"attributes":{"create":{"type":"string","description_kind":"plain","optional":true},"delete":{"type":"string","description_kind":"plain","optional":true},"update":{"type":"string","description_kind":"plain","optional":true}},"description_kind":"plain"}},"triggers":{"nesting_mode":"list","block":{"block_types":{"repository":{"nesting_mode":"set","block":{"attributes":{"branch":{"type":"string","description_kind":"plain","required":true},"name":{"type":"string","description_kind":"plain","required":true},"type":{"type":"string","description_kind":"plain","required":true}},"description_kind":"plain"}},"schedule":{"nesting_mode":"set","block":{"attributes":{"day":{"type":["list","string"],"description_kind":"plain","required":true},"execute_only_with_change":{"type":"bool","description_kind":"plain","required":true},"time":{"type":"string","description_kind":"plain","required":true},"timezone":{"type":"string","description_kind":"plain","required":true}},"description_kind":"plain"}},"sourcepipeline":{"nesting_mode":"set","block":{"attributes":{"id":{"type":"number","description_kind":"plain","required":true},"name":{"type":"string","description_kind":"plain","computed":true}},"description_kind":"plain"}}},"description_kind":"plain"},"max_items":1}},"description_kind":"plain"}},"ncloud_subnet":{"version":0,"block":{"attributes":{"id":{"type":"string","description_kind":"plain","computed":true},"name":{"type":"string","description":"Subnet name to create. default: Assigned by NAVER CLOUD PLATFORM","description_kind":"plain","optional":true,"computed":true},"network_acl_no":{"type":"string","description_kind":"plain","required":true},"subnet":{"type":"string","description_kind":"plain","required":true},"subnet_no":{"type":"string","description_kind":"plain","computed":true},"subnet_type":{"type":"string","description_kind":"plain","required":true},"usage_type":{"type":"string","description_kind":"plain","optional":true,"computed":true},"vpc_no":{"type":"string","description":"The id of the VPC that the desired subnet belongs to.","description_kind":"plain","required":true},"zone":{"type":"string","description_kind":"plain","required":true}},"description_kind":"plain"}},"ncloud_vpc":{"version":0,"block":{"attributes":{"default_access_control_group_no":{"type":"string","description_kind":"plain","computed":true},"default_network_acl_no":{"type":"string","description_kind":"plain","computed":true},"default_private_route_table_no":{"type":"string","description_kind":"plain","computed":true},"default_public_route_table_no":{"type":"string","description_kind":"plain","computed":true},"id":{"type":"string","description_kind":"plain","computed":true},"ipv4_cidr_block":{"type":"string","description":"The CIDR block for the vpc","description_kind":"plain","required":true},"name":{"type":"string","description":"Subnet name to create. default: Assigned by NAVER CLOUD PLATFORM","description_kind":"plain","optional":true,"computed":true},"vpc_no":{"type":"string","description_kind":"plain","computed":true}},"description_kind":"plain"}},"ncloud_vpc_peering":{"version":0,"block":{"attributes":{"description":{"type":"string","description_kind":"plain","optional":true,"computed":true},"has_reverse_vpc_peering":{"type":"bool","description_kind":"plain","computed":true},"id":{"type":"string","description_kind":"plain","computed":true},"is_between_accounts":{"type":"bool","description_kind":"plain","computed":true},"name":{"type":"string","description_kind":"plain","optional":true,"computed":true},"source_vpc_no":{"type":"string","description_kind":"plain","required":true},"target_vpc_login_id":{"type":"string","description_kind":"plain","optional":true,"computed":true},"target_vpc_name":{"type":"string","description_kind":"plain","optional":true,"computed":true},"target_vpc_no":{"type":"string","description_kind":"plain","required":true},"vpc_peering_no":{"type":"string","description_kind":"plain","computed":true}},"description_kind":"plain"}}},"data_source_schemas":{"ncloud_access_control_group":{"version":0,"block":{"attributes":{"access_control_group_no":{"type":"string","description_kind":"plain","computed":true},"configuration_no":{"type":"string","description_kind":"plain","deprecated":true,"optional":true},"description":{"type":"string","description_kind":"plain","computed":true},"id":{"type":"string","description_kind":"plain","optional":true,"computed":true},"is_default":{"type":"bool","description_kind":"plain","optional":true,"computed":true},"is_default_group":{"type":"bool","description_kind":"plain","deprecated":true,"optional":true},"name":{"type":"string","description_kind":"plain","optional":true,"computed":true},"vpc_no":{"type":"string","description_kind":"plain","optional":true,"computed":true}},"block_types":{"filter":{"nesting_mode":"set","block":{"attributes":{"name":{"type":"string","description_kind":"plain","required":true},"regex":{"type":"bool","description_kind":"plain","optional":true},"values":{"type":["list","string"],"description_kind":"plain","required":true}},"description_kind":"plain"}}},"description_kind":"plain"}},"ncloud_access_control_groups":{"version":0,"block":{"attributes":{"access_control_groups":{"type":["list","string"],"description":"A List of access control group configuration no","description_kind":"plain","optional":true},"configuration_no_list":{"type":["list","string"],"description":"List of ACG configuration numbers you want to get","description_kind":"plain","optional":true},"id":{"type":"string","description_kind":"plain","optional":true,"computed":true},"is_default":{"type":"bool","description_kind":"plain","optional":true,"computed":true},"is_default_group":{"type":"bool","description_kind":"plain","deprecated":true,"optional":true},"name":{"type":"string","description":"Name of the ACG you want to get","description_kind":"plain","optional":true},"output_file":{"type":"string","description_kind":"plain","optional":true}},"description_kind":"plain"}},"ncloud_auto_scaling_adjustment_types":{"version":0,"block":{"attributes":{"id":{"type":"string","description_kind":"plain","optional":true,"computed":true},"types":{"type":["list",["object",{"code":"string","code_name":"string"}]],"description_kind":"plain","computed":true}},"block_types":{"filter":{"nesting_mode":"set","block":{"attributes":{"name":{"type":"string","description_kind":"plain","required":true},"regex":{"type":"bool","description_kind":"plain","optional":true},"values":{"type":["list","string"],"description_kind":"plain","required":true}},"description_kind":"plain"}}},"description_kind":"plain"}},"ncloud_auto_scaling_group":{"version":0,"block":{"attributes":{"auto_scaling_group_no":{"type":"string","description_kind":"plain","computed":true},"desired_capacity":{"type":"number","description_kind":"plain","computed":true},"health_check_type_code":{"type":"string","description_kind":"plain","computed":true},"id":{"type":"string","description_kind":"plain","optional":true,"computed":true},"launch_configuration_no":{"type":"string","description_kind":"plain","computed":true},"max_size":{"type":"number","description_kind":"plain","computed":true},"min_size":{"type":"number","description_kind":"plain","computed":true},"name":{"type":"string","description_kind":"plain","computed":true},"server_instance_no_list":{"type":["list","string"],"description_kind":"plain","computed":true},"server_name_prefix":{"type":"string","description_kind":"plain","computed":true},"vpc_no":{"type":"string","description_kind":"plain","computed":true}},"block_types":{"filter":{"nesting_mode":"set","block":{"attributes":{"name":{"type":"string","description_kind":"plain","required":true},"regex":{"type":"bool","description_kind":"plain","optional":true},"values":{"type":["list","string"],"description_kind":"plain","required":true}},"description_kind":"plain"}}},"description_kind":"plain"}},"ncloud_auto_scaling_policy":{"version":0,"block":{"attributes":{"adjustment_type_code":{"type":"string","description_kind":"plain","computed":true},"auto_scaling_group_no":{"type":"string","description_kind":"plain","required":true},"id":{"type":"string","description_kind":"plain","optional":true,"computed":true},"name":{"type":"string","description_kind":"plain","computed":true},"scaling_adjustment":{"type":"number","description_kind":"plain","computed":true}},"block_types":{"filter":{"nesting_mode":"set","block":{"attributes":{"name":{"type":"string","description_kind":"plain","required":true},"regex":{"type":"bool","description_kind":"plain","optional":true},"values":{"type":["list","string"],"description_kind":"plain","required":true}},"description_kind":"plain"}}},"description_kind":"plain"}},"ncloud_auto_scaling_schedule":{"version":0,"block":{"attributes":{"auto_scaling_group_no":{"type":"string","description_kind":"plain","required":true},"desired_capacity":{"type":"number","description_kind":"plain","computed":true},"id":{"type":"string","description_kind":"plain","optional":true,"computed":true},"max_size":{"type":"number","description_kind":"plain","computed":true},"min_size":{"type":"number","description_kind":"plain","computed":true},"name":{"type":"string","description_kind":"plain","computed":true},"time_zone":{"type":"string","description_kind":"plain","computed":true}},"block_types":{"filter":{"nesting_mode":"set","block":{"attributes":{"name":{"type":"string","description_kind":"plain","required":true},"regex":{"type":"bool","description_kind":"plain","optional":true},"values":{"type":["list","string"],"description_kind":"plain","required":true}},"description_kind":"plain"}}},"description_kind":"plain"}},"ncloud_block_storage":{"version":0,"block":{"attributes":{"block_storage_no":{"type":"string","description_kind":"plain","computed":true},"description":{"type":"string","description_kind":"plain","computed":true},"device_name":{"type":"string","description_kind":"plain","computed":true},"disk_detail_type":{"type":"string","description_kind":"plain","computed":true},"disk_type":{"type":"string","description_kind":"plain","computed":true},"encrypted_volume":{"type":"bool","description_kind":"plain","computed":true},"hypervisor_type":{"type":"string","description_kind":"plain","computed":true},"id":{"type":"string","description_kind":"plain","optional":true,"computed":true},"max_iops":{"type":"number","description_kind":"plain","computed":true},"name":{"type":"string","description_kind":"plain","computed":true},"product_code":{"type":"string","description_kind":"plain","computed":true},"return_protection":{"type":"bool","description_kind":"plain","computed":true},"server_instance_no":{"type":"string","description_kind":"plain","optional":true,"computed":true},"server_name":{"type":"string","description_kind":"plain","computed":true},"size":{"type":"number","description_kind":"plain","computed":true},"status":{"type":"string","description_kind":"plain","computed":true},"type":{"type":"string","description_kind":"plain","computed":true},"volume_type":{"type":"string","description_kind":"plain","computed":true},"zone":{"type":"string","description_kind":"plain","computed":true}},"block_types":{"filter":{"nesting_mode":"set","block":{"attributes":{"name":{"type":"string","description_kind":"plain","required":true},"regex":{"type":"bool","description_kind":"plain","optional":true},"values":{"type":["list","string"],"description_kind":"plain","required":true}},"description_kind":"plain"}}},"description_kind":"plain"}},"ncloud_block_storage_snapshot":{"version":0,"block":{"attributes":{"block_storage_no":{"type":"string","description_kind":"plain","optional":true,"computed":true},"description":{"type":"string","description_kind":"plain","computed":true},"id":{"type":"string","description_kind":"plain","optional":true,"computed":true},"name":{"type":"string","description_kind":"plain","computed":true},"snapshot_no":{"type":"string","description_kind":"plain","computed":true},"volume_size":{"type":"number","description_kind":"plain","computed":true}},"block_types":{"filter":{"nesting_mode":"set","block":{"attributes":{"name":{"type":"string","description_kind":"plain","required":true},"regex":{"type":"bool","description_kind":"plain","optional":true},"values":{"type":["list","string"],"description_kind":"plain","required":true}},"description_kind":"plain"}}},"description_kind":"plain"}},"ncloud_cdss_cluster":{"version":0,"block":{"attributes":{"config_group_no":{"type":"string","description_kind":"plain","optional":true},"endpoints":{"type":["list",["object",{"hosts_private_endpoint_tls":["list","string"],"hosts_public_endpoint_tls":["list","string"],"plaintext":["list","string"],"public_endpoint_plaintext":["list","string"],"public_endpoint_plaintext_listener_port":["list","string"],"public_endpoint_tls":["list","string"],"public_endpoint_tls_listener_port":["list","string"],"tls":["list","string"],"zookeeper":["list","string"]}]],"description_kind":"plain","computed":true},"id":{"type":"string","description_kind":"plain","computed":true},"kafka_version_code":{"type":"string","description_kind":"plain","optional":true},"name":{"type":"string","description_kind":"plain","optional":true},"os_image":{"type":"string","description_kind":"plain","optional":true},"service_group_instance_no":{"type":"string","description_kind":"plain","computed":true},"vpc_no":{"type":"string","description_kind":"plain","optional":true}},"block_types":{"broker_nodes":{"nesting_mode":"list","block":{"attributes":{"node_count":{"type":"string","description_kind":"plain","optional":true},"node_product_code":{"type":"string","description_kind":"plain","optional":true},"storage_size":{"type":"string","description_kind":"plain","optional":true},"subnet_no":{"type":"string","description_kind":"plain","optional":true}},"description_kind":"plain"}},"cmak":{"nesting_mode":"list","block":{"attributes":{"user_name":{"type":"string","description_kind":"plain","optional":true},"user_password":{"type":"string","description_kind":"plain","optional":true}},"description_kind":"plain"}},"filter":{"nesting_mode":"set","block":{"attributes":{"name":{"type":"string","description_kind":"plain","required":true},"regex":{"type":"bool","description_kind":"plain","optional":true},"values":{"type":["list","string"],"description_kind":"plain","required":true}},"description_kind":"plain"}},"manager_node":{"nesting_mode":"list","block":{"attributes":{"node_product_code":{"type":"string","description_kind":"plain","optional":true},"subnet_no":{"type":"string","description_kind":"plain","optional":true}},"description_kind":"plain"}}},"description_kind":"plain"}},"ncloud_cdss_config_group":{"version":0,"block":{"attributes":{"config_group_no":{"type":"string","description_kind":"plain","computed":true},"description":{"type":"string","description_kind":"plain","computed":true},"id":{"type":"string","description_kind":"plain","computed":true},"kafka_version_code":{"type":"string","description_kind":"plain","required":true},"name":{"type":"string","description_kind":"plain","computed":true}},"block_types":{"filter":{"nesting_mode":"set","block":{"attributes":{"name":{"type":"string","description_kind":"plain","required":true},"regex":{"type":"bool","description_kind":"plain","optional":true},"values":{"type":["list","string"],"description_kind":"plain","required":true}},"description_kind":"plain"}}},"description_kind":"plain"}},"ncloud_cdss_kafka_version":{"version":0,"block":{"attributes":{"id":{"type":"string","description_kind":"plain","computed":true},"name":{"type":"string","description_kind":"plain","computed":true}},"block_types":{"filter":{"nesting_mode":"set","block":{"attributes":{"name":{"type":"string","description_kind":"plain","required":true},"regex":{"type":"bool","description_kind":"plain","optional":true},"values":{"type":["list","string"],"description_kind":"plain","required":true}},"description_kind":"plain"}}},"description_kind":"plain"}},"ncloud_cdss_kafka_versions":{"version":0,"block":{"attributes":{"id":{"type":"string","description_kind":"plain","optional":true,"computed":true},"kafka_versions":{"type":["list",["object",{"id":"string","name":"string"}]],"description_kind":"plain","computed":true}},"description_kind":"plain"}},"ncloud_cdss_node_product":{"version":0,"block":{"attributes":{"cpu_count":{"type":"string","description_kind":"plain","computed":true},"id":{"type":"string","description_kind":"plain","computed":true},"memory_size":{"type":"string","description_kind":"plain","computed":true},"os_image":{"type":"string","description_kind":"plain","required":true},"product_type":{"type":"string","description_kind":"plain","computed":true},"subnet_no":{"type":"string","description_kind":"plain","required":true}},"block_types":{"filter":{"nesting_mode":"set","block":{"attributes":{"name":{"type":"string","description_kind":"plain","required":true},"regex":{"type":"bool","description_kind":"plain","optional":true},"values":{"type":["list","string"],"description_kind":"plain","required":true}},"description_kind":"plain"}}},"description_kind":"plain"}},"ncloud_cdss_node_products":{"version":0,"block":{"attributes":{"id":{"type":"string","description_kind":"plain","optional":true,"computed":true},"node_products":{"type":["list",["object",{"cpu_count":"string","id":"string","memory_size":"string","product_type":"string"}]],"description_kind":"plain","computed":true},"os_image":{"type":"string","description_kind":"plain","required":true},"subnet_no":{"type":"string","description_kind":"plain","required":true}},"description_kind":"plain"}},"ncloud_cdss_os_image":{"version":0,"block":{"attributes":{"id":{"type":"string","description_kind":"plain","computed":true},"image_name":{"type":"string","description_kind":"plain","computed":true}},"block_types":{"filter":{"nesting_mode":"set","block":{"attributes":{"name":{"type":"string","description_kind":"plain","required":true},"regex":{"type":"bool","description_kind":"plain","optional":true},"values":{"type":["list","string"],"description_kind":"plain","required":true}},"description_kind":"plain"}}},"description_kind":"plain"}},"ncloud_cdss_os_images":{"version":0,"block":{"attributes":{"id":{"type":"string","description_kind":"plain","optional":true,"computed":true},"os_images":{"type":["list",["object",{"id":"string","image_name":"string"}]],"description_kind":"plain","computed":true}},"description_kind":"plain"}},"ncloud_hadoop":{"version":0,"block":{"attributes":{"access_control_group_no_list":{"type":["list","string"],"description_kind":"plain","computed":true},"add_on_code_list":{"type":["list","string"],"description_kind":"plain","computed":true},"ambari_server_host":{"type":"string","description_kind":"plain","computed":true},"bucket_name":{"type":"string","description_kind":"plain","computed":true},"cluster_direct_access_account":{"type":"string","description_kind":"plain","computed":true},"cluster_name":{"type":"string","description_kind":"plain","optional":true,"computed":true},"cluster_type_code":{"type":"string","description_kind":"plain","computed":true},"domain":{"type":"string","description_kind":"plain","computed":true},"edge_node_product_code":{"type":"string","description_kind":"plain","computed":true},"edge_node_subnet_no":{"type":"string","description_kind":"plain","computed":true},"hadoop_server_list":{"nested_type":{"attributes":{"cpu_count":{"type":"number","description_kind":"plain","computed":true},"create_date":{"type":"string","description_kind":"plain","computed":true},"data_storage_size":{"type":"number","description_kind":"plain","computed":true},"data_storage_type":{"type":"string","description_kind":"plain","computed":true},"is_public_subnet":{"type":"bool","description_kind":"plain","computed":true},"memory_size":{"type":"number","description_kind":"plain","computed":true},"product_code":{"type":"string","description_kind":"plain","computed":true},"server_instance_no":{"type":"string","description_kind":"plain","computed":true},"server_name":{"type":"string","description_kind":"plain","computed":true},"server_role":{"type":"string","description_kind":"plain","computed":true},"subnet_no":{"type":"string","description_kind":"plain","computed":true},"uptime":{"type":"string","description_kind":"plain","computed":true},"zone_code":{"type":"string","description_kind":"plain","computed":true}},"nesting_mode":"list"},"description_kind":"plain","computed":true},"id":{"type":"string","description_kind":"plain","optional":true,"computed":true},"image_product_code":{"type":"string","description_kind":"plain","computed":true},"is_ha":{"type":"bool","description_kind":"plain","computed":true},"kdc_realm":{"type":"string","description_kind":"plain","computed":true},"login_key_name":{"type":"string","description_kind":"plain","computed":true},"master_node_data_storage_size":{"type":"number","description_kind":"plain","computed":true},"master_node_data_storage_type":{"type":"string","description_kind":"plain","computed":true},"master_node_product_code":{"type":"string","description_kind":"plain","computed":true},"master_node_subnet_no":{"type":"string","description_kind":"plain","computed":true},"region_code":{"type":"string","description_kind":"plain","computed":true},"use_kdc":{"type":"bool","description_kind":"plain","computed":true},"version":{"type":"string","description_kind":"plain","computed":true},"vpc_no":{"type":"string","description_kind":"plain","computed":true},"worker_node_count":{"type":"number","description_kind":"plain","computed":true},"worker_node_data_storage_size":{"type":"number","description_kind":"plain","computed":true},"worker_node_data_storage_type":{"type":"string","description_kind":"plain","computed":true},"worker_node_product_code":{"type":"string","description_kind":"plain","computed":true},"worker_node_subnet_no":{"type":"string","description_kind":"plain","computed":true}},"description_kind":"plain"}},"ncloud_hadoop_add_on":{"version":0,"block":{"attributes":{"add_on_list":{"type":["list","string"],"description_kind":"plain","computed":true},"cluster_type_code":{"type":"string","description_kind":"plain","required":true},"id":{"type":"string","description_kind":"plain","computed":true},"image_product_code":{"type":"string","description_kind":"plain","required":true},"output_file":{"type":"string","description_kind":"plain","optional":true}},"description_kind":"plain"}},"ncloud_hadoop_bucket":{"version":0,"block":{"attributes":{"bucket_list":{"type":["list","string"],"description_kind":"plain","computed":true},"id":{"type":"string","description_kind":"plain","computed":true},"output_file":{"type":"string","description_kind":"plain","optional":true}},"description_kind":"plain"}},"ncloud_hadoop_image_products":{"version":0,"block":{"attributes":{"id":{"type":"string","description_kind":"plain","computed":true},"image_product_list":{"nested_type":{"attributes":{"engine_version_code":{"type":"string","description_kind":"plain","computed":true},"generation_code":{"type":"string","description_kind":"plain","computed":true},"os_information":{"type":"string","description_kind":"plain","computed":true},"platform_type":{"type":"string","description_kind":"plain","computed":true},"product_code":{"type":"string","description_kind":"plain","computed":true},"product_name":{"type":"string","description_kind":"plain","computed":true},"product_type":{"type":"string","description_kind":"plain","computed":true}},"nesting_mode":"list"},"description_kind":"plain","computed":true},"output_file":{"type":"string","description_kind":"plain","optional":true}},"block_types":{"filter":{"nesting_mode":"set","block":{"attributes":{"name":{"type":"string","description_kind":"plain","required":true},"regex":{"type":"bool","description_kind":"plain","optional":true},"values":{"type":["set","string"],"description_kind":"plain","required":true}},"description_kind":"plain"}}},"description_kind":"plain"}},"ncloud_hadoop_products":{"version":0,"block":{"attributes":{"id":{"type":"string","description_kind":"plain","computed":true},"image_product_code":{"type":"string","description_kind":"plain","required":true},"infra_resource_detail_type_code":{"type":"string","description_kind":"plain","optional":true},"output_file":{"type":"string","description_kind":"plain","optional":true}},"block_types":{"filter":{"nesting_mode":"set","block":{"attributes":{"name":{"type":"string","description_kind":"plain","required":true},"regex":{"type":"bool","description_kind":"plain","optional":true},"values":{"type":["set","string"],"description_kind":"plain","required":true}},"description_kind":"plain"}},"product_list":{"nesting_mode":"list","block":{"attributes":{"cpu_count":{"type":"number","description_kind":"plain","computed":true},"disk_type":{"type":"string","description_kind":"plain","computed":true},"infra_resource_detail_type":{"type":"string","description_kind":"plain","computed":true},"infra_resource_type":{"type":"string","description_kind":"plain","computed":true},"memory_size":{"type":"number","description_kind":"plain","computed":true},"product_code":{"type":"string","description_kind":"plain","computed":true},"product_description":{"type":"string","description_kind":"plain","computed":true},"product_name":{"type":"string","description_kind":"plain","computed":true},"product_type":{"type":"string","description_kind":"plain","computed":true}},"description_kind":"plain"}}},"description_kind":"plain"}},"ncloud_init_script":{"version":0,"block":{"attributes":{"description":{"type":"string","description_kind":"plain","computed":true},"id":{"type":"string","description_kind":"plain","optional":true,"computed":true},"init_script_no":{"type":"string","description_kind":"plain","computed":true},"name":{"type":"string","description_kind":"plain","optional":true,"computed":true},"os_type":{"type":"string","description_kind":"plain","optional":true,"computed":true}},"block_types":{"filter":{"nesting_mode":"set","block":{"attributes":{"name":{"type":"string","description_kind":"plain","required":true},"regex":{"type":"bool","description_kind":"plain","optional":true},"values":{"type":["set","string"],"description_kind":"plain","required":true}},"description_kind":"plain"}}},"description_kind":"plain"}},"ncloud_launch_configuration":{"version":0,"block":{"attributes":{"id":{"type":"string","description_kind":"plain","optional":true,"computed":true},"is_encrypted_volume":{"type":"bool","description_kind":"plain","computed":true},"launch_configuration_no":{"type":"string","description_kind":"plain","computed":true},"login_key_name":{"type":"string","description_kind":"plain","computed":true},"name":{"type":"string","description_kind":"plain","computed":true},"server_image_product_code":{"type":"string","description_kind":"plain","computed":true},"server_product_code":{"type":"string","description_kind":"plain","computed":true}},"block_types":{"filter":{"nesting_mode":"set","block":{"attributes":{"name":{"type":"string","description_kind":"plain","required":true},"regex":{"type":"bool","description_kind":"plain","optional":true},"values":{"type":["list","string"],"description_kind":"plain","required":true}},"description_kind":"plain"}}},"description_kind":"plain"}},"ncloud_lb":{"version":0,"block":{"attributes":{"description":{"type":"string","description_kind":"plain","computed":true},"domain":{"type":"string","description_kind":"plain","computed":true},"id":{"type":"string","description_kind":"plain","optional":true,"computed":true},"idle_timeout":{"type":"number","description_kind":"plain","computed":true},"ip_list":{"type":["list","string"],"description_kind":"plain","computed":true},"listener_no_list":{"type":["list","string"],"description_kind":"plain","computed":true},"load_balancer_no":{"type":"string","description_kind":"plain","computed":true},"name":{"type":"string","description_kind":"plain","computed":true},"network_type":{"type":"string","description_kind":"plain","computed":true},"subnet_no_list":{"type":["list","string"],"description_kind":"plain","computed":true},"throughput_type":{"type":"string","description_kind":"plain","computed":true},"type":{"type":"string","description_kind":"plain","computed":true},"vpc_no":{"type":"string","description_kind":"plain","computed":true}},"block_types":{"filter":{"nesting_mode":"set","block":{"attributes":{"name":{"type":"string","description_kind":"plain","required":true},"regex":{"type":"bool","description_kind":"plain","optional":true},"values":{"type":["set","string"],"description_kind":"plain","required":true}},"description_kind":"plain"}}},"description_kind":"plain"}},"ncloud_lb_listener":{"version":0,"block":{"attributes":{"id":{"type":"string","description_kind":"plain","optional":true,"computed":true},"listener_no":{"type":"string","description_kind":"plain","computed":true},"load_balancer_no":{"type":"string","description_kind":"plain","required":true},"port":{"type":"number","description_kind":"plain","computed":true},"protocol":{"type":"string","description_kind":"plain","computed":true},"rule_no_list":{"type":["list","string"],"description_kind":"plain","computed":true},"ssl_certificate_no":{"type":"string","description_kind":"plain","computed":true},"target_group_no":{"type":"string","description_kind":"plain","computed":true},"tls_min_version_type":{"type":"string","description_kind":"plain","computed":true},"use_http2":{"type":"bool","description_kind":"plain","computed":true}},"block_types":{"filter":{"nesting_mode":"set","block":{"attributes":{"name":{"type":"string","description_kind":"plain","required":true},"regex":{"type":"bool","description_kind":"plain","optional":true},"values":{"type":["list","string"],"description_kind":"plain","required":true}},"description_kind":"plain"}}},"description_kind":"plain"}},"ncloud_lb_target_group":{"version":0,"block":{"attributes":{"algorithm_type":{"type":"string","description_kind":"plain","computed":true},"description":{"type":"string","description_kind":"plain","computed":true},"health_check":{"type":["list",["object",{"cycle":"number","down_threshold":"number","http_method":"string","port":"number","protocol":"string","up_threshold":"number","url_path":"string"}]],"description_kind":"plain","computed":true},"id":{"type":"string","description_kind":"plain","optional":true,"computed":true},"load_balancer_instance_no":{"type":"string","description_kind":"plain","computed":true},"name":{"type":"string","description_kind":"plain","computed":true},"port":{"type":"number","description_kind":"plain","computed":true},"protocol":{"type":"string","description_kind":"plain","computed":true},"target_group_no":{"type":"string","description_kind":"plain","computed":true},"target_no_list":{"type":["list","string"],"description_kind":"plain","computed":true},"target_type":{"type":"string","description_kind":"plain","computed":true},"use_proxy_protocol":{"type":"bool","description_kind":"plain","computed":true},"use_sticky_session":{"type":"bool","description_kind":"plain","computed":true},"vpc_no":{"type":"string","description_kind":"plain","computed":true}},"block_types":{"filter":{"nesting_mode":"set","block":{"attributes":{"name":{"type":"string","description_kind":"plain","required":true},"regex":{"type":"bool","description_kind":"plain","optional":true},"values":{"type":["list","string"],"description_kind":"plain","required":true}},"description_kind":"plain"}}},"description_kind":"plain"}},"ncloud_login_key":{"version":0,"block":{"attributes":{"id":{"type":"string","description_kind":"plain","computed":true},"login_key_list":{"nested_type":{"attributes":{"create_date":{"type":"string","description_kind":"plain","computed":true},"fingerprint":{"type":"string","description_kind":"plain","computed":true},"key_name":{"type":"string","description_kind":"plain","computed":true}},"nesting_mode":"list"},"description_kind":"plain","computed":true},"output_file":{"type":"string","description_kind":"plain","optional":true}},"block_types":{"filter":{"nesting_mode":"set","block":{"attributes":{"name":{"type":"string","description_kind":"plain","required":true},"regex":{"type":"bool","description_kind":"plain","optional":true},"values":{"type":["set","string"],"description_kind":"plain","required":true}},"description_kind":"plain"}}},"description_kind":"plain"}},"ncloud_member_server_image":{"version":0,"block":{"attributes":{"block_storage_total_rows":{"type":"number","description":"Member server image block storage total rows","description_kind":"plain","computed":true},"block_storage_total_size":{"type":"number","description":"Member server image block storage total size","description_kind":"plain","computed":true},"description":{"type":"string","description":"Member server image description","description_kind":"plain","computed":true},"id":{"type":"string","description_kind":"plain","optional":true,"computed":true},"name":{"type":"string","description":"Member server image name","description_kind":"plain","computed":true},"name_regex":{"type":"string","description":"A regex string to apply to the member server image list returned by ncloud","description_kind":"plain","deprecated":true,"optional":true},"no":{"type":"string","description":"Member server image no","description_kind":"plain","computed":true},"no_list":{"type":["list","string"],"description":"List of member server images to view","description_kind":"plain","optional":true},"original_base_block_storage_disk_type":{"type":"string","description":"Original base block storage disk type","description_kind":"plain","computed":true},"original_os_information":{"type":"string","description":"Original os information","description_kind":"plain","computed":true},"original_server_image_name":{"type":"string","description":"Original server image name","description_kind":"plain","computed":true},"original_server_image_product_code":{"type":"string","description":"Original server image product code","description_kind":"plain","computed":true},"original_server_instance_no":{"type":"string","description":"Original server instance no","description_kind":"plain","computed":true},"original_server_name":{"type":"string","description":"Original server name","description_kind":"plain","computed":true},"original_server_product_code":{"type":"string","description":"Original server product code","description_kind":"plain","computed":true},"platform_type":{"type":"string","description":"Member server image platform type","description_kind":"plain","computed":true},"platform_type_code_list":{"type":["list","string"],"description":"List of platform codes of server images to view","description_kind":"plain","optional":true},"region":{"type":"string","description":"Region code. Get available values using the `data ncloud_regions`.","description_kind":"plain","deprecated":true,"optional":true}},"block_types":{"filter":{"nesting_mode":"set","block":{"attributes":{"name":{"type":"string","description_kind":"plain","required":true},"regex":{"type":"bool","description_kind":"plain","optional":true},"values":{"type":["list","string"],"description_kind":"plain","required":true}},"description_kind":"plain"}}},"description_kind":"plain"}},"ncloud_member_server_images":{"version":0,"block":{"attributes":{"id":{"type":"string","description_kind":"plain","optional":true,"computed":true},"member_server_images":{"type":["list","string"],"description":"A list of Member server image no","description_kind":"plain","optional":true},"name_regex":{"type":"string","description":"A regex string to apply to the member server image list returned by ncloud","description_kind":"plain","deprecated":true,"optional":true},"no_list":{"type":["list","string"],"description":"List of member server images to view","description_kind":"plain","optional":true},"output_file":{"type":"string","description":"The name of file that can save data source after running `terraform plan`.","description_kind":"plain","optional":true},"platform_type_code_list":{"type":["list","string"],"description":"List of platform codes of server images to view","description_kind":"plain","optional":true},"region":{"type":"string","description":"Region code. Get available values using the `data ncloud_regions`.","description_kind":"plain","deprecated":true,"optional":true}},"block_types":{"filter":{"nesting_mode":"set","block":{"attributes":{"name":{"type":"string","description_kind":"plain","required":true},"regex":{"type":"bool","description_kind":"plain","optional":true},"values":{"type":["list","string"],"description_kind":"plain","required":true}},"description_kind":"plain"}}},"description_kind":"plain"}},"ncloud_mongodb":{"version":0,"block":{"attributes":{"access_control_group_no_list":{"type":["list","string"],"description_kind":"plain","computed":true},"arbiter_port":{"type":"number","description_kind":"plain","computed":true},"backup_file_retention_period":{"type":"number","description_kind":"plain","computed":true},"backup_time":{"type":"string","description_kind":"plain","computed":true},"cluster_type_code":{"type":"string","description_kind":"plain","computed":true},"compress_code":{"type":"string","description_kind":"plain","computed":true},"config_port":{"type":"number","description_kind":"plain","computed":true},"data_storage_type":{"type":"string","description_kind":"plain","computed":true},"engine_version":{"type":"string","description_kind":"plain","computed":true},"id":{"type":"string","description_kind":"plain","optional":true,"computed":true},"image_product_code":{"type":"string","description_kind":"plain","computed":true},"member_port":{"type":"number","description_kind":"plain","computed":true},"mongodb_server_list":{"nested_type":{"attributes":{"cluster_role":{"type":"string","description_kind":"plain","computed":true},"cpu_count":{"type":"number","description_kind":"plain","computed":true},"create_date":{"type":"string","description_kind":"plain","computed":true},"data_storage_size":{"type":"number","description_kind":"plain","computed":true},"memory_size":{"type":"number","description_kind":"plain","computed":true},"private_domain":{"type":"string","description_kind":"plain","computed":true},"product_code":{"type":"string","description_kind":"plain","computed":true},"public_domain":{"type":"string","description_kind":"plain","computed":true},"replica_set_name":{"type":"string","description_kind":"plain","computed":true},"server_instance_no":{"type":"string","description_kind":"plain","computed":true},"server_name":{"type":"string","description_kind":"plain","computed":true},"server_role":{"type":"string","description_kind":"plain","computed":true},"uptime":{"type":"string","description_kind":"plain","computed":true}},"nesting_mode":"list"},"description_kind":"plain","computed":true},"mongos_port":{"type":"number","description_kind":"plain","computed":true},"region_code":{"type":"string","description_kind":"plain","computed":true},"service_name":{"type":"string","description_kind":"plain","optional":true,"computed":true},"shard_count":{"type":"number","description_kind":"plain","computed":true},"subnet_no":{"type":"string","description_kind":"plain","computed":true},"vpc_no":{"type":"string","description_kind":"plain","computed":true},"zone_code":{"type":"string","description_kind":"plain","computed":true}},"description_kind":"plain"}},"ncloud_mongodb_image_products":{"version":0,"block":{"attributes":{"id":{"type":"string","description_kind":"plain","computed":true},"image_product_list":{"nested_type":{"attributes":{"engine_version_code":{"type":"string","description_kind":"plain","computed":true},"generation_code":{"type":"string","description_kind":"plain","computed":true},"os_information":{"type":"string","description_kind":"plain","computed":true},"platform_type":{"type":"string","description_kind":"plain","computed":true},"product_code":{"type":"string","description_kind":"plain","computed":true},"product_name":{"type":"string","description_kind":"plain","computed":true},"product_type":{"type":"string","description_kind":"plain","computed":true}},"nesting_mode":"list"},"description_kind":"plain","computed":true},"output_file":{"type":"string","description_kind":"plain","optional":true}},"block_types":{"filter":{"nesting_mode":"set","block":{"attributes":{"name":{"type":"string","description_kind":"plain","required":true},"regex":{"type":"bool","description_kind":"plain","optional":true},"values":{"type":["set","string"],"description_kind":"plain","required":true}},"description_kind":"plain"}}},"description_kind":"plain"}},"ncloud_mongodb_products":{"version":0,"block":{"attributes":{"id":{"type":"string","description_kind":"plain","computed":true},"image_product_code":{"type":"string","description_kind":"plain","required":true},"infra_resource_detail_type_code":{"type":"string","description_kind":"plain","optional":true},"output_file":{"type":"string","description_kind":"plain","optional":true},"product_list":{"nested_type":{"attributes":{"cpu_count":{"type":"number","description_kind":"plain","computed":true},"disk_type":{"type":"string","description_kind":"plain","computed":true},"infra_resource_detail_type":{"type":"string","description_kind":"plain","computed":true},"infra_resource_type":{"type":"string","description_kind":"plain","computed":true},"memory_size":{"type":"number","description_kind":"plain","computed":true},"product_code":{"type":"string","description_kind":"plain","computed":true},"product_description":{"type":"string","description_kind":"plain","computed":true},"product_name":{"type":"string","description_kind":"plain","computed":true},"product_type":{"type":"string","description_kind":"plain","computed":true}},"nesting_mode":"list"},"description_kind":"plain","computed":true}},"block_types":{"filter":{"nesting_mode":"set","block":{"attributes":{"name":{"type":"string","description_kind":"plain","required":true},"regex":{"type":"bool","description_kind":"plain","optional":true},"values":{"type":["set","string"],"description_kind":"plain","required":true}},"description_kind":"plain"}}},"description_kind":"plain"}},"ncloud_mongodb_users":{"version":0,"block":{"attributes":{"id":{"type":"string","description_kind":"plain","required":true},"mongodb_user_list":{"nested_type":{"attributes":{"authority":{"type":"string","description_kind":"plain","computed":true},"database_name":{"type":"string","description_kind":"plain","computed":true},"name":{"type":"string","description_kind":"plain","computed":true}},"nesting_mode":"list"},"description_kind":"plain","computed":true},"output_file":{"type":"string","description_kind":"plain","optional":true}},"block_types":{"filter":{"nesting_mode":"set","block":{"attributes":{"name":{"type":"string","description_kind":"plain","required":true},"regex":{"type":"bool","description_kind":"plain","optional":true},"values":{"type":["set","string"],"description_kind":"plain","required":true}},"description_kind":"plain"}}},"description_kind":"plain"}},"ncloud_mssql":{"version":0,"block":{"attributes":{"access_control_group_no_list":{"type":["list","string"],"description_kind":"plain","computed":true},"backup_file_retention_period":{"type":"number","description_kind":"plain","computed":true},"backup_time":{"type":"string","description_kind":"plain","computed":true},"character_set_name":{"type":"string","description_kind":"plain","computed":true},"config_group_no":{"type":"string","description_kind":"plain","computed":true},"data_storage_type":{"type":"string","description_kind":"plain","computed":true},"engine_version":{"type":"string","description_kind":"plain","computed":true},"id":{"type":"string","description_kind":"plain","optional":true,"computed":true},"image_product_code":{"type":"string","description_kind":"plain","computed":true},"is_ha":{"type":"bool","description_kind":"plain","computed":true},"mssql_server_list":{"nested_type":{"attributes":{"cpu_count":{"type":"number","description_kind":"plain","computed":true},"create_date":{"type":"string","description_kind":"plain","computed":true},"data_storage_size":{"type":"number","description_kind":"plain","computed":true},"is_public_subnet":{"type":"bool","description_kind":"plain","computed":true},"memory_size":{"type":"number","description_kind":"plain","computed":true},"private_domain":{"type":"string","description_kind":"plain","computed":true},"product_code":{"type":"string","description_kind":"plain","computed":true},"public_domain":{"type":"string","description_kind":"plain","computed":true},"server_instance_no":{"type":"string","description_kind":"plain","computed":true},"server_name":{"type":"string","description_kind":"plain","computed":true},"server_role":{"type":"string","description_kind":"plain","computed":true},"subnet_no":{"type":"string","description_kind":"plain","computed":true},"uptime":{"type":"string","description_kind":"plain","computed":true},"used_data_storage_size":{"type":"number","description_kind":"plain","computed":true},"zone_code":{"type":"string","description_kind":"plain","computed":true}},"nesting_mode":"list"},"description_kind":"plain","computed":true},"port":{"type":"number","description_kind":"plain","computed":true},"region_code":{"type":"string","description_kind":"plain","computed":true},"service_name":{"type":"string","description_kind":"plain","optional":true,"computed":true},"vpc_no":{"type":"string","description_kind":"plain","computed":true}},"description_kind":"plain"}},"ncloud_mssql_image_products":{"version":0,"block":{"attributes":{"id":{"type":"string","description_kind":"plain","computed":true},"image_product_list":{"nested_type":{"attributes":{"generation_code":{"type":"string","description_kind":"plain","computed":true},"os_information":{"type":"string","description_kind":"plain","computed":true},"platform_type":{"type":"string","description_kind":"plain","computed":true},"product_code":{"type":"string","description_kind":"plain","computed":true},"product_name":{"type":"string","description_kind":"plain","computed":true},"product_type":{"type":"string","description_kind":"plain","computed":true}},"nesting_mode":"list"},"description_kind":"plain","computed":true},"output_file":{"type":"string","description_kind":"plain","optional":true}},"block_types":{"filter":{"nesting_mode":"set","block":{"attributes":{"name":{"type":"string","description_kind":"plain","required":true},"regex":{"type":"bool","description_kind":"plain","optional":true},"values":{"type":["set","string"],"description_kind":"plain","required":true}},"description_kind":"plain"}}},"description_kind":"plain"}},"ncloud_mssql_products":{"version":0,"block":{"attributes":{"id":{"type":"string","description_kind":"plain","computed":true},"image_product_code":{"type":"string","description_kind":"plain","required":true},"output_file":{"type":"string","description_kind":"plain","optional":true},"product_list":{"nested_type":{"attributes":{"cpu_count":{"type":"number","description_kind":"plain","computed":true},"disk_type":{"type":"string","description_kind":"plain","computed":true},"infra_resource_type":{"type":"string","description_kind":"plain","computed":true},"memory_size":{"type":"number","description_kind":"plain","computed":true},"product_code":{"type":"string","description_kind":"plain","computed":true},"product_description":{"type":"string","description_kind":"plain","computed":true},"product_name":{"type":"string","description_kind":"plain","computed":true},"product_type":{"type":"string","description_kind":"plain","computed":true}},"nesting_mode":"list"},"description_kind":"plain","computed":true}},"block_types":{"filter":{"nesting_mode":"set","block":{"attributes":{"name":{"type":"string","description_kind":"plain","required":true},"regex":{"type":"bool","description_kind":"plain","optional":true},"values":{"type":["set","string"],"description_kind":"plain","required":true}},"description_kind":"plain"}}},"description_kind":"plain"}},"ncloud_mysql":{"version":0,"block":{"attributes":{"access_control_group_no_list":{"type":["list","string"],"description_kind":"plain","computed":true},"backup_file_retention_period":{"type":"number","description_kind":"plain","computed":true},"backup_time":{"type":"string","description_kind":"plain","computed":true},"data_storage_type":{"type":"string","description_kind":"plain","computed":true},"engine_version_code":{"type":"string","description_kind":"plain","computed":true},"id":{"type":"string","description_kind":"plain","optional":true,"computed":true},"image_product_code":{"type":"string","description_kind":"plain","computed":true},"is_backup":{"type":"bool","description_kind":"plain","computed":true},"is_ha":{"type":"bool","description_kind":"plain","computed":true},"is_multi_zone":{"type":"bool","description_kind":"plain","computed":true},"is_storage_encryption":{"type":"bool","description_kind":"plain","computed":true},"mysql_config_list":{"type":["list","string"],"description_kind":"plain","computed":true},"mysql_server_list":{"nested_type":{"attributes":{"cpu_count":{"type":"number","description_kind":"plain","computed":true},"create_date":{"type":"string","description_kind":"plain","computed":true},"data_storage_size":{"type":"number","description_kind":"plain","computed":true},"is_public_subnet":{"type":"bool","description_kind":"plain","computed":true},"memory_size":{"type":"number","description_kind":"plain","computed":true},"private_domain":{"type":"string","description_kind":"plain","computed":true},"product_code":{"type":"string","description_kind":"plain","computed":true},"public_domain":{"type":"string","description_kind":"plain","computed":true},"server_instance_no":{"type":"string","description_kind":"plain","computed":true},"server_name":{"type":"string","description_kind":"plain","computed":true},"server_role":{"type":"string","description_kind":"plain","computed":true},"subnet_no":{"type":"string","description_kind":"plain","computed":true},"uptime":{"type":"string","description_kind":"plain","computed":true},"used_data_storage_size":{"type":"number","description_kind":"plain","computed":true},"zone_code":{"type":"string","description_kind":"plain","computed":true}},"nesting_mode":"list"},"description_kind":"plain","computed":true},"port":{"type":"number","description_kind":"plain","computed":true},"region_code":{"type":"string","description_kind":"plain","computed":true},"service_name":{"type":"string","description_kind":"plain","optional":true,"computed":true},"vpc_no":{"type":"string","description_kind":"plain","computed":true}},"description_kind":"plain"}},"ncloud_mysql_databases":{"version":0,"block":{"attributes":{"id":{"type":"string","description_kind":"plain","computed":true},"mysql_database_list":{"nested_type":{"attributes":{"name":{"type":"string","description_kind":"plain","computed":true}},"nesting_mode":"list"},"description_kind":"plain","computed":true},"mysql_instance_no":{"type":"string","description_kind":"plain","required":true},"output_file":{"type":"string","description_kind":"plain","optional":true}},"block_types":{"filter":{"nesting_mode":"set","block":{"attributes":{"name":{"type":"string","description_kind":"plain","required":true},"regex":{"type":"bool","description_kind":"plain","optional":true},"values":{"type":["set","string"],"description_kind":"plain","required":true}},"description_kind":"plain"}}},"description_kind":"plain"}},"ncloud_mysql_image_products":{"version":0,"block":{"attributes":{"id":{"type":"string","description_kind":"plain","computed":true},"image_product_list":{"nested_type":{"attributes":{"engine_version_code":{"type":"string","description_kind":"plain","computed":true},"generation_code":{"type":"string","description_kind":"plain","computed":true},"os_information":{"type":"string","description_kind":"plain","computed":true},"platform_type":{"type":"string","description_kind":"plain","computed":true},"product_code":{"type":"string","description_kind":"plain","computed":true},"product_name":{"type":"string","description_kind":"plain","computed":true},"product_type":{"type":"string","description_kind":"plain","computed":true}},"nesting_mode":"list"},"description_kind":"plain","computed":true},"output_file":{"type":"string","description_kind":"plain","optional":true}},"block_types":{"filter":{"nesting_mode":"set","block":{"attributes":{"name":{"type":"string","description_kind":"plain","required":true},"regex":{"type":"bool","description_kind":"plain","optional":true},"values":{"type":["set","string"],"description_kind":"plain","required":true}},"description_kind":"plain"}}},"description_kind":"plain"}},"ncloud_mysql_products":{"version":0,"block":{"attributes":{"id":{"type":"string","description_kind":"plain","computed":true},"image_product_code":{"type":"string","description_kind":"plain","required":true},"output_file":{"type":"string","description_kind":"plain","optional":true},"product_list":{"nested_type":{"attributes":{"cpu_count":{"type":"number","description_kind":"plain","computed":true},"disk_type":{"type":"string","description_kind":"plain","computed":true},"infra_resource_type":{"type":"string","description_kind":"plain","computed":true},"memory_size":{"type":"number","description_kind":"plain","computed":true},"product_code":{"type":"string","description_kind":"plain","computed":true},"product_description":{"type":"string","description_kind":"plain","computed":true},"product_name":{"type":"string","description_kind":"plain","computed":true},"product_type":{"type":"string","description_kind":"plain","computed":true}},"nesting_mode":"list"},"description_kind":"plain","computed":true}},"block_types":{"filter":{"nesting_mode":"set","block":{"attributes":{"name":{"type":"string","description_kind":"plain","required":true},"regex":{"type":"bool","description_kind":"plain","optional":true},"values":{"type":["set","string"],"description_kind":"plain","required":true}},"description_kind":"plain"}}},"description_kind":"plain"}},"ncloud_mysql_users":{"version":0,"block":{"attributes":{"id":{"type":"string","description_kind":"plain","optional":true,"computed":true},"mysql_instance_no":{"type":"string","description_kind":"plain","optional":true,"computed":true},"mysql_user_list":{"nested_type":{"attributes":{"authority":{"type":"string","description_kind":"plain","computed":true},"host_ip":{"type":"string","description_kind":"plain","computed":true},"is_system_table_access":{"type":"bool","description_kind":"plain","computed":true},"name":{"type":"string","description_kind":"plain","computed":true}},"nesting_mode":"list"},"description_kind":"plain","computed":true},"output_file":{"type":"string","description_kind":"plain","optional":true}},"block_types":{"filter":{"nesting_mode":"set","block":{"attributes":{"name":{"type":"string","description_kind":"plain","required":true},"regex":{"type":"bool","description_kind":"plain","optional":true},"values":{"type":["set","string"],"description_kind":"plain","required":true}},"description_kind":"plain"}}},"description_kind":"plain"}},"ncloud_nas_volume":{"version":0,"block":{"attributes":{"description":{"type":"string","description_kind":"plain","computed":true},"id":{"type":"string","description_kind":"plain","optional":true,"computed":true},"is_encrypted_volume":{"type":"bool","description_kind":"plain","computed":true},"is_event_configuration":{"type":"bool","description_kind":"plain","optional":true,"computed":true},"is_return_protection":{"type":"bool","description_kind":"plain","computed":true},"is_snapshot_configuration":{"type":"bool","description_kind":"plain","optional":true,"computed":true},"mount_information":{"type":"string","description_kind":"plain","computed":true},"name":{"type":"string","description_kind":"plain","computed":true},"nas_volume_no":{"type":"string","description_kind":"plain","computed":true},"server_instance_no_list":{"type":["list","string"],"description_kind":"plain","computed":true},"snapshot_volume_size":{"type":"number","description_kind":"plain","computed":true},"volume_allotment_protocol_type":{"type":"string","description_kind":"plain","computed":true},"volume_allotment_protocol_type_code":{"type":"string","description_kind":"plain","optional":true,"computed":true},"volume_name_postfix":{"type":"string","description_kind":"plain","computed":true},"volume_size":{"type":"number","description_kind":"plain","computed":true},"volume_total_size":{"type":"number","description_kind":"plain","computed":true},"zone":{"type":"string","description":"Zone code. Get available values using the `data ncloud_zones`.","description_kind":"plain","optional":true,"computed":true}},"block_types":{"filter":{"nesting_mode":"set","block":{"attributes":{"name":{"type":"string","description_kind":"plain","required":true},"regex":{"type":"bool","description_kind":"plain","optional":true},"values":{"type":["list","string"],"description_kind":"plain","required":true}},"description_kind":"plain"}}},"description_kind":"plain"}},"ncloud_nas_volumes":{"version":0,"block":{"attributes":{"id":{"type":"string","description_kind":"plain","optional":true,"computed":true},"ids":{"type":["list","string"],"description_kind":"plain","computed":true},"is_event_configuration":{"type":"bool","description_kind":"plain","optional":true},"is_snapshot_configuration":{"type":"bool","description_kind":"plain","optional":true},"nas_volumes":{"type":["list",["object",{"description":"string","id":"string","is_encrypted_volume":"bool","is_event_configuration":"bool","is_return_protection":"bool","is_snapshot_configuration":"bool","mount_information":"string","name":"string","nas_volume_no":"string","server_instance_no_list":["list","string"],"snapshot_volume_size":"number","volume_allotment_protocol_type":"string","volume_name_postfix":"string","volume_size":"number","volume_total_size":"number","zone":"string"}]],"description_kind":"plain","computed":true},"no_list":{"type":["list","string"],"description_kind":"plain","optional":true,"computed":true},"output_file":{"type":"string","description_kind":"plain","optional":true},"region":{"type":"string","description":"Region code. Get available values using the `data ncloud_regions`.","description_kind":"plain","optional":true},"volume_allotment_protocol_type_code":{"type":"string","description_kind":"plain","optional":true},"zone":{"type":"string","description":"Zone code. Get available values using the `data ncloud_zones`.","description_kind":"plain","optional":true}},"block_types":{"filter":{"nesting_mode":"set","block":{"attributes":{"name":{"type":"string","description_kind":"plain","required":true},"regex":{"type":"bool","description_kind":"plain","optional":true},"values":{"type":["list","string"],"description_kind":"plain","required":true}},"description_kind":"plain"}}},"description_kind":"plain"}},"ncloud_nat_gateway":{"version":0,"block":{"attributes":{"description":{"type":"string","description_kind":"plain","computed":true},"id":{"type":"string","description_kind":"plain","optional":true,"computed":true},"name":{"type":"string","description_kind":"plain","optional":true,"computed":true},"nat_gateway_no":{"type":"string","description_kind":"plain","computed":true},"private_ip":{"type":"string","description_kind":"plain","computed":true},"public_ip":{"type":"string","description_kind":"plain","computed":true},"public_ip_no":{"type":"string","description_kind":"plain","computed":true},"subnet_name":{"type":"string","description_kind":"plain","computed":true},"subnet_no":{"type":"string","description_kind":"plain","computed":true},"vpc_name":{"type":"string","description_kind":"plain","optional":true},"vpc_no":{"type":"string","description_kind":"plain","computed":true},"zone":{"type":"string","description_kind":"plain","computed":true}},"block_types":{"filter":{"nesting_mode":"set","block":{"attributes":{"name":{"type":"string","description_kind":"plain","required":true},"regex":{"type":"bool","description_kind":"plain","optional":true},"values":{"type":["set","string"],"description_kind":"plain","required":true}},"description_kind":"plain"}}},"description_kind":"plain"}},"ncloud_network_acl_deny_allow_groups":{"version":0,"block":{"attributes":{"id":{"type":"string","description_kind":"plain","optional":true,"computed":true},"name":{"type":"string","description_kind":"plain","optional":true},"network_acl_deny_allow_group_no_list":{"type":["list","string"],"description_kind":"plain","optional":true},"network_acl_deny_allow_groups":{"type":["list",["object",{"description":"string","id":"string","ip_list":["list","string"],"name":"string","network_acl_deny_allow_group_no":"string","vpc_no":"string"}]],"description_kind":"plain","computed":true},"vpc_no":{"type":"string","description_kind":"plain","optional":true}},"block_types":{"filter":{"nesting_mode":"set","block":{"attributes":{"name":{"type":"string","description_kind":"plain","required":true},"regex":{"type":"bool","description_kind":"plain","optional":true},"values":{"type":["list","string"],"description_kind":"plain","required":true}},"description_kind":"plain"}}},"description_kind":"plain"}},"ncloud_network_acls":{"version":0,"block":{"attributes":{"id":{"type":"string","description_kind":"plain","optional":true,"computed":true},"name":{"type":"string","description":"The name of the field to filter by.","description_kind":"plain","optional":true},"network_acl_no_list":{"type":["list","string"],"description":"List of Network ACL ID to retrieve.","description_kind":"plain","optional":true},"network_acls":{"type":["list",["object",{"description":"string","id":"string","is_default":"bool","name":"string","network_acl_no":"string","vpc_no":"string"}]],"description_kind":"plain","computed":true},"vpc_no":{"type":"string","description":"The VPC ID that you want to filter from.","description_kind":"plain","optional":true}},"block_types":{"filter":{"nesting_mode":"set","block":{"attributes":{"name":{"type":"string","description_kind":"plain","required":true},"regex":{"type":"bool","description_kind":"plain","optional":true},"values":{"type":["list","string"],"description_kind":"plain","required":true}},"description_kind":"plain"}}},"description_kind":"plain"}},"ncloud_network_interface":{"version":0,"block":{"attributes":{"access_control_groups":{"type":["list","string"],"description_kind":"plain","computed":true},"description":{"type":"string","description_kind":"plain","computed":true},"id":{"type":"string","description_kind":"plain","optional":true,"computed":true},"instance_type":{"type":"string","description_kind":"plain","computed":true},"is_default":{"type":"bool","description_kind":"plain","computed":true},"name":{"type":"string","description_kind":"plain","optional":true,"computed":true},"network_interface_no":{"type":"string","description_kind":"plain","computed":true},"private_ip":{"type":"string","description_kind":"plain","optional":true,"computed":true},"server_instance_no":{"type":"string","description_kind":"plain","computed":true},"status":{"type":"string","description_kind":"plain","computed":true},"subnet_no":{"type":"string","description_kind":"plain","computed":true}},"block_types":{"filter":{"nesting_mode":"set","block":{"attributes":{"name":{"type":"string","description_kind":"plain","required":true},"regex":{"type":"bool","description_kind":"plain","optional":true},"values":{"type":["list","string"],"description_kind":"plain","required":true}},"description_kind":"plain"}}},"description_kind":"plain"}},"ncloud_network_interfaces":{"version":0,"block":{"attributes":{"id":{"type":"string","description_kind":"plain","optional":true,"computed":true},"name":{"type":"string","description_kind":"plain","optional":true,"computed":true},"network_interfaces":{"type":["list",["object",{"access_control_groups":["list","string"],"description":"string","id":"string","instance_type":"string","is_default":"bool","name":"string","network_interface_no":"string","private_ip":"string","server_instance_no":"string","status":"string","subnet_no":"string"}]],"description_kind":"plain","computed":true},"private_ip":{"type":"string","description_kind":"plain","optional":true,"computed":true}},"block_types":{"filter":{"nesting_mode":"set","block":{"attributes":{"name":{"type":"string","description_kind":"plain","required":true},"regex":{"type":"bool","description_kind":"plain","optional":true},"values":{"type":["list","string"],"description_kind":"plain","required":true}},"description_kind":"plain"}}},"description_kind":"plain"}},"ncloud_nks_cluster":{"version":0,"block":{"attributes":{"access_entries":{"type":["set",["object",{"entry":"string","groups":["list","string"],"policies":["list",["object",{"namespaces":["list","string"],"scope":"string","type":"string"}]]}]],"description_kind":"plain","computed":true},"acg_no":{"type":"string","description_kind":"plain","computed":true},"auth_type":{"type":"string","description_kind":"plain","computed":true},"cluster_type":{"type":"string","description_kind":"plain","computed":true},"endpoint":{"type":"string","description_kind":"plain","computed":true},"hypervisor_code":{"type":"string","description_kind":"plain","optional":true,"computed":true},"id":{"type":"string","description_kind":"plain","optional":true,"computed":true},"ip_acl":{"type":["set",["object",{"action":"string","address":"string","comment":"string"}]],"description_kind":"plain","optional":true},"ip_acl_default_action":{"type":"string","description_kind":"plain","optional":true},"k8s_version":{"type":"string","description_kind":"plain","computed":true},"kms_key_tag":{"type":"string","description_kind":"plain","computed":true},"kube_network_plugin":{"type":"string","description_kind":"plain","optional":true,"computed":true},"lb_private_subnet_no":{"type":"string","description_kind":"plain","computed":true},"lb_public_subnet_no":{"type":"string","description_kind":"plain","computed":true},"log":{"type":["list",["object",{"audit":"bool"}]],"description_kind":"plain","computed":true},"login_key_name":{"type":"string","description_kind":"plain","computed":true},"name":{"type":"string","description_kind":"plain","computed":true},"public_network":{"type":"bool","description_kind":"plain","computed":true},"return_protection":{"type":"bool","description_kind":"plain","computed":true},"subnet_no_list":{"type":["list","string"],"description_kind":"plain","computed":true},"uuid":{"type":"string","description_kind":"plain","required":true},"vpc_no":{"type":"string","description_kind":"plain","computed":true},"zone":{"type":"string","description_kind":"plain","computed":true}},"block_types":{"oidc":{"nesting_mode":"list","block":{"attributes":{"client_id":{"type":"string","description_kind":"plain","required":true},"groups_claim":{"type":"string","description_kind":"plain","optional":true},"groups_prefix":{"type":"string","description_kind":"plain","optional":true},"issuer_url":{"type":"string","description_kind":"plain","required":true},"required_claim":{"type":"string","description_kind":"plain","optional":true},"username_claim":{"type":"string","description_kind":"plain","optional":true},"username_prefix":{"type":"string","description_kind":"plain","optional":true}},"description_kind":"plain"},"max_items":1}},"description_kind":"plain"}},"ncloud_nks_clusters":{"version":0,"block":{"attributes":{"cluster_uuids":{"type":["set","string"],"description_kind":"plain","computed":true},"id":{"type":"string","description_kind":"plain","optional":true,"computed":true}},"description_kind":"plain"}},"ncloud_nks_kube_config":{"version":0,"block":{"attributes":{"client_certificate":{"type":"string","description_kind":"plain","computed":true},"client_key":{"type":"string","description_kind":"plain","computed":true},"cluster_ca_certificate":{"type":"string","description_kind":"plain","computed":true},"cluster_uuid":{"type":"string","description_kind":"plain","required":true},"host":{"type":"string","description_kind":"plain","computed":true},"id":{"type":"string","description_kind":"plain","optional":true,"computed":true}},"description_kind":"plain"}},"ncloud_nks_node_pool":{"version":0,"block":{"attributes":{"autoscale":{"type":["list",["object",{"enabled":"bool","max":"number","min":"number"}]],"description_kind":"plain","computed":true},"cluster_uuid":{"type":"string","description_kind":"plain","required":true},"fabric_cluster":{"type":["list",["object",{"pool_name":"string","pool_no":"number"}]],"description_kind":"plain","computed":true},"id":{"type":"string","description_kind":"plain","optional":true,"computed":true},"instance_no":{"type":"string","description_kind":"plain","computed":true},"k8s_version":{"type":"string","description_kind":"plain","computed":true},"label":{"type":["set",["object",{"key":"string","value":"string"}]],"description_kind":"plain","optional":true},"node_count":{"type":"number","description_kind":"plain","computed":true},"node_pool_name":{"type":"string","description_kind":"plain","required":true},"nodes":{"type":["list",["object",{"container_version":"string","instance_no":"number","kernel_version":"string","name":"string","node_status":"string","private_ip":"string","public_ip":"string","spec":"string"}]],"description_kind":"plain","computed":true},"product_code":{"type":"string","description_kind":"plain","computed":true},"server_role_id":{"type":"string","description_kind":"plain","computed":true},"server_spec_code":{"type":"string","description_kind":"plain","computed":true},"software_code":{"type":"string","description_kind":"plain","computed":true},"storage_size":{"type":"string","description_kind":"plain","computed":true},"subnet_no":{"type":"string","description_kind":"plain","deprecated":true,"computed":true},"subnet_no_list":{"type":["list","string"],"description_kind":"plain","computed":true},"taint":{"type":["set",["object",{"effect":"string","key":"string","value":"string"}]],"description_kind":"plain","optional":true}},"description_kind":"plain"}},"ncloud_nks_node_pools":{"version":0,"block":{"attributes":{"cluster_uuid":{"type":"string","description_kind":"plain","required":true},"id":{"type":"string","description_kind":"plain","optional":true,"computed":true},"node_pool_names":{"type":["set","string"],"description_kind":"plain","computed":true}},"description_kind":"plain"}},"ncloud_nks_server_images":{"version":0,"block":{"attributes":{"hypervisor_code":{"type":"string","description_kind":"plain","optional":true},"id":{"type":"string","description_kind":"plain","optional":true,"computed":true},"images":{"type":["list",["object",{"label":"string","value":"string"}]],"description_kind":"plain","computed":true}},"block_types":{"filter":{"nesting_mode":"set","block":{"attributes":{"name":{"type":"string","description_kind":"plain","required":true},"regex":{"type":"bool","description_kind":"plain","optional":true},"values":{"type":["list","string"],"description_kind":"plain","required":true}},"description_kind":"plain"}}},"description_kind":"plain"}},"ncloud_nks_server_products":{"version":0,"block":{"attributes":{"id":{"type":"string","description_kind":"plain","optional":true,"computed":true},"products":{"type":["list",["object",{"cpu_count":"string","detail":["list",["object",{"cpu_count":"string","gpu_count":"string","gpu_memory_size":"string","memory_size":"string","product_code":"string","product_english_desc":"string","product_korean_desc":"string","product_type":"string"}]],"fabric_cluster_list":["list",["object",{"pool_name":"string","pool_no":"number"}]],"gpu_count":"string","gpu_memory_size":"string","is_fabric_cluster_type":"bool","label":"string","memory_size":"string","product_code":"string","product_english_desc":"string","product_korean_desc":"string","product_type":"string","value":"string"}]],"description_kind":"plain","computed":true},"software_code":{"type":"string","description_kind":"plain","required":true},"zone":{"type":"string","description_kind":"plain","required":true}},"block_types":{"filter":{"nesting_mode":"set","block":{"attributes":{"name":{"type":"string","description_kind":"plain","required":true},"regex":{"type":"bool","description_kind":"plain","optional":true},"values":{"type":["list","string"],"description_kind":"plain","required":true}},"description_kind":"plain"}}},"description_kind":"plain"}},"ncloud_nks_versions":{"version":0,"block":{"attributes":{"hypervisor_code":{"type":"string","description_kind":"plain","optional":true},"id":{"type":"string","description_kind":"plain","optional":true,"computed":true},"versions":{"type":["list",["object",{"label":"string","value":"string"}]],"description_kind":"plain","computed":true}},"block_types":{"filter":{"nesting_mode":"set","block":{"attributes":{"name":{"type":"string","description_kind":"plain","required":true},"regex":{"type":"bool","description_kind":"plain","optional":true},"values":{"type":["list","string"],"description_kind":"plain","required":true}},"description_kind":"plain"}}},"description_kind":"plain"}},"ncloud_objectstorage_bucket":{"version":0,"block":{"attributes":{"bucket_name":{"type":"string","description":"Bucket Name for Object Storage","description_kind":"plain","required":true},"creation_date":{"type":"string","description_kind":"plain","computed":true},"id":{"type":"string","description_kind":"plain","computed":true},"owner_displayname":{"type":"string","description_kind":"plain","computed":true},"owner_id":{"type":"string","description_kind":"plain","computed":true}},"description_kind":"plain"}},"ncloud_objectstorage_object":{"version":0,"block":{"attributes":{"accept_ranges":{"type":"string","description_kind":"plain","computed":true},"body":{"type":"string","description_kind":"plain","computed":true},"bucket":{"type":"string","description_kind":"plain","computed":true},"content_encoding":{"type":"string","description_kind":"plain","computed":true},"content_language":{"type":"string","description_kind":"plain","computed":true},"content_length":{"type":"number","description_kind":"plain","computed":true},"content_type":{"type":"string","description_kind":"plain","computed":true},"etag":{"type":"string","description_kind":"plain","computed":true},"expiration":{"type":"string","description_kind":"plain","computed":true},"id":{"type":"string","description_kind":"plain","computed":true},"key":{"type":"string","description_kind":"plain","computed":true},"last_modified":{"type":"string","description_kind":"plain","computed":true},"object_id":{"type":"string","description_kind":"plain","required":true},"parts_count":{"type":"number","description_kind":"plain","computed":true},"source":{"type":"string","description_kind":"plain","computed":true},"version_id":{"type":"string","description_kind":"plain","computed":true},"website_redirect_location":{"type":"string","description_kind":"plain","computed":true}},"description_kind":"plain"}},"ncloud_placement_group":{"version":0,"block":{"attributes":{"id":{"type":"string","description_kind":"plain","optional":true,"computed":true},"name":{"type":"string","description_kind":"plain","optional":true,"computed":true},"placement_group_no":{"type":"string","description_kind":"plain","computed":true},"placement_group_type":{"type":"string","description_kind":"plain","optional":true,"computed":true}},"block_types":{"filter":{"nesting_mode":"set","block":{"attributes":{"name":{"type":"string","description_kind":"plain","required":true},"regex":{"type":"bool","description_kind":"plain","optional":true},"values":{"type":["list","string"],"description_kind":"plain","required":true}},"description_kind":"plain"}}},"description_kind":"plain"}},"ncloud_postgresql":{"version":0,"block":{"attributes":{"access_control_group_no_list":{"type":["list","string"],"description_kind":"plain","computed":true},"backup":{"type":"bool","description_kind":"plain","computed":true},"backup_file_retention_period":{"type":"number","description_kind":"plain","computed":true},"backup_time":{"type":"string","description_kind":"plain","computed":true},"data_storage_type":{"type":"string","description_kind":"plain","computed":true},"engine_version":{"type":"string","description_kind":"plain","computed":true},"generation_code":{"type":"string","description_kind":"plain","computed":true},"ha":{"type":"bool","description_kind":"plain","computed":true},"id":{"type":"string","description_kind":"plain","optional":true,"computed":true},"image_product_code":{"type":"string","description_kind":"plain","computed":true},"multi_zone":{"type":"bool","description_kind":"plain","computed":true},"port":{"type":"number","description_kind":"plain","computed":true},"postgresql_config_list":{"type":["list","string"],"description_kind":"plain","computed":true},"postgresql_server_list":{"nested_type":{"attributes":{"cpu_count":{"type":"number","description_kind":"plain","computed":true},"create_date":{"type":"string","description_kind":"plain","computed":true},"data_storage_size":{"type":"number","description_kind":"plain","computed":true},"memory_size":{"type":"number","description_kind":"plain","computed":true},"private_domain":{"type":"string","description_kind":"plain","computed":true},"private_ip":{"type":"string","description_kind":"plain","computed":true},"product_code":{"type":"string","description_kind":"plain","computed":true},"public_domain":{"type":"string","description_kind":"plain","computed":true},"public_subnet":{"type":"bool","description_kind":"plain","computed":true},"server_instance_no":{"type":"string","description_kind":"plain","computed":true},"server_name":{"type":"string","description_kind":"plain","computed":true},"server_role":{"type":"string","description_kind":"plain","computed":true},"subnet_no":{"type":"string","description_kind":"plain","computed":true},"uptime":{"type":"string","description_kind":"plain","computed":true},"used_data_storage_size":{"type":"number","description_kind":"plain","computed":true},"zone_code":{"type":"string","description_kind":"plain","computed":true}},"nesting_mode":"list"},"description_kind":"plain","computed":true},"region_code":{"type":"string","description_kind":"plain","computed":true},"service_name":{"type":"string","description_kind":"plain","optional":true,"computed":true},"storage_encryption":{"type":"bool","description_kind":"plain","computed":true},"vpc_no":{"type":"string","description_kind":"plain","computed":true}},"description_kind":"plain"}},"ncloud_postgresql_databases":{"version":0,"block":{"attributes":{"id":{"type":"string","description_kind":"plain","required":true},"output_file":{"type":"string","description_kind":"plain","optional":true},"postgresql_database_list":{"nested_type":{"attributes":{"name":{"type":"string","description_kind":"plain","computed":true},"owner":{"type":"string","description_kind":"plain","computed":true}},"nesting_mode":"list"},"description_kind":"plain","computed":true}},"block_types":{"filter":{"nesting_mode":"set","block":{"attributes":{"name":{"type":"string","description_kind":"plain","required":true},"regex":{"type":"bool","description_kind":"plain","optional":true},"values":{"type":["set","string"],"description_kind":"plain","required":true}},"description_kind":"plain"}}},"description_kind":"plain"}},"ncloud_postgresql_image_products":{"version":0,"block":{"attributes":{"id":{"type":"string","description_kind":"plain","computed":true},"image_product_list":{"nested_type":{"attributes":{"engine_version_code":{"type":"string","description_kind":"plain","computed":true},"generation_code":{"type":"string","description_kind":"plain","computed":true},"os_information":{"type":"string","description_kind":"plain","computed":true},"platform_type":{"type":"string","description_kind":"plain","computed":true},"product_code":{"type":"string","description_kind":"plain","computed":true},"product_name":{"type":"string","description_kind":"plain","computed":true},"product_type":{"type":"string","description_kind":"plain","computed":true}},"nesting_mode":"list"},"description_kind":"plain","computed":true},"output_file":{"type":"string","description_kind":"plain","optional":true}},"block_types":{"filter":{"nesting_mode":"set","block":{"attributes":{"name":{"type":"string","description_kind":"plain","required":true},"regex":{"type":"bool","description_kind":"plain","optional":true},"values":{"type":["set","string"],"description_kind":"plain","required":true}},"description_kind":"plain"}}},"description_kind":"plain"}},"ncloud_postgresql_products":{"version":0,"block":{"attributes":{"id":{"type":"string","description_kind":"plain","computed":true},"image_product_code":{"type":"string","description_kind":"plain","required":true},"output_file":{"type":"string","description_kind":"plain","optional":true},"product_list":{"nested_type":{"attributes":{"cpu_count":{"type":"number","description_kind":"plain","computed":true},"disk_type":{"type":"string","description_kind":"plain","computed":true},"infra_resource_type":{"type":"string","description_kind":"plain","computed":true},"memory_size":{"type":"number","description_kind":"plain","computed":true},"product_code":{"type":"string","description_kind":"plain","computed":true},"product_description":{"type":"string","description_kind":"plain","computed":true},"product_name":{"type":"string","description_kind":"plain","computed":true},"product_type":{"type":"string","description_kind":"plain","computed":true}},"nesting_mode":"list"},"description_kind":"plain","computed":true}},"block_types":{"filter":{"nesting_mode":"set","block":{"attributes":{"name":{"type":"string","description_kind":"plain","required":true},"regex":{"type":"bool","description_kind":"plain","optional":true},"values":{"type":["set","string"],"description_kind":"plain","required":true}},"description_kind":"plain"}}},"description_kind":"plain"}},"ncloud_postgresql_users":{"version":0,"block":{"attributes":{"id":{"type":"string","description_kind":"plain","required":true},"output_file":{"type":"string","description_kind":"plain","optional":true},"postgresql_user_list":{"nested_type":{"attributes":{"client_cidr":{"type":"string","description_kind":"plain","computed":true},"name":{"type":"string","description_kind":"plain","computed":true},"replication_role":{"type":"bool","description_kind":"plain","computed":true}},"nesting_mode":"list"},"description_kind":"plain","computed":true}},"block_types":{"filter":{"nesting_mode":"set","block":{"attributes":{"name":{"type":"string","description_kind":"plain","required":true},"regex":{"type":"bool","description_kind":"plain","optional":true},"values":{"type":["set","string"],"description_kind":"plain","required":true}},"description_kind":"plain"}}},"description_kind":"plain"}},"ncloud_public_ip":{"version":0,"block":{"attributes":{"description":{"type":"string","description_kind":"plain","computed":true},"id":{"type":"string","description_kind":"plain","optional":true,"computed":true},"instance_no":{"type":"string","description_kind":"plain","deprecated":true,"computed":true},"instance_no_list":{"type":["list","string"],"description_kind":"plain","deprecated":true,"optional":true},"internet_line_type":{"type":"string","description_kind":"plain","deprecated":true,"optional":true,"computed":true},"is_associated":{"type":"bool","description_kind":"plain","optional":true},"kind_type":{"type":"string","description_kind":"plain","computed":true},"list":{"type":["list","string"],"description_kind":"plain","deprecated":true,"optional":true},"public_ip":{"type":"string","description_kind":"plain","computed":true},"public_ip_no":{"type":"string","description_kind":"plain","computed":true},"region":{"type":"string","description_kind":"plain","deprecated":true,"optional":true},"search_filter_name":{"type":"string","description_kind":"plain","deprecated":true,"optional":true},"search_filter_value":{"type":"string","description_kind":"plain","deprecated":true,"optional":true},"server_instance_no":{"type":"string","description_kind":"plain","computed":true},"server_name":{"type":"string","description_kind":"plain","computed":true},"sorted_by":{"type":"string","description_kind":"plain","deprecated":true,"optional":true},"sorting_order":{"type":"string","description_kind":"plain","deprecated":true,"optional":true}},"block_types":{"filter":{"nesting_mode":"set","block":{"attributes":{"name":{"type":"string","description_kind":"plain","required":true},"regex":{"type":"bool","description_kind":"plain","optional":true},"values":{"type":["list","string"],"description_kind":"plain","required":true}},"description_kind":"plain"}}},"description_kind":"plain"}},"ncloud_redis":{"version":0,"block":{"attributes":{"access_control_group_no_list":{"type":["list","string"],"description_kind":"plain","computed":true},"backup_file_retention_period":{"type":"number","description_kind":"plain","computed":true},"backup_schedule":{"type":"string","description_kind":"plain","computed":true},"backup_time":{"type":"string","description_kind":"plain","computed":true},"config_group_no":{"type":"string","description_kind":"plain","computed":true},"id":{"type":"string","description_kind":"plain","optional":true,"computed":true},"image_product_code":{"type":"string","description_kind":"plain","computed":true},"is_backup":{"type":"bool","description_kind":"plain","computed":true},"is_ha":{"type":"bool","description_kind":"plain","computed":true},"mode":{"type":"string","description_kind":"plain","computed":true},"port":{"type":"number","description_kind":"plain","computed":true},"product_code":{"type":"string","description_kind":"plain","computed":true},"redis_server_list":{"nested_type":{"attributes":{"create_date":{"type":"string","description_kind":"plain","computed":true},"memory_size":{"type":"number","description_kind":"plain","computed":true},"os_memory_size":{"type":"number","description_kind":"plain","computed":true},"private_domain":{"type":"string","description_kind":"plain","computed":true},"redis_server_instance_no":{"type":"string","description_kind":"plain","computed":true},"redis_server_name":{"type":"string","description_kind":"plain","computed":true},"redis_server_role":{"type":"string","description_kind":"plain","computed":true},"uptime":{"type":"string","description_kind":"plain","computed":true}},"nesting_mode":"list"},"description_kind":"plain","computed":true},"region_code":{"type":"string","description_kind":"plain","computed":true},"server_name_prefix":{"type":"string","description_kind":"plain","computed":true},"service_name":{"type":"string","description_kind":"plain","optional":true,"computed":true},"subnet_no":{"type":"string","description_kind":"plain","computed":true},"vpc_no":{"type":"string","description_kind":"plain","computed":true}},"description_kind":"plain"}},"ncloud_redis_config_group":{"version":0,"block":{"attributes":{"description":{"type":"string","description_kind":"plain","computed":true},"id":{"type":"string","description_kind":"plain","computed":true},"name":{"type":"string","description_kind":"plain","required":true},"redis_version":{"type":"string","description_kind":"plain","computed":true}},"description_kind":"plain"}},"ncloud_redis_image_products":{"version":0,"block":{"attributes":{"id":{"type":"string","description_kind":"plain","computed":true},"image_product_list":{"nested_type":{"attributes":{"engine_version_code":{"type":"string","description_kind":"plain","computed":true},"generation_code":{"type":"string","description_kind":"plain","computed":true},"os_information":{"type":"string","description_kind":"plain","computed":true},"platform_type":{"type":"string","description_kind":"plain","computed":true},"product_code":{"type":"string","description_kind":"plain","computed":true},"product_name":{"type":"string","description_kind":"plain","computed":true},"product_type":{"type":"string","description_kind":"plain","computed":true}},"nesting_mode":"list"},"description_kind":"plain","computed":true},"output_file":{"type":"string","description_kind":"plain","optional":true}},"block_types":{"filter":{"nesting_mode":"set","block":{"attributes":{"name":{"type":"string","description_kind":"plain","required":true},"regex":{"type":"bool","description_kind":"plain","optional":true},"values":{"type":["set","string"],"description_kind":"plain","required":true}},"description_kind":"plain"}}},"description_kind":"plain"}},"ncloud_redis_products":{"version":0,"block":{"attributes":{"id":{"type":"string","description_kind":"plain","computed":true},"output_file":{"type":"string","description_kind":"plain","optional":true},"product_list":{"nested_type":{"attributes":{"cpu_count":{"type":"number","description_kind":"plain","computed":true},"disk_type":{"type":"string","description_kind":"plain","computed":true},"infra_resource_type":{"type":"string","description_kind":"plain","computed":true},"memory_size":{"type":"number","description_kind":"plain","computed":true},"product_code":{"type":"string","description_kind":"plain","computed":true},"product_description":{"type":"string","description_kind":"plain","computed":true},"product_name":{"type":"string","description_kind":"plain","computed":true},"product_type":{"type":"string","description_kind":"plain","computed":true}},"nesting_mode":"list"},"description_kind":"plain","computed":true},"redis_image_product_code":{"type":"string","description_kind":"plain","required":true}},"block_types":{"filter":{"nesting_mode":"set","block":{"attributes":{"name":{"type":"string","description_kind":"plain","required":true},"regex":{"type":"bool","description_kind":"plain","optional":true},"values":{"type":["set","string"],"description_kind":"plain","required":true}},"description_kind":"plain"}}},"description_kind":"plain"}},"ncloud_regions":{"version":0,"block":{"attributes":{"code":{"type":"string","description_kind":"plain","optional":true},"id":{"type":"string","description_kind":"plain","optional":true,"computed":true},"output_file":{"type":"string","description_kind":"plain","optional":true}},"block_types":{"filter":{"nesting_mode":"set","block":{"attributes":{"name":{"type":"string","description_kind":"plain","required":true},"regex":{"type":"bool","description_kind":"plain","optional":true},"values":{"type":["list","string"],"description_kind":"plain","required":true}},"description_kind":"plain"}},"regions":{"nesting_mode":"list","block":{"attributes":{"region_code":{"type":"string","description_kind":"plain","computed":true},"region_name":{"type":"string","description_kind":"plain","computed":true},"region_no":{"type":"string","description_kind":"plain","computed":true}},"description_kind":"plain"}}},"description_kind":"plain"}},"ncloud_root_password":{"version":0,"block":{"attributes":{"id":{"type":"string","description_kind":"plain","optional":true,"computed":true},"private_key":{"type":"string","description_kind":"plain","required":true,"sensitive":true},"root_password":{"type":"string","description_kind":"plain","computed":true,"sensitive":true},"server_instance_no":{"type":"string","description_kind":"plain","required":true}},"description_kind":"plain"}},"ncloud_route_table":{"version":0,"block":{"attributes":{"description":{"type":"string","description_kind":"plain","computed":true},"id":{"type":"string","description_kind":"plain","optional":true,"computed":true},"is_default":{"type":"bool","description_kind":"plain","computed":true},"name":{"type":"string","description_kind":"plain","optional":true,"computed":true},"route_table_no":{"type":"string","description_kind":"plain","computed":true},"supported_subnet_type":{"type":"string","description_kind":"plain","optional":true,"computed":true},"vpc_no":{"type":"string","description_kind":"plain","optional":true,"computed":true}},"block_types":{"filter":{"nesting_mode":"set","block":{"attributes":{"name":{"type":"string","description_kind":"plain","required":true},"regex":{"type":"bool","description_kind":"plain","optional":true},"values":{"type":["list","string"],"description_kind":"plain","required":true}},"description_kind":"plain"}}},"description_kind":"plain"}},"ncloud_route_tables":{"version":0,"block":{"attributes":{"id":{"type":"string","description_kind":"plain","optional":true,"computed":true},"name":{"type":"string","description_kind":"plain","optional":true},"route_tables":{"type":["list",["object",{"description":"string","id":"string","is_default":"bool","name":"string","route_table_no":"string","supported_subnet_type":"string","vpc_no":"string"}]],"description_kind":"plain","computed":true},"supported_subnet_type":{"type":"string","description_kind":"plain","optional":true},"vpc_no":{"type":"string","description_kind":"plain","optional":true}},"block_types":{"filter":{"nesting_mode":"set","block":{"attributes":{"name":{"type":"string","description_kind":"plain","required":true},"regex":{"type":"bool","description_kind":"plain","optional":true},"values":{"type":["list","string"],"description_kind":"plain","required":true}},"description_kind":"plain"}}},"description_kind":"plain"}},"ncloud_server":{"version":0,"block":{"attributes":{"base_block_storage_disk_detail_type":{"type":"string","description_kind":"plain","computed":true},"base_block_storage_disk_type":{"type":"string","description_kind":"plain","computed":true},"base_block_storage_size":{"type":"number","description_kind":"plain","computed":true},"cpu_count":{"type":"number","description_kind":"plain","computed":true},"description":{"type":"string","description_kind":"plain","computed":true},"hypervisor_type":{"type":"string","description_kind":"plain","computed":true},"id":{"type":"string","description_kind":"plain","optional":true,"computed":true},"init_script_no":{"type":"string","description_kind":"plain","computed":true},"instance_no":{"type":"string","description_kind":"plain","computed":true},"is_encrypted_base_block_storage_volume":{"type":"bool","description_kind":"plain","computed":true},"is_fee_charging_monitoring":{"type":"bool","description_kind":"plain","deprecated":true,"computed":true},"is_protect_server_termination":{"type":"bool","description_kind":"plain","computed":true},"login_key_name":{"type":"string","description_kind":"plain","computed":true},"memory_size":{"type":"number","description_kind":"plain","computed":true},"name":{"type":"string","description_kind":"plain","computed":true},"network_interface":{"type":["list",["object",{"network_interface_no":"string","order":"number","private_ip":"string","subnet_no":"string"}]],"description_kind":"plain","computed":true},"placement_group_no":{"type":"string","description_kind":"plain","computed":true},"platform_type":{"type":"string","description_kind":"plain","computed":true},"port_forwarding_external_port":{"type":"number","description_kind":"plain","computed":true},"port_forwarding_internal_port":{"type":"number","description_kind":"plain","computed":true},"port_forwarding_public_ip":{"type":"string","description_kind":"plain","computed":true},"private_ip":{"type":"string","description_kind":"plain","computed":true},"public_ip":{"type":"string","description_kind":"plain","computed":true},"region":{"type":"string","description_kind":"plain","deprecated":true,"computed":true},"server_image_name":{"type":"string","description_kind":"plain","computed":true},"server_image_number":{"type":"string","description_kind":"plain","computed":true},"server_image_product_code":{"type":"string","description_kind":"plain","computed":true},"server_product_code":{"type":"string","description_kind":"plain","computed":true},"server_spec_code":{"type":"string","description_kind":"plain","computed":true},"subnet_no":{"type":"string","description_kind":"plain","computed":true},"vpc_no":{"type":"string","description_kind":"plain","computed":true},"zone":{"type":"string","description_kind":"plain","computed":true}},"block_types":{"filter":{"nesting_mode":"set","block":{"attributes":{"name":{"type":"string","description_kind":"plain","required":true},"regex":{"type":"bool","description_kind":"plain","optional":true},"values":{"type":["list","string"],"description_kind":"plain","required":true}},"description_kind":"plain"}}},"description_kind":"plain"}},"ncloud_server_image":{"version":0,"block":{"attributes":{"base_block_storage_size":{"type":"string","description_kind":"plain","computed":true},"id":{"type":"string","description_kind":"plain","optional":true,"computed":true},"infra_resource_detail_type_code":{"type":"string","description_kind":"plain","optional":true,"computed":true},"infra_resource_type":{"type":"string","description_kind":"plain","computed":true},"os_information":{"type":"string","description_kind":"plain","computed":true},"platform_type":{"type":"string","description_kind":"plain","optional":true,"computed":true},"product_code":{"type":"string","description_kind":"plain","optional":true,"computed":true},"product_description":{"type":"string","description_kind":"plain","computed":true},"product_name":{"type":"string","description_kind":"plain","computed":true},"product_type":{"type":"string","description_kind":"plain","computed":true}},"block_types":{"filter":{"nesting_mode":"set","block":{"attributes":{"name":{"type":"string","description_kind":"plain","required":true},"regex":{"type":"bool","description_kind":"plain","optional":true},"values":{"type":["list","string"],"description_kind":"plain","required":true}},"description_kind":"plain"}}},"description_kind":"plain"}},"ncloud_server_image_numbers":{"version":0,"block":{"attributes":{"hypervisor_type":{"type":"string","description_kind":"plain","optional":true},"id":{"type":"string","description_kind":"plain","computed":true},"image_number_list":{"nested_type":{"attributes":{"block_storage_mapping_list":{"nested_type":{"attributes":{"block_storage_name":{"type":"string","description_kind":"plain","computed":true},"block_storage_size":{"type":"number","description_kind":"plain","computed":true},"block_storage_snapshot_instance_no":{"type":"number","description_kind":"plain","computed":true},"block_storage_snapshot_name":{"type":"string","description_kind":"plain","computed":true},"block_storage_volume_type":{"type":"string","description_kind":"plain","computed":true},"iops":{"type":"number","description_kind":"plain","computed":true},"is_encrypted_volume":{"type":"bool","description_kind":"plain","computed":true},"order":{"type":"number","description_kind":"plain","computed":true},"throughput":{"type":"number","description_kind":"plain","computed":true}},"nesting_mode":"list"},"description_kind":"plain","computed":true},"cpu_architecture_type":{"type":"string","description_kind":"plain","computed":true},"description":{"type":"string","description_kind":"plain","computed":true},"hypervisor_type":{"type":"string","description_kind":"plain","computed":true},"name":{"type":"string","description_kind":"plain","computed":true},"os_category_type":{"type":"string","description_kind":"plain","computed":true},"os_type":{"type":"string","description_kind":"plain","computed":true},"product_code":{"type":"string","description_kind":"plain","computed":true},"server_image_number":{"type":"string","description_kind":"plain","computed":true},"type":{"type":"string","description_kind":"plain","computed":true}},"nesting_mode":"list"},"description_kind":"plain","computed":true},"output_file":{"type":"string","description_kind":"plain","optional":true},"server_image_name":{"type":"string","description_kind":"plain","optional":true}},"block_types":{"filter":{"nesting_mode":"set","block":{"attributes":{"name":{"type":"string","description_kind":"plain","required":true},"regex":{"type":"bool","description_kind":"plain","optional":true},"values":{"type":["set","string"],"description_kind":"plain","required":true}},"description_kind":"plain"}}},"description_kind":"plain"}},"ncloud_server_images":{"version":0,"block":{"attributes":{"id":{"type":"string","description_kind":"plain","optional":true,"computed":true},"ids":{"type":["list","string"],"description_kind":"plain","computed":true},"infra_resource_detail_type_code":{"type":"string","description_kind":"plain","optional":true,"computed":true},"output_file":{"type":"string","description_kind":"plain","optional":true},"platform_type":{"type":"string","description_kind":"plain","optional":true,"computed":true},"product_code":{"type":"string","description_kind":"plain","optional":true,"computed":true},"server_images":{"type":["list",["object",{"base_block_storage_size":"string","id":"string","infra_resource_detail_type_code":"string","infra_resource_type":"string","os_information":"string","platform_type":"string","product_code":"string","product_description":"string","product_name":"string","product_type":"string"}]],"description_kind":"plain","computed":true}},"block_types":{"filter":{"nesting_mode":"set","block":{"attributes":{"name":{"type":"string","description_kind":"plain","required":true},"regex":{"type":"bool","description_kind":"plain","optional":true},"values":{"type":["list","string"],"description_kind":"plain","required":true}},"description_kind":"plain"}}},"description_kind":"plain"}},"ncloud_server_product":{"version":0,"block":{"attributes":{"base_block_storage_size":{"type":"string","description_kind":"plain","computed":true},"cpu_count":{"type":"number","description_kind":"plain","computed":true},"disk_type":{"type":"string","description_kind":"plain","computed":true},"exclusion_product_code":{"type":"string","description_kind":"plain","deprecated":true,"optional":true},"generation_code":{"type":"string","description_kind":"plain","computed":true},"id":{"type":"string","description_kind":"plain","optional":true,"computed":true},"infra_resource_type":{"type":"string","description_kind":"plain","computed":true},"memory_size":{"type":"string","description_kind":"plain","computed":true},"product_code":{"type":"string","description_kind":"plain","optional":true,"computed":true},"product_description":{"type":"string","description_kind":"plain","computed":true},"product_name":{"type":"string","description_kind":"plain","computed":true},"product_type":{"type":"string","description_kind":"plain","computed":true},"server_image_product_code":{"type":"string","description_kind":"plain","required":true},"zone":{"type":"string","description_kind":"plain","optional":true}},"block_types":{"filter":{"nesting_mode":"set","block":{"attributes":{"name":{"type":"string","description_kind":"plain","required":true},"regex":{"type":"bool","description_kind":"plain","optional":true},"values":{"type":["list","string"],"description_kind":"plain","required":true}},"description_kind":"plain"}}},"description_kind":"plain"}},"ncloud_server_products":{"version":0,"block":{"attributes":{"exclusion_product_code":{"type":"string","description_kind":"plain","deprecated":true,"optional":true},"id":{"type":"string","description_kind":"plain","optional":true,"computed":true},"ids":{"type":["list","string"],"description_kind":"plain","computed":true},"output_file":{"type":"string","description_kind":"plain","optional":true},"product_code":{"type":"string","description_kind":"plain","optional":true,"computed":true},"server_image_product_code":{"type":"string","description_kind":"plain","required":true},"server_products":{"type":["list",["object",{"base_block_storage_size":"string","cpu_count":"number","disk_type":"string","generation_code":"string","id":"string","infra_resource_type":"string","memory_size":"string","product_code":"string","product_description":"string","product_name":"string","product_type":"string","server_image_product_code":"string"}]],"description_kind":"plain","computed":true},"zone":{"type":"string","description_kind":"plain","optional":true}},"block_types":{"filter":{"nesting_mode":"set","block":{"attributes":{"name":{"type":"string","description_kind":"plain","required":true},"regex":{"type":"bool","description_kind":"plain","optional":true},"values":{"type":["list","string"],"description_kind":"plain","required":true}},"description_kind":"plain"}}},"description_kind":"plain"}},"ncloud_server_specs":{"version":0,"block":{"attributes":{"id":{"type":"string","description_kind":"plain","computed":true},"output_file":{"type":"string","description_kind":"plain","optional":true},"server_spec_list":{"nested_type":{"attributes":{"block_storage_max_count":{"type":"number","description_kind":"plain","computed":true},"block_storage_max_iops":{"type":"number","description_kind":"plain","computed":true},"block_storage_max_throughput":{"type":"number","description_kind":"plain","computed":true},"cpu_architecture_type":{"type":"string","description_kind":"plain","computed":true},"cpu_count":{"type":"number","description_kind":"plain","computed":true},"description":{"type":"string","description_kind":"plain","computed":true},"generation_code":{"type":"string","description_kind":"plain","computed":true},"gpu_count":{"type":"number","description_kind":"plain","computed":true},"hypervisor_type":{"type":"string","description_kind":"plain","computed":true},"memory_size":{"type":"number","description_kind":"plain","computed":true},"network_interface_max_count":{"type":"number","description_kind":"plain","computed":true},"network_performance":{"type":"number","description_kind":"plain","computed":true},"product_code":{"type":"string","description_kind":"plain","computed":true},"server_spec_code":{"type":"string","description_kind":"plain","computed":true}},"nesting_mode":"list"},"description_kind":"plain","computed":true}},"block_types":{"filter":{"nesting_mode":"set","block":{"attributes":{"name":{"type":"string","description_kind":"plain","required":true},"regex":{"type":"bool","description_kind":"plain","optional":true},"values":{"type":["set","string"],"description_kind":"plain","required":true}},"description_kind":"plain"}}},"description_kind":"plain"}},"ncloud_servers":{"version":0,"block":{"attributes":{"id":{"type":"string","description_kind":"plain","optional":true,"computed":true},"ids":{"type":["set","string"],"description_kind":"plain","optional":true,"computed":true}},"block_types":{"filter":{"nesting_mode":"set","block":{"attributes":{"name":{"type":"string","description_kind":"plain","required":true},"regex":{"type":"bool","description_kind":"plain","optional":true},"values":{"type":["list","string"],"description_kind":"plain","required":true}},"description_kind":"plain"}}},"description_kind":"plain"}},"ncloud_ses_cluster":{"version":0,"block":{"attributes":{"cluster_name":{"type":"string","description_kind":"plain","computed":true},"cluster_node_list":{"type":["list",["object",{"compute_instance_name":"string","compute_instance_no":"number","node_type":"string","private_ip":"string","server_status":"string","subnet":"string"}]],"description_kind":"plain","computed":true},"data_node":{"type":["list",["object",{"acg_id":"number","acg_name":"string","count":"number","product_code":"string","storage_size":"number","subnet_no":"number"}]],"description_kind":"plain","computed":true},"id":{"type":"string","description_kind":"plain","required":true},"login_key_name":{"type":"string","description_kind":"plain","computed":true},"manager_node":{"type":["list",["object",{"acg_id":"number","acg_name":"string","count":"number","is_dual_manager":"bool","product_code":"string","subnet_no":"number"}]],"description_kind":"plain","computed":true},"manager_node_instance_no_list":{"type":["list","number"],"description_kind":"plain","computed":true},"master_node":{"type":["list",["object",{"acg_id":"number","acg_name":"string","count":"number","product_code":"string","subnet_no":"number"}]],"description_kind":"plain","computed":true},"os_image_code":{"type":"string","description_kind":"plain","computed":true},"search_engine":{"type":["list",["object",{"dashboard_port":"string","port":"string","user_name":"string","version_code":"string"}]],"description_kind":"plain","computed":true},"service_group_instance_no":{"type":"string","description_kind":"plain","computed":true},"vpc_no":{"type":"number","description_kind":"plain","computed":true}},"description_kind":"plain"}},"ncloud_ses_clusters":{"version":0,"block":{"attributes":{"clusters":{"type":["list",["object",{"cluster_name":"string","id":"string","service_group_instance_no":"string"}]],"description_kind":"plain","computed":true},"id":{"type":"string","description_kind":"plain","optional":true,"computed":true}},"block_types":{"filter":{"nesting_mode":"set","block":{"attributes":{"name":{"type":"string","description_kind":"plain","required":true},"regex":{"type":"bool","description_kind":"plain","optional":true},"values":{"type":["list","string"],"description_kind":"plain","required":true}},"description_kind":"plain"}}},"description_kind":"plain"}},"ncloud_ses_node_os_images":{"version":0,"block":{"attributes":{"id":{"type":"string","description_kind":"plain","optional":true,"computed":true},"images":{"type":["list",["object",{"id":"string","name":"string"}]],"description_kind":"plain","computed":true}},"block_types":{"filter":{"nesting_mode":"set","block":{"attributes":{"name":{"type":"string","description_kind":"plain","required":true},"regex":{"type":"bool","description_kind":"plain","optional":true},"values":{"type":["list","string"],"description_kind":"plain","required":true}},"description_kind":"plain"}}},"description_kind":"plain"}},"ncloud_ses_node_products":{"version":0,"block":{"attributes":{"codes":{"type":["list",["object",{"cpu_count":"string","id":"string","memory_size":"string","name":"string"}]],"description_kind":"plain","computed":true},"id":{"type":"string","description_kind":"plain","optional":true,"computed":true},"os_image_code":{"type":"string","description_kind":"plain","required":true},"subnet_no":{"type":"number","description_kind":"plain","required":true}},"block_types":{"filter":{"nesting_mode":"set","block":{"attributes":{"name":{"type":"string","description_kind":"plain","required":true},"regex":{"type":"bool","description_kind":"plain","optional":true},"values":{"type":["list","string"],"description_kind":"plain","required":true}},"description_kind":"plain"}}},"description_kind":"plain"}},"ncloud_ses_versions":{"version":0,"block":{"attributes":{"id":{"type":"string","description_kind":"plain","optional":true,"computed":true},"versions":{"type":["list",["object",{"id":"string","name":"string","type":"string","version":"string"}]],"description_kind":"plain","computed":true}},"block_types":{"filter":{"nesting_mode":"set","block":{"attributes":{"name":{"type":"string","description_kind":"plain","required":true},"regex":{"type":"bool","description_kind":"plain","optional":true},"values":{"type":["list","string"],"description_kind":"plain","required":true}},"description_kind":"plain"}}},"description_kind":"plain"}},"ncloud_sourcebuild_project":{"version":0,"block":{"attributes":{"artifact":{"type":["list",["object",{"backup":"bool","object_storage_to_upload":["list",["object",{"bucket":"string","filename":"string","path":"string"}]],"path":["list","string"],"use":"bool"}]],"description_kind":"plain","computed":true},"build_command":{"type":["list",["object",{"docker_image_build":["list",["object",{"dockerfile":"string","image":"string","latest":"bool","registry":"string","tag":"string","use":"bool"}]],"in_build":["list","string"],"post_build":["list","string"],"pre_build":["list","string"]}]],"description_kind":"plain","computed":true},"build_image_upload":{"type":["list",["object",{"container_registry_name":"string","image_name":"string","latest":"bool","tag":"string","use":"bool"}]],"description_kind":"plain","computed":true},"created":{"type":["list",["object",{"timestamp":"number","user":"string"}]],"description_kind":"plain","computed":true},"description":{"type":"string","description_kind":"plain","computed":true},"env":{"type":["list",["object",{"compute":["list",["object",{"cpu":"number","id":"number","mem":"number"}]],"docker_engine":["list",["object",{"id":"number","name":"string","use":"bool"}]],"env_var":["list",["object",{"key":"string","value":"string"}]],"platform":["list",["object",{"config":["list",["object",{"image":"string","os":["list",["object",{"archi":"string","id":"number","name":"string","version":"string"}]],"registry":"string","runtime":["list",["object",{"id":"number","name":"string","version":["list",["object",{"id":"number","name":"string"}]]}]],"tag":"string"}]],"type":"string"}]],"timeout":"number"}]],"description_kind":"plain","computed":true},"id":{"type":"number","description_kind":"plain","required":true},"last_build":{"type":["list",["object",{"id":"string","status":"string","timestamp":"number"}]],"description_kind":"plain","computed":true},"linked":{"type":["list",["object",{"cloud_log_analytics":"bool","file_safer":"bool"}]],"description_kind":"plain","computed":true},"name":{"type":"string","description_kind":"plain","computed":true},"project_no":{"type":"number","description_kind":"plain","computed":true},"source":{"type":["list",["object",{"config":["list",["object",{"branch":"string","repository_name":"string"}]],"type":"string"}]],"description_kind":"plain","computed":true}},"description_kind":"plain"}},"ncloud_sourcebuild_project_computes":{"version":0,"block":{"attributes":{"computes":{"type":["list",["object",{"cpu":"number","id":"number","mem":"number"}]],"description_kind":"plain","computed":true},"id":{"type":"string","description_kind":"plain","optional":true,"computed":true}},"block_types":{"filter":{"nesting_mode":"set","block":{"attributes":{"name":{"type":"string","description_kind":"plain","required":true},"regex":{"type":"bool","description_kind":"plain","optional":true},"values":{"type":["list","string"],"description_kind":"plain","required":true}},"description_kind":"plain"}}},"description_kind":"plain"}},"ncloud_sourcebuild_project_docker_engines":{"version":0,"block":{"attributes":{"docker_engines":{"type":["list",["object",{"id":"number","name":"string"}]],"description_kind":"plain","computed":true},"id":{"type":"string","description_kind":"plain","optional":true,"computed":true}},"block_types":{"filter":{"nesting_mode":"set","block":{"attributes":{"name":{"type":"string","description_kind":"plain","required":true},"regex":{"type":"bool","description_kind":"plain","optional":true},"values":{"type":["list","string"],"description_kind":"plain","required":true}},"description_kind":"plain"}}},"description_kind":"plain"}},"ncloud_sourcebuild_project_os":{"version":0,"block":{"attributes":{"id":{"type":"string","description_kind":"plain","optional":true,"computed":true},"os":{"type":["list",["object",{"archi":"string","id":"number","name":"string","version":"string"}]],"description_kind":"plain","computed":true}},"block_types":{"filter":{"nesting_mode":"set","block":{"attributes":{"name":{"type":"string","description_kind":"plain","required":true},"regex":{"type":"bool","description_kind":"plain","optional":true},"values":{"type":["list","string"],"description_kind":"plain","required":true}},"description_kind":"plain"}}},"description_kind":"plain"}},"ncloud_sourcebuild_project_os_runtime_versions":{"version":0,"block":{"attributes":{"id":{"type":"string","description_kind":"plain","optional":true,"computed":true},"os_id":{"type":"number","description_kind":"plain","required":true},"runtime_id":{"type":"number","description_kind":"plain","required":true},"runtime_versions":{"type":["list",["object",{"id":"number","name":"string"}]],"description_kind":"plain","computed":true}},"block_types":{"filter":{"nesting_mode":"set","block":{"attributes":{"name":{"type":"string","description_kind":"plain","required":true},"regex":{"type":"bool","description_kind":"plain","optional":true},"values":{"type":["list","string"],"description_kind":"plain","required":true}},"description_kind":"plain"}}},"description_kind":"plain"}},"ncloud_sourcebuild_project_os_runtimes":{"version":0,"block":{"attributes":{"id":{"type":"string","description_kind":"plain","optional":true,"computed":true},"os_id":{"type":"number","description_kind":"plain","required":true},"runtimes":{"type":["list",["object",{"id":"number","name":"string"}]],"description_kind":"plain","computed":true}},"block_types":{"filter":{"nesting_mode":"set","block":{"attributes":{"name":{"type":"string","description_kind":"plain","required":true},"regex":{"type":"bool","description_kind":"plain","optional":true},"values":{"type":["list","string"],"description_kind":"plain","required":true}},"description_kind":"plain"}}},"description_kind":"plain"}},"ncloud_sourcebuild_projects":{"version":0,"block":{"attributes":{"id":{"type":"string","description_kind":"plain","optional":true,"computed":true},"project_name":{"type":"string","description_kind":"plain","optional":true},"projects":{"type":["list",["object",{"action_name":"string","id":"number","name":"string","permission":"string","project_no":"number"}]],"description_kind":"plain","computed":true}},"block_types":{"filter":{"nesting_mode":"set","block":{"attributes":{"name":{"type":"string","description_kind":"plain","required":true},"regex":{"type":"bool","description_kind":"plain","optional":true},"values":{"type":["list","string"],"description_kind":"plain","required":true}},"description_kind":"plain"}}},"description_kind":"plain"}},"ncloud_sourcecommit_repositories":{"version":0,"block":{"attributes":{"id":{"type":"string","description_kind":"plain","optional":true,"computed":true},"output_file":{"type":"string","description_kind":"plain","optional":true},"repositories":{"type":["list",["object",{"action_name":"string","id":"number","name":"string","permission":"string","repository_no":"number"}]],"description_kind":"plain","computed":true}},"block_types":{"filter":{"nesting_mode":"set","block":{"attributes":{"name":{"type":"string","description_kind":"plain","required":true},"regex":{"type":"bool","description_kind":"plain","optional":true},"values":{"type":["list","string"],"description_kind":"plain","required":true}},"description_kind":"plain"}}},"description_kind":"plain"}},"ncloud_sourcecommit_repository":{"version":0,"block":{"attributes":{"creator":{"type":"string","description_kind":"plain","computed":true},"description":{"type":"string","description_kind":"plain","computed":true},"file_safer":{"type":"bool","description_kind":"plain","computed":true},"git_https_url":{"type":"string","description_kind":"plain","computed":true},"git_ssh_url":{"type":"string","description_kind":"plain","computed":true},"id":{"type":"string","description_kind":"plain","optional":true,"computed":true},"name":{"type":"string","description_kind":"plain","required":true},"repository_no":{"type":"string","description_kind":"plain","computed":true}},"description_kind":"plain"}},"ncloud_sourcedeploy_project_stage":{"version":0,"block":{"attributes":{"config":{"type":["list",["object",{"auto_scaling_group_name":"string","auto_scaling_group_no":"number","bucket_name":"string","cluster_name":"string","cluster_uuid":"string","server":["list",["object",{"id":"string","name":"string"}]]}]],"description_kind":"plain","computed":true},"id":{"type":"number","description_kind":"plain","required":true},"name":{"type":"string","description_kind":"plain","computed":true},"project_id":{"type":"number","description_kind":"plain","required":true},"target_type":{"type":"string","description_kind":"plain","computed":true}},"description_kind":"plain"}},"ncloud_sourcedeploy_project_stage_scenario":{"version":0,"block":{"attributes":{"config":{"type":["list",["object",{"canary_config":["list",["object",{"analysis_config":["list",["object",{"delay":"number","duration":"number","interval":"number","step":"number"}]],"analysis_type":"string","canary_count":"number","env":["list",["object",{"baseline":"string","canary":"string"}]],"metrics":["list",["object",{"filter":"string","metric":"string","name":"string","query":"string","query_type":"string","success_criteria":"string","weight":"number"}]],"pass_score":"number","prometheus":"string","timeout":"number"}]],"deploy_command":["list",["object",{"path":["list",["object",{"deploy_path":"string","source_path":"string"}]],"post_deploy":["list",["object",{"command":"string","user":"string"}]],"pre_deploy":["list",["object",{"command":"string","user":"string"}]]}]],"file":["list",["object",{"object_storage":["list",["object",{"bucket":"string","object":"string"}]],"source_build":["list",["object",{"id":"number","name":"string"}]],"type":"string"}]],"load_balancer":["list",["object",{"delete_server":"bool","load_balancer_target_group_name":"string","load_balancer_target_group_no":"number"}]],"manifest":["list",["object",{"branch":"string","path":["list","string"],"repository_name":"string","type":"string"}]],"path":["list",["object",{"deploy_path":["list","string"],"source_path":["list","string"]}]],"rollback":"bool","strategy":"string"}]],"description_kind":"plain","computed":true},"description":{"type":"string","description_kind":"plain","computed":true},"id":{"type":"number","description_kind":"plain","required":true},"name":{"type":"string","description_kind":"plain","computed":true},"project_id":{"type":"number","description_kind":"plain","required":true},"stage_id":{"type":"number","description_kind":"plain","required":true}},"description_kind":"plain"}},"ncloud_sourcedeploy_project_stage_scenarios":{"version":0,"block":{"attributes":{"id":{"type":"string","description_kind":"plain","optional":true,"computed":true},"project_id":{"type":"number","description_kind":"plain","required":true},"scenarios":{"type":["list",["object",{"id":"number","name":"string"}]],"description_kind":"plain","computed":true},"stage_id":{"type":"number","description_kind":"plain","required":true}},"block_types":{"filter":{"nesting_mode":"set","block":{"attributes":{"name":{"type":"string","description_kind":"plain","required":true},"regex":{"type":"bool","description_kind":"plain","optional":true},"values":{"type":["list","string"],"description_kind":"plain","required":true}},"description_kind":"plain"}}},"description_kind":"plain"}},"ncloud_sourcedeploy_project_stages":{"version":0,"block":{"attributes":{"id":{"type":"string","description_kind":"plain","optional":true,"computed":true},"project_id":{"type":"number","description_kind":"plain","required":true},"stages":{"type":["list",["object",{"id":"number","name":"string"}]],"description_kind":"plain","computed":true}},"block_types":{"filter":{"nesting_mode":"set","block":{"attributes":{"name":{"type":"string","description_kind":"plain","required":true},"regex":{"type":"bool","description_kind":"plain","optional":true},"values":{"type":["list","string"],"description_kind":"plain","required":true}},"description_kind":"plain"}}},"description_kind":"plain"}},"ncloud_sourcedeploy_projects":{"version":0,"block":{"attributes":{"id":{"type":"string","description_kind":"plain","optional":true,"computed":true},"projects":{"type":["list",["object",{"id":"number","name":"string"}]],"description_kind":"plain","computed":true}},"block_types":{"filter":{"nesting_mode":"set","block":{"attributes":{"name":{"type":"string","description_kind":"plain","required":true},"regex":{"type":"bool","description_kind":"plain","optional":true},"values":{"type":["list","string"],"description_kind":"plain","required":true}},"description_kind":"plain"}}},"description_kind":"plain"}},"ncloud_sourcepipeline_project":{"version":0,"block":{"attributes":{"description":{"type":"string","description_kind":"plain","computed":true},"id":{"type":"number","description_kind":"plain","required":true},"name":{"type":"string","description_kind":"plain","computed":true},"task":{"type":["list",["object",{"config":["list",["object",{"project_id":"number","scenario_id":"number","stage_id":"number","target":["list",["object",{"file":"string","full_manifest":"string","manifest":"string","project_name":"string","repository_branch":"string","repository_name":"string","type":"string"}]]}]],"linked_tasks":["list","string"],"name":"string","type":"string"}]],"description_kind":"plain","computed":true},"triggers":{"type":["list",["object",{"repository":["list",["object",{"branch":"string","name":"string","type":"string"}]],"schedule":["list",["object",{"day":["list","string"],"execute_only_with_change":"bool","time":"string","timezone":"string"}]],"sourcepipeline":["list",["object",{"id":"number","name":"string"}]]}]],"description_kind":"plain","computed":true}},"description_kind":"plain"}},"ncloud_sourcepipeline_projects":{"version":0,"block":{"attributes":{"id":{"type":"string","description_kind":"plain","optional":true,"computed":true},"projects":{"type":["list",["object",{"id":"number","name":"string"}]],"description_kind":"plain","computed":true}},"block_types":{"filter":{"nesting_mode":"set","block":{"attributes":{"name":{"type":"string","description_kind":"plain","required":true},"regex":{"type":"bool","description_kind":"plain","optional":true},"values":{"type":["list","string"],"description_kind":"plain","required":true}},"description_kind":"plain"}}},"description_kind":"plain"}},"ncloud_sourcepipeline_trigger_timezone":{"version":0,"block":{"attributes":{"id":{"type":"string","description_kind":"plain","optional":true,"computed":true},"output_file":{"type":"string","description_kind":"plain","optional":true},"timezone":{"type":["list","string"],"description_kind":"plain","computed":true}},"description_kind":"plain"}},"ncloud_subnet":{"version":0,"block":{"attributes":{"id":{"type":"string","description_kind":"plain","optional":true,"computed":true},"name":{"type":"string","description_kind":"plain","computed":true},"network_acl_no":{"type":"string","description_kind":"plain","optional":true,"computed":true},"subnet":{"type":"string","description_kind":"plain","optional":true,"computed":true},"subnet_no":{"type":"string","description_kind":"plain","computed":true},"subnet_type":{"type":"string","description_kind":"plain","optional":true,"computed":true},"usage_type":{"type":"string","description_kind":"plain","optional":true,"computed":true},"vpc_no":{"type":"string","description_kind":"plain","optional":true,"computed":true},"zone":{"type":"string","description_kind":"plain","optional":true,"computed":true}},"block_types":{"filter":{"nesting_mode":"set","block":{"attributes":{"name":{"type":"string","description_kind":"plain","required":true},"regex":{"type":"bool","description_kind":"plain","optional":true},"values":{"type":["set","string"],"description_kind":"plain","required":true}},"description_kind":"plain"}}},"description_kind":"plain"}},"ncloud_subnets":{"version":0,"block":{"attributes":{"id":{"type":"string","description_kind":"plain","computed":true},"network_acl_no":{"type":"string","description":"Network ACL No. Get available values using the `default_network_acl_no` from Resource `ncloud_vpc` or Data source `data.ncloud_network_acls`.","description_kind":"plain","optional":true},"subnet":{"type":"string","description":"The CIDR block for the subnet.","description_kind":"plain","optional":true},"subnet_no":{"type":["list","string"],"description":"List of subnet ID to retrieve","description_kind":"plain","optional":true},"subnet_type":{"type":"string","description":"Internet Gateway Only. PUBLC(Yes/Public), PRIVATE(No/Private).","description_kind":"plain","optional":true},"usage_type":{"type":"string","description":"Usage type. GEN(Normal), LOADB(Load Balance), BM(BareMetal), NATGW(NAT Gateway). default : GEN(Normal).","description_kind":"plain","optional":true},"vpc_no":{"type":"string","description":"The VPC ID that you want to filter from","description_kind":"plain","optional":true},"zone":{"type":"string","description":"Available Zone. Get available values using the `data ncloud_zones`.","description_kind":"plain","optional":true}},"block_types":{"filter":{"nesting_mode":"set","block":{"attributes":{"name":{"type":"string","description_kind":"plain","required":true},"regex":{"type":"bool","description_kind":"plain","optional":true},"values":{"type":["set","string"],"description_kind":"plain","required":true}},"description_kind":"plain"}},"subnets":{"nesting_mode":"list","block":{"attributes":{"id":{"type":"string","description_kind":"plain","computed":true},"name":{"type":"string","description_kind":"plain","computed":true},"network_acl_no":{"type":"string","description_kind":"plain","computed":true},"subnet":{"type":"string","description_kind":"plain","computed":true},"subnet_no":{"type":"string","description_kind":"plain","computed":true},"subnet_type":{"type":"string","description_kind":"plain","computed":true},"usage_type":{"type":"string","description_kind":"plain","computed":true},"vpc_no":{"type":"string","description_kind":"plain","computed":true},"zone":{"type":"string","description_kind":"plain","computed":true}},"description_kind":"plain"}}},"description_kind":"plain"}},"ncloud_vpc":{"version":0,"block":{"attributes":{"default_access_control_group_no":{"type":"string","description_kind":"plain","computed":true},"default_network_acl_no":{"type":"string","description_kind":"plain","computed":true},"default_private_route_table_no":{"type":"string","description_kind":"plain","computed":true},"default_public_route_table_no":{"type":"string","description_kind":"plain","computed":true},"id":{"type":"string","description_kind":"plain","optional":true,"computed":true},"ipv4_cidr_block":{"type":"string","description_kind":"plain","computed":true},"name":{"type":"string","description_kind":"plain","optional":true,"computed":true},"vpc_no":{"type":"string","description_kind":"plain","computed":true}},"block_types":{"filter":{"nesting_mode":"set","block":{"attributes":{"name":{"type":"string","description_kind":"plain","required":true},"regex":{"type":"bool","description_kind":"plain","optional":true},"values":{"type":["set","string"],"description_kind":"plain","required":true}},"description_kind":"plain"}}},"description_kind":"plain"}},"ncloud_vpc_peering":{"version":0,"block":{"attributes":{"description":{"type":"string","description_kind":"plain","computed":true},"has_reverse_vpc_peering":{"type":"bool","description_kind":"plain","computed":true},"id":{"type":"string","description_kind":"plain","optional":true,"computed":true},"is_between_accounts":{"type":"bool","description_kind":"plain","computed":true},"name":{"type":"string","description_kind":"plain","optional":true,"computed":true},"source_vpc_name":{"type":"string","description_kind":"plain","optional":true,"computed":true},"source_vpc_no":{"type":"string","description_kind":"plain","computed":true},"target_vpc_login_id":{"type":"string","description_kind":"plain","computed":true},"target_vpc_name":{"type":"string","description_kind":"plain","optional":true,"computed":true},"target_vpc_no":{"type":"string","description_kind":"plain","computed":true},"vpc_peering_no":{"type":"string","description_kind":"plain","optional":true,"computed":true}},"block_types":{"filter":{"nesting_mode":"set","block":{"attributes":{"name":{"type":"string","description_kind":"plain","required":true},"regex":{"type":"bool","description_kind":"plain","optional":true},"values":{"type":["set","string"],"description_kind":"plain","required":true}},"description_kind":"plain"}}},"description_kind":"plain"}},"ncloud_vpcs":{"version":0,"block":{"attributes":{"id":{"type":"string","description_kind":"plain","computed":true},"name":{"type":"string","description_kind":"plain","optional":true},"vpc_no":{"type":"string","description_kind":"plain","optional":true}},"block_types":{"filter":{"nesting_mode":"set","block":{"attributes":{"name":{"type":"string","description_kind":"plain","required":true},"regex":{"type":"bool","description_kind":"plain","optional":true},"values":{"type":["set","string"],"description_kind":"plain","required":true}},"description_kind":"plain"}},"vpcs":{"nesting_mode":"list","block":{"attributes":{"default_access_control_group_no":{"type":"string","description_kind":"plain","computed":true},"default_network_acl_no":{"type":"string","description_kind":"plain","computed":true},"default_private_route_table_no":{"type":"string","description_kind":"plain","computed":true},"default_public_route_table_no":{"type":"string","description_kind":"plain","computed":true},"id":{"type":"string","description_kind":"plain","computed":true},"ipv4_cidr_block":{"type":"string","description_kind":"plain","computed":true},"name":{"type":"string","description_kind":"plain","computed":true},"vpc_no":{"type":"string","description_kind":"plain","computed":true}},"description_kind":"plain"}}},"description_kind":"plain"}},"ncloud_zones":{"version":0,"block":{"attributes":{"id":{"type":"string","description_kind":"plain","optional":true,"computed":true},"output_file":{"type":"string","description_kind":"plain","optional":true},"region":{"type":"string","description":"Region code. Get available values using the `data ncloud_regions`.","description_kind":"plain","optional":true},"zones":{"type":["list",["object",{"region_code":"string","region_no":"string","zone_code":"string","zone_description":"string","zone_name":"string","zone_no":"string"}]],"description_kind":"plain","computed":true}},"block_types":{"filter":{"nesting_mode":"set","block":{"attributes":{"name":{"type":"string","description_kind":"plain","required":true},"regex":{"type":"bool","description_kind":"plain","optional":true},"values":{"type":["list","string"],"description_kind":"plain","required":true}},"description_kind":"plain"}}},"description_kind":"plain"}}}}}}
